{
  "version": 4,
  "terraform_version": "1.5.5",
  "serial": 3181,
  "lineage": "63ee8d77-311f-d1a2-c845-26b3d0391f5c",
  "outputs": {},
  "resources": [
    {
      "mode": "data",
      "type": "aws_ami",
      "name": "amazon_linux",
      "provider": "provider[\"registry.terraform.io/hashicorp/aws\"]",
      "instances": [
        {
          "schema_version": 0,
          "attributes": {
            "architecture": "x86_64",
            "arn": "arn:aws:ec2:us-east-1::image/ami-051f7e7f6c2f40dc1",
            "block_device_mappings": [
              {
                "device_name": "/dev/xvda",
                "ebs": {
                  "delete_on_termination": "true",
                  "encrypted": "false",
                  "iops": "3000",
                  "snapshot_id": "snap-0df02886e131756ec",
                  "throughput": "125",
                  "volume_size": "8",
                  "volume_type": "gp3"
                },
                "no_device": "",
                "virtual_name": ""
              }
            ],
            "boot_mode": "uefi-preferred",
            "creation_date": "2023-08-25T00:29:49.000Z",
            "deprecation_time": "2023-11-23T00:30:00.000Z",
            "description": "Amazon Linux 2023 AMI 2023.1.20230825.0 x86_64 HVM kernel-6.1",
            "ena_support": true,
            "executable_users": null,
            "filter": [
              {
                "name": "name",
                "values": [
                  "al2023-ami-2023*x86_64"
                ]
              },
              {
                "name": "virtualization-type",
                "values": [
                  "hvm"
                ]
              }
            ],
            "hypervisor": "xen",
            "id": "ami-051f7e7f6c2f40dc1",
            "image_id": "ami-051f7e7f6c2f40dc1",
            "image_location": "amazon/al2023-ami-2023.1.20230825.0-kernel-6.1-x86_64",
            "image_owner_alias": "amazon",
            "image_type": "machine",
            "imds_support": "v2.0",
            "include_deprecated": false,
            "kernel_id": "",
            "most_recent": true,
            "name": "al2023-ami-2023.1.20230825.0-kernel-6.1-x86_64",
            "name_regex": null,
            "owner_id": "137112412989",
            "owners": [
              "amazon"
            ],
            "platform": "",
            "platform_details": "Linux/UNIX",
            "product_codes": [],
            "public": true,
            "ramdisk_id": "",
            "root_device_name": "/dev/xvda",
            "root_device_type": "ebs",
            "root_snapshot_id": "snap-0df02886e131756ec",
            "sriov_net_support": "simple",
            "state": "available",
            "state_reason": {
              "code": "UNSET",
              "message": "UNSET"
            },
            "tags": {},
            "timeouts": null,
            "tpm_support": "",
            "usage_operation": "RunInstances",
            "virtualization_type": "hvm"
          },
          "sensitive_attributes": []
        }
      ]
    },
    {
      "mode": "managed",
      "type": "aws_ami_from_instance",
      "name": "app-tier-ami",
      "provider": "provider[\"registry.terraform.io/hashicorp/aws\"]",
      "instances": [
        {
          "schema_version": 0,
          "attributes": {
            "architecture": "x86_64",
            "arn": "arn:aws:ec2:us-east-1::image/ami-03ad9340166b8d92c",
            "boot_mode": "uefi-preferred",
            "deprecation_time": "",
            "description": "App Tier AMI",
            "ebs_block_device": [
              {
                "delete_on_termination": true,
                "device_name": "/dev/xvda",
                "encrypted": false,
                "iops": 3000,
                "outpost_arn": "",
                "snapshot_id": "snap-082df9ec6a2fb9d26",
                "throughput": 125,
                "volume_size": 8,
                "volume_type": "gp3"
              }
            ],
            "ena_support": true,
            "ephemeral_block_device": [],
            "hypervisor": "xen",
            "id": "ami-03ad9340166b8d92c",
            "image_location": "526753475890/AppTier AMI",
            "image_owner_alias": "",
            "image_type": "machine",
            "imds_support": "v2.0",
            "kernel_id": "",
            "manage_ebs_snapshots": true,
            "name": "AppTier AMI",
            "owner_id": "526753475890",
            "platform": "",
            "platform_details": "Linux/UNIX",
            "public": false,
            "ramdisk_id": "",
            "root_device_name": "/dev/xvda",
            "root_snapshot_id": "snap-082df9ec6a2fb9d26",
            "snapshot_without_reboot": null,
            "source_instance_id": "i-07f3325458b0bd07f",
            "sriov_net_support": "simple",
            "tags": null,
            "tags_all": {},
            "timeouts": null,
            "tpm_support": "",
            "usage_operation": "RunInstances",
            "virtualization_type": "hvm"
          },
          "sensitive_attributes": [],
          "private": "eyJlMmJmYjczMC1lY2FhLTExZTYtOGY4OC0zNDM2M2JjN2M0YzAiOnsiY3JlYXRlIjoyNDAwMDAwMDAwMDAwLCJkZWxldGUiOjU0MDAwMDAwMDAwMDAsInVwZGF0ZSI6MjQwMDAwMDAwMDAwMH19",
          "dependencies": [
            "module.private-ec2-server.aws_instance.private_server"
          ],
          "create_before_destroy": true
        }
      ]
    },
    {
      "mode": "managed",
      "type": "aws_ami_from_instance",
      "name": "web-tier-ami",
      "provider": "provider[\"registry.terraform.io/hashicorp/aws\"]",
      "instances": [
        {
          "schema_version": 0,
          "attributes": {
            "architecture": "x86_64",
            "arn": "arn:aws:ec2:us-east-1::image/ami-0149f9172837cb260",
            "boot_mode": "uefi-preferred",
            "deprecation_time": "",
            "description": "Web Tier AMI",
            "ebs_block_device": [
              {
                "delete_on_termination": true,
                "device_name": "/dev/xvda",
                "encrypted": false,
                "iops": 3000,
                "outpost_arn": "",
                "snapshot_id": "snap-039f3b60240febb2d",
                "throughput": 125,
                "volume_size": 8,
                "volume_type": "gp3"
              }
            ],
            "ena_support": true,
            "ephemeral_block_device": [],
            "hypervisor": "xen",
            "id": "ami-0149f9172837cb260",
            "image_location": "526753475890/WebTier AMI",
            "image_owner_alias": "",
            "image_type": "machine",
            "imds_support": "v2.0",
            "kernel_id": "",
            "manage_ebs_snapshots": true,
            "name": "WebTier AMI",
            "owner_id": "526753475890",
            "platform": "",
            "platform_details": "Linux/UNIX",
            "public": false,
            "ramdisk_id": "",
            "root_device_name": "/dev/xvda",
            "root_snapshot_id": "snap-039f3b60240febb2d",
            "snapshot_without_reboot": null,
            "source_instance_id": "i-0ee211253c29dcbb7",
            "sriov_net_support": "simple",
            "tags": null,
            "tags_all": {},
            "timeouts": null,
            "tpm_support": "",
            "usage_operation": "RunInstances",
            "virtualization_type": "hvm"
          },
          "sensitive_attributes": [],
          "private": "eyJlMmJmYjczMC1lY2FhLTExZTYtOGY4OC0zNDM2M2JjN2M0YzAiOnsiY3JlYXRlIjoyNDAwMDAwMDAwMDAwLCJkZWxldGUiOjU0MDAwMDAwMDAwMDAsInVwZGF0ZSI6MjQwMDAwMDAwMDAwMH19",
          "dependencies": [
            "data.aws_ami.amazon_linux",
            "module.ec2-iam-role.aws_iam_instance_profile.this",
            "module.key-pair.aws_key_pair.key_pair_publicserver",
            "module.key-pair.tls_private_key.generated",
            "module.nginx-config.aws_s3_object.nginx_file",
            "module.nginx-config.data.template_file.nginx_config",
            "module.nginx-config.local_file.create_nginx_config_file",
            "module.private_alb.aws_lb.this",
            "module.private_alb.aws_security_group.this",
            "module.public-ec2-server.aws_instance.public_server",
            "module.s3_bucket.aws_s3_bucket.this",
            "module.s3_bucket.aws_s3_bucket_policy.this",
            "module.security-group.aws_security_group.private_alb_sg",
            "module.security-group.aws_security_group.ssh_access_sg",
            "module.security-group.aws_security_group.webtier_servers_sg",
            "module.vpc.aws_subnet.private_subnets",
            "module.vpc.aws_subnet.public_subnets",
            "module.vpc.aws_vpc.vpc",
            "module.vpc.data.aws_availability_zones.available"
          ],
          "create_before_destroy": true
        }
      ]
    },
    {
      "mode": "managed",
      "type": "aws_s3_object",
      "name": "webapp_code",
      "provider": "provider[\"registry.terraform.io/hashicorp/aws\"]",
      "instances": [
        {
          "index_key": "app-tier/DbConfig.js",
          "schema_version": 0,
          "attributes": {
            "acl": null,
            "bucket": "webapp-project-1e4e529b712a",
            "bucket_key_enabled": false,
            "cache_control": "",
            "content": null,
            "content_base64": null,
            "content_disposition": "",
            "content_encoding": "",
            "content_language": "",
            "content_type": "binary/octet-stream",
            "etag": "dfc50b11b84f41570a41587ed5e151c4",
            "force_destroy": false,
            "id": "app-tier/DbConfig.js",
            "key": "app-tier/DbConfig.js",
            "kms_key_id": null,
            "metadata": {},
            "object_lock_legal_hold_status": "",
            "object_lock_mode": "",
            "object_lock_retain_until_date": "",
            "server_side_encryption": "AES256",
            "source": "C:/Users/dveg7/OneDrive/Documentos/AWS/3 Tier Web App Project/aws-three-tier-web-architecture-workshop-main/application-code/app-tier/DbConfig.js",
            "source_hash": null,
            "storage_class": "STANDARD",
            "tags": {},
            "tags_all": {},
            "version_id": "",
            "website_redirect": ""
          },
          "sensitive_attributes": [],
          "private": "bnVsbA==",
          "dependencies": [
            "module.s3_bucket.aws_s3_bucket.this",
            "module.s3_bucket.aws_s3_bucket_policy.this",
            "module.s3_bucket.aws_s3_bucket_public_access_block.this",
            "module.s3_bucket.data.aws_caller_identity.current",
            "module.s3_bucket.data.aws_iam_policy_document.access_log_delivery",
            "module.s3_bucket.data.aws_iam_policy_document.combined",
            "module.s3_bucket.data.aws_iam_policy_document.deny_incorrect_encryption_headers",
            "module.s3_bucket.data.aws_iam_policy_document.deny_incorrect_kms_key_sse",
            "module.s3_bucket.data.aws_iam_policy_document.deny_insecure_transport",
            "module.s3_bucket.data.aws_iam_policy_document.deny_unencrypted_object_uploads",
            "module.s3_bucket.data.aws_iam_policy_document.elb_log_delivery",
            "module.s3_bucket.data.aws_iam_policy_document.inventory_and_analytics_destination_policy",
            "module.s3_bucket.data.aws_iam_policy_document.lb_log_delivery",
            "module.s3_bucket.data.aws_iam_policy_document.require_latest_tls",
            "module.s3_bucket.data.aws_partition.current",
            "module.s3_bucket.data.aws_region.current",
            "random_id.s3-bucket-id"
          ]
        },
        {
          "index_key": "app-tier/README.md",
          "schema_version": 0,
          "attributes": {
            "acl": null,
            "bucket": "webapp-project-1e4e529b712a",
            "bucket_key_enabled": false,
            "cache_control": "",
            "content": null,
            "content_base64": null,
            "content_disposition": "",
            "content_encoding": "",
            "content_language": "",
            "content_type": "binary/octet-stream",
            "etag": "280de7707f5d58418d25a5681c8b9ee7",
            "force_destroy": false,
            "id": "app-tier/README.md",
            "key": "app-tier/README.md",
            "kms_key_id": null,
            "metadata": {},
            "object_lock_legal_hold_status": "",
            "object_lock_mode": "",
            "object_lock_retain_until_date": "",
            "server_side_encryption": "AES256",
            "source": "C:/Users/dveg7/OneDrive/Documentos/AWS/3 Tier Web App Project/aws-three-tier-web-architecture-workshop-main/application-code/app-tier/README.md",
            "source_hash": null,
            "storage_class": "STANDARD",
            "tags": {},
            "tags_all": {},
            "version_id": "",
            "website_redirect": ""
          },
          "sensitive_attributes": [],
          "private": "bnVsbA==",
          "dependencies": [
            "module.s3_bucket.aws_s3_bucket.this",
            "module.s3_bucket.aws_s3_bucket_policy.this",
            "module.s3_bucket.aws_s3_bucket_public_access_block.this",
            "module.s3_bucket.data.aws_caller_identity.current",
            "module.s3_bucket.data.aws_iam_policy_document.access_log_delivery",
            "module.s3_bucket.data.aws_iam_policy_document.combined",
            "module.s3_bucket.data.aws_iam_policy_document.deny_incorrect_encryption_headers",
            "module.s3_bucket.data.aws_iam_policy_document.deny_incorrect_kms_key_sse",
            "module.s3_bucket.data.aws_iam_policy_document.deny_insecure_transport",
            "module.s3_bucket.data.aws_iam_policy_document.deny_unencrypted_object_uploads",
            "module.s3_bucket.data.aws_iam_policy_document.elb_log_delivery",
            "module.s3_bucket.data.aws_iam_policy_document.inventory_and_analytics_destination_policy",
            "module.s3_bucket.data.aws_iam_policy_document.lb_log_delivery",
            "module.s3_bucket.data.aws_iam_policy_document.require_latest_tls",
            "module.s3_bucket.data.aws_partition.current",
            "module.s3_bucket.data.aws_region.current",
            "random_id.s3-bucket-id"
          ]
        },
        {
          "index_key": "app-tier/TransactionService.js",
          "schema_version": 0,
          "attributes": {
            "acl": null,
            "bucket": "webapp-project-1e4e529b712a",
            "bucket_key_enabled": false,
            "cache_control": "",
            "content": null,
            "content_base64": null,
            "content_disposition": "",
            "content_encoding": "",
            "content_language": "",
            "content_type": "binary/octet-stream",
            "etag": "1213dabbcc1f15c07cb750271b2519a7",
            "force_destroy": false,
            "id": "app-tier/TransactionService.js",
            "key": "app-tier/TransactionService.js",
            "kms_key_id": null,
            "metadata": {},
            "object_lock_legal_hold_status": "",
            "object_lock_mode": "",
            "object_lock_retain_until_date": "",
            "server_side_encryption": "AES256",
            "source": "C:/Users/dveg7/OneDrive/Documentos/AWS/3 Tier Web App Project/aws-three-tier-web-architecture-workshop-main/application-code/app-tier/TransactionService.js",
            "source_hash": null,
            "storage_class": "STANDARD",
            "tags": {},
            "tags_all": {},
            "version_id": "",
            "website_redirect": ""
          },
          "sensitive_attributes": [],
          "private": "bnVsbA==",
          "dependencies": [
            "module.s3_bucket.aws_s3_bucket.this",
            "module.s3_bucket.aws_s3_bucket_policy.this",
            "module.s3_bucket.aws_s3_bucket_public_access_block.this",
            "module.s3_bucket.data.aws_caller_identity.current",
            "module.s3_bucket.data.aws_iam_policy_document.access_log_delivery",
            "module.s3_bucket.data.aws_iam_policy_document.combined",
            "module.s3_bucket.data.aws_iam_policy_document.deny_incorrect_encryption_headers",
            "module.s3_bucket.data.aws_iam_policy_document.deny_incorrect_kms_key_sse",
            "module.s3_bucket.data.aws_iam_policy_document.deny_insecure_transport",
            "module.s3_bucket.data.aws_iam_policy_document.deny_unencrypted_object_uploads",
            "module.s3_bucket.data.aws_iam_policy_document.elb_log_delivery",
            "module.s3_bucket.data.aws_iam_policy_document.inventory_and_analytics_destination_policy",
            "module.s3_bucket.data.aws_iam_policy_document.lb_log_delivery",
            "module.s3_bucket.data.aws_iam_policy_document.require_latest_tls",
            "module.s3_bucket.data.aws_partition.current",
            "module.s3_bucket.data.aws_region.current",
            "random_id.s3-bucket-id"
          ]
        },
        {
          "index_key": "app-tier/index.js",
          "schema_version": 0,
          "attributes": {
            "acl": null,
            "bucket": "webapp-project-1e4e529b712a",
            "bucket_key_enabled": false,
            "cache_control": "",
            "content": null,
            "content_base64": null,
            "content_disposition": "",
            "content_encoding": "",
            "content_language": "",
            "content_type": "binary/octet-stream",
            "etag": "553faa10a98546ab1be409d624f55daa",
            "force_destroy": false,
            "id": "app-tier/index.js",
            "key": "app-tier/index.js",
            "kms_key_id": null,
            "metadata": {},
            "object_lock_legal_hold_status": "",
            "object_lock_mode": "",
            "object_lock_retain_until_date": "",
            "server_side_encryption": "AES256",
            "source": "C:/Users/dveg7/OneDrive/Documentos/AWS/3 Tier Web App Project/aws-three-tier-web-architecture-workshop-main/application-code/app-tier/index.js",
            "source_hash": null,
            "storage_class": "STANDARD",
            "tags": {},
            "tags_all": {},
            "version_id": "",
            "website_redirect": ""
          },
          "sensitive_attributes": [],
          "private": "bnVsbA==",
          "dependencies": [
            "module.s3_bucket.aws_s3_bucket.this",
            "module.s3_bucket.aws_s3_bucket_policy.this",
            "module.s3_bucket.aws_s3_bucket_public_access_block.this",
            "module.s3_bucket.data.aws_caller_identity.current",
            "module.s3_bucket.data.aws_iam_policy_document.access_log_delivery",
            "module.s3_bucket.data.aws_iam_policy_document.combined",
            "module.s3_bucket.data.aws_iam_policy_document.deny_incorrect_encryption_headers",
            "module.s3_bucket.data.aws_iam_policy_document.deny_incorrect_kms_key_sse",
            "module.s3_bucket.data.aws_iam_policy_document.deny_insecure_transport",
            "module.s3_bucket.data.aws_iam_policy_document.deny_unencrypted_object_uploads",
            "module.s3_bucket.data.aws_iam_policy_document.elb_log_delivery",
            "module.s3_bucket.data.aws_iam_policy_document.inventory_and_analytics_destination_policy",
            "module.s3_bucket.data.aws_iam_policy_document.lb_log_delivery",
            "module.s3_bucket.data.aws_iam_policy_document.require_latest_tls",
            "module.s3_bucket.data.aws_partition.current",
            "module.s3_bucket.data.aws_region.current",
            "random_id.s3-bucket-id"
          ]
        },
        {
          "index_key": "app-tier/package-lock.json",
          "schema_version": 0,
          "attributes": {
            "acl": null,
            "bucket": "webapp-project-1e4e529b712a",
            "bucket_key_enabled": false,
            "cache_control": "",
            "content": null,
            "content_base64": null,
            "content_disposition": "",
            "content_encoding": "",
            "content_language": "",
            "content_type": "binary/octet-stream",
            "etag": "de337eaf0baaae23fba4c7ee2e1d805b",
            "force_destroy": false,
            "id": "app-tier/package-lock.json",
            "key": "app-tier/package-lock.json",
            "kms_key_id": null,
            "metadata": {},
            "object_lock_legal_hold_status": "",
            "object_lock_mode": "",
            "object_lock_retain_until_date": "",
            "server_side_encryption": "AES256",
            "source": "C:/Users/dveg7/OneDrive/Documentos/AWS/3 Tier Web App Project/aws-three-tier-web-architecture-workshop-main/application-code/app-tier/package-lock.json",
            "source_hash": null,
            "storage_class": "STANDARD",
            "tags": {},
            "tags_all": {},
            "version_id": "",
            "website_redirect": ""
          },
          "sensitive_attributes": [],
          "private": "bnVsbA==",
          "dependencies": [
            "module.s3_bucket.aws_s3_bucket.this",
            "module.s3_bucket.aws_s3_bucket_policy.this",
            "module.s3_bucket.aws_s3_bucket_public_access_block.this",
            "module.s3_bucket.data.aws_caller_identity.current",
            "module.s3_bucket.data.aws_iam_policy_document.access_log_delivery",
            "module.s3_bucket.data.aws_iam_policy_document.combined",
            "module.s3_bucket.data.aws_iam_policy_document.deny_incorrect_encryption_headers",
            "module.s3_bucket.data.aws_iam_policy_document.deny_incorrect_kms_key_sse",
            "module.s3_bucket.data.aws_iam_policy_document.deny_insecure_transport",
            "module.s3_bucket.data.aws_iam_policy_document.deny_unencrypted_object_uploads",
            "module.s3_bucket.data.aws_iam_policy_document.elb_log_delivery",
            "module.s3_bucket.data.aws_iam_policy_document.inventory_and_analytics_destination_policy",
            "module.s3_bucket.data.aws_iam_policy_document.lb_log_delivery",
            "module.s3_bucket.data.aws_iam_policy_document.require_latest_tls",
            "module.s3_bucket.data.aws_partition.current",
            "module.s3_bucket.data.aws_region.current",
            "random_id.s3-bucket-id"
          ]
        },
        {
          "index_key": "app-tier/package.json",
          "schema_version": 0,
          "attributes": {
            "acl": null,
            "bucket": "webapp-project-1e4e529b712a",
            "bucket_key_enabled": false,
            "cache_control": "",
            "content": null,
            "content_base64": null,
            "content_disposition": "",
            "content_encoding": "",
            "content_language": "",
            "content_type": "binary/octet-stream",
            "etag": "c0cbc5a4b025681e0ea680749c8aca5c",
            "force_destroy": false,
            "id": "app-tier/package.json",
            "key": "app-tier/package.json",
            "kms_key_id": null,
            "metadata": {},
            "object_lock_legal_hold_status": "",
            "object_lock_mode": "",
            "object_lock_retain_until_date": "",
            "server_side_encryption": "AES256",
            "source": "C:/Users/dveg7/OneDrive/Documentos/AWS/3 Tier Web App Project/aws-three-tier-web-architecture-workshop-main/application-code/app-tier/package.json",
            "source_hash": null,
            "storage_class": "STANDARD",
            "tags": {},
            "tags_all": {},
            "version_id": "",
            "website_redirect": ""
          },
          "sensitive_attributes": [],
          "private": "bnVsbA==",
          "dependencies": [
            "module.s3_bucket.aws_s3_bucket.this",
            "module.s3_bucket.aws_s3_bucket_policy.this",
            "module.s3_bucket.aws_s3_bucket_public_access_block.this",
            "module.s3_bucket.data.aws_caller_identity.current",
            "module.s3_bucket.data.aws_iam_policy_document.access_log_delivery",
            "module.s3_bucket.data.aws_iam_policy_document.combined",
            "module.s3_bucket.data.aws_iam_policy_document.deny_incorrect_encryption_headers",
            "module.s3_bucket.data.aws_iam_policy_document.deny_incorrect_kms_key_sse",
            "module.s3_bucket.data.aws_iam_policy_document.deny_insecure_transport",
            "module.s3_bucket.data.aws_iam_policy_document.deny_unencrypted_object_uploads",
            "module.s3_bucket.data.aws_iam_policy_document.elb_log_delivery",
            "module.s3_bucket.data.aws_iam_policy_document.inventory_and_analytics_destination_policy",
            "module.s3_bucket.data.aws_iam_policy_document.lb_log_delivery",
            "module.s3_bucket.data.aws_iam_policy_document.require_latest_tls",
            "module.s3_bucket.data.aws_partition.current",
            "module.s3_bucket.data.aws_region.current",
            "random_id.s3-bucket-id"
          ]
        },
        {
          "index_key": "web-tier/README.md",
          "schema_version": 0,
          "attributes": {
            "acl": null,
            "bucket": "webapp-project-1e4e529b712a",
            "bucket_key_enabled": false,
            "cache_control": "",
            "content": null,
            "content_base64": null,
            "content_disposition": "",
            "content_encoding": "",
            "content_language": "",
            "content_type": "binary/octet-stream",
            "etag": "634caf76f9be2683fa3e78692b6102a9",
            "force_destroy": false,
            "id": "web-tier/README.md",
            "key": "web-tier/README.md",
            "kms_key_id": null,
            "metadata": {},
            "object_lock_legal_hold_status": "",
            "object_lock_mode": "",
            "object_lock_retain_until_date": "",
            "server_side_encryption": "AES256",
            "source": "C:/Users/dveg7/OneDrive/Documentos/AWS/3 Tier Web App Project/aws-three-tier-web-architecture-workshop-main/application-code/web-tier/README.md",
            "source_hash": null,
            "storage_class": "STANDARD",
            "tags": {},
            "tags_all": {},
            "version_id": "",
            "website_redirect": ""
          },
          "sensitive_attributes": [],
          "private": "bnVsbA==",
          "dependencies": [
            "module.s3_bucket.aws_s3_bucket.this",
            "module.s3_bucket.aws_s3_bucket_policy.this",
            "module.s3_bucket.aws_s3_bucket_public_access_block.this",
            "module.s3_bucket.data.aws_caller_identity.current",
            "module.s3_bucket.data.aws_iam_policy_document.access_log_delivery",
            "module.s3_bucket.data.aws_iam_policy_document.combined",
            "module.s3_bucket.data.aws_iam_policy_document.deny_incorrect_encryption_headers",
            "module.s3_bucket.data.aws_iam_policy_document.deny_incorrect_kms_key_sse",
            "module.s3_bucket.data.aws_iam_policy_document.deny_insecure_transport",
            "module.s3_bucket.data.aws_iam_policy_document.deny_unencrypted_object_uploads",
            "module.s3_bucket.data.aws_iam_policy_document.elb_log_delivery",
            "module.s3_bucket.data.aws_iam_policy_document.inventory_and_analytics_destination_policy",
            "module.s3_bucket.data.aws_iam_policy_document.lb_log_delivery",
            "module.s3_bucket.data.aws_iam_policy_document.require_latest_tls",
            "module.s3_bucket.data.aws_partition.current",
            "module.s3_bucket.data.aws_region.current",
            "random_id.s3-bucket-id"
          ]
        },
        {
          "index_key": "web-tier/package.json",
          "schema_version": 0,
          "attributes": {
            "acl": null,
            "bucket": "webapp-project-1e4e529b712a",
            "bucket_key_enabled": false,
            "cache_control": "",
            "content": null,
            "content_base64": null,
            "content_disposition": "",
            "content_encoding": "",
            "content_language": "",
            "content_type": "binary/octet-stream",
            "etag": "70e310ad29263e9b405bc42dc1e6e915",
            "force_destroy": false,
            "id": "web-tier/package.json",
            "key": "web-tier/package.json",
            "kms_key_id": null,
            "metadata": {},
            "object_lock_legal_hold_status": "",
            "object_lock_mode": "",
            "object_lock_retain_until_date": "",
            "server_side_encryption": "AES256",
            "source": "C:/Users/dveg7/OneDrive/Documentos/AWS/3 Tier Web App Project/aws-three-tier-web-architecture-workshop-main/application-code/web-tier/package.json",
            "source_hash": null,
            "storage_class": "STANDARD",
            "tags": {},
            "tags_all": {},
            "version_id": "",
            "website_redirect": ""
          },
          "sensitive_attributes": [],
          "private": "bnVsbA==",
          "dependencies": [
            "module.s3_bucket.aws_s3_bucket.this",
            "module.s3_bucket.aws_s3_bucket_policy.this",
            "module.s3_bucket.aws_s3_bucket_public_access_block.this",
            "module.s3_bucket.data.aws_caller_identity.current",
            "module.s3_bucket.data.aws_iam_policy_document.access_log_delivery",
            "module.s3_bucket.data.aws_iam_policy_document.combined",
            "module.s3_bucket.data.aws_iam_policy_document.deny_incorrect_encryption_headers",
            "module.s3_bucket.data.aws_iam_policy_document.deny_incorrect_kms_key_sse",
            "module.s3_bucket.data.aws_iam_policy_document.deny_insecure_transport",
            "module.s3_bucket.data.aws_iam_policy_document.deny_unencrypted_object_uploads",
            "module.s3_bucket.data.aws_iam_policy_document.elb_log_delivery",
            "module.s3_bucket.data.aws_iam_policy_document.inventory_and_analytics_destination_policy",
            "module.s3_bucket.data.aws_iam_policy_document.lb_log_delivery",
            "module.s3_bucket.data.aws_iam_policy_document.require_latest_tls",
            "module.s3_bucket.data.aws_partition.current",
            "module.s3_bucket.data.aws_region.current",
            "random_id.s3-bucket-id"
          ]
        },
        {
          "index_key": "web-tier/public/index.html",
          "schema_version": 0,
          "attributes": {
            "acl": null,
            "bucket": "webapp-project-1e4e529b712a",
            "bucket_key_enabled": false,
            "cache_control": "",
            "content": null,
            "content_base64": null,
            "content_disposition": "",
            "content_encoding": "",
            "content_language": "",
            "content_type": "binary/octet-stream",
            "etag": "b5f331b29d3261f982ee1646d16cc195",
            "force_destroy": false,
            "id": "web-tier/public/index.html",
            "key": "web-tier/public/index.html",
            "kms_key_id": null,
            "metadata": {},
            "object_lock_legal_hold_status": "",
            "object_lock_mode": "",
            "object_lock_retain_until_date": "",
            "server_side_encryption": "AES256",
            "source": "C:/Users/dveg7/OneDrive/Documentos/AWS/3 Tier Web App Project/aws-three-tier-web-architecture-workshop-main/application-code/web-tier/public/index.html",
            "source_hash": null,
            "storage_class": "STANDARD",
            "tags": {},
            "tags_all": {},
            "version_id": "",
            "website_redirect": ""
          },
          "sensitive_attributes": [],
          "private": "bnVsbA==",
          "dependencies": [
            "module.s3_bucket.aws_s3_bucket.this",
            "module.s3_bucket.aws_s3_bucket_policy.this",
            "module.s3_bucket.aws_s3_bucket_public_access_block.this",
            "module.s3_bucket.data.aws_caller_identity.current",
            "module.s3_bucket.data.aws_iam_policy_document.access_log_delivery",
            "module.s3_bucket.data.aws_iam_policy_document.combined",
            "module.s3_bucket.data.aws_iam_policy_document.deny_incorrect_encryption_headers",
            "module.s3_bucket.data.aws_iam_policy_document.deny_incorrect_kms_key_sse",
            "module.s3_bucket.data.aws_iam_policy_document.deny_insecure_transport",
            "module.s3_bucket.data.aws_iam_policy_document.deny_unencrypted_object_uploads",
            "module.s3_bucket.data.aws_iam_policy_document.elb_log_delivery",
            "module.s3_bucket.data.aws_iam_policy_document.inventory_and_analytics_destination_policy",
            "module.s3_bucket.data.aws_iam_policy_document.lb_log_delivery",
            "module.s3_bucket.data.aws_iam_policy_document.require_latest_tls",
            "module.s3_bucket.data.aws_partition.current",
            "module.s3_bucket.data.aws_region.current",
            "random_id.s3-bucket-id"
          ]
        },
        {
          "index_key": "web-tier/public/robots.txt",
          "schema_version": 0,
          "attributes": {
            "acl": null,
            "bucket": "webapp-project-1e4e529b712a",
            "bucket_key_enabled": false,
            "cache_control": "",
            "content": null,
            "content_base64": null,
            "content_disposition": "",
            "content_encoding": "",
            "content_language": "",
            "content_type": "binary/octet-stream",
            "etag": "fa1ded1ed7c11438a9b0385b1e112850",
            "force_destroy": false,
            "id": "web-tier/public/robots.txt",
            "key": "web-tier/public/robots.txt",
            "kms_key_id": null,
            "metadata": {},
            "object_lock_legal_hold_status": "",
            "object_lock_mode": "",
            "object_lock_retain_until_date": "",
            "server_side_encryption": "AES256",
            "source": "C:/Users/dveg7/OneDrive/Documentos/AWS/3 Tier Web App Project/aws-three-tier-web-architecture-workshop-main/application-code/web-tier/public/robots.txt",
            "source_hash": null,
            "storage_class": "STANDARD",
            "tags": {},
            "tags_all": {},
            "version_id": "",
            "website_redirect": ""
          },
          "sensitive_attributes": [],
          "private": "bnVsbA==",
          "dependencies": [
            "module.s3_bucket.aws_s3_bucket.this",
            "module.s3_bucket.aws_s3_bucket_policy.this",
            "module.s3_bucket.aws_s3_bucket_public_access_block.this",
            "module.s3_bucket.data.aws_caller_identity.current",
            "module.s3_bucket.data.aws_iam_policy_document.access_log_delivery",
            "module.s3_bucket.data.aws_iam_policy_document.combined",
            "module.s3_bucket.data.aws_iam_policy_document.deny_incorrect_encryption_headers",
            "module.s3_bucket.data.aws_iam_policy_document.deny_incorrect_kms_key_sse",
            "module.s3_bucket.data.aws_iam_policy_document.deny_insecure_transport",
            "module.s3_bucket.data.aws_iam_policy_document.deny_unencrypted_object_uploads",
            "module.s3_bucket.data.aws_iam_policy_document.elb_log_delivery",
            "module.s3_bucket.data.aws_iam_policy_document.inventory_and_analytics_destination_policy",
            "module.s3_bucket.data.aws_iam_policy_document.lb_log_delivery",
            "module.s3_bucket.data.aws_iam_policy_document.require_latest_tls",
            "module.s3_bucket.data.aws_partition.current",
            "module.s3_bucket.data.aws_region.current",
            "random_id.s3-bucket-id"
          ]
        },
        {
          "index_key": "web-tier/src/.DS_Store",
          "schema_version": 0,
          "attributes": {
            "acl": null,
            "bucket": "webapp-project-1e4e529b712a",
            "bucket_key_enabled": false,
            "cache_control": "",
            "content": null,
            "content_base64": null,
            "content_disposition": "",
            "content_encoding": "",
            "content_language": "",
            "content_type": "binary/octet-stream",
            "etag": "043538f594b20af06afac65638c12244",
            "force_destroy": false,
            "id": "web-tier/src/.DS_Store",
            "key": "web-tier/src/.DS_Store",
            "kms_key_id": null,
            "metadata": {},
            "object_lock_legal_hold_status": "",
            "object_lock_mode": "",
            "object_lock_retain_until_date": "",
            "server_side_encryption": "AES256",
            "source": "C:/Users/dveg7/OneDrive/Documentos/AWS/3 Tier Web App Project/aws-three-tier-web-architecture-workshop-main/application-code/web-tier/src/.DS_Store",
            "source_hash": null,
            "storage_class": "STANDARD",
            "tags": {},
            "tags_all": {},
            "version_id": "",
            "website_redirect": ""
          },
          "sensitive_attributes": [],
          "private": "bnVsbA==",
          "dependencies": [
            "module.s3_bucket.aws_s3_bucket.this",
            "module.s3_bucket.aws_s3_bucket_policy.this",
            "module.s3_bucket.aws_s3_bucket_public_access_block.this",
            "module.s3_bucket.data.aws_caller_identity.current",
            "module.s3_bucket.data.aws_iam_policy_document.access_log_delivery",
            "module.s3_bucket.data.aws_iam_policy_document.combined",
            "module.s3_bucket.data.aws_iam_policy_document.deny_incorrect_encryption_headers",
            "module.s3_bucket.data.aws_iam_policy_document.deny_incorrect_kms_key_sse",
            "module.s3_bucket.data.aws_iam_policy_document.deny_insecure_transport",
            "module.s3_bucket.data.aws_iam_policy_document.deny_unencrypted_object_uploads",
            "module.s3_bucket.data.aws_iam_policy_document.elb_log_delivery",
            "module.s3_bucket.data.aws_iam_policy_document.inventory_and_analytics_destination_policy",
            "module.s3_bucket.data.aws_iam_policy_document.lb_log_delivery",
            "module.s3_bucket.data.aws_iam_policy_document.require_latest_tls",
            "module.s3_bucket.data.aws_partition.current",
            "module.s3_bucket.data.aws_region.current",
            "random_id.s3-bucket-id"
          ]
        },
        {
          "index_key": "web-tier/src/App.css",
          "schema_version": 0,
          "attributes": {
            "acl": null,
            "bucket": "webapp-project-1e4e529b712a",
            "bucket_key_enabled": false,
            "cache_control": "",
            "content": null,
            "content_base64": null,
            "content_disposition": "",
            "content_encoding": "",
            "content_language": "",
            "content_type": "binary/octet-stream",
            "etag": "2651f2265d6613947b1cc23282b21735",
            "force_destroy": false,
            "id": "web-tier/src/App.css",
            "key": "web-tier/src/App.css",
            "kms_key_id": null,
            "metadata": {},
            "object_lock_legal_hold_status": "",
            "object_lock_mode": "",
            "object_lock_retain_until_date": "",
            "server_side_encryption": "AES256",
            "source": "C:/Users/dveg7/OneDrive/Documentos/AWS/3 Tier Web App Project/aws-three-tier-web-architecture-workshop-main/application-code/web-tier/src/App.css",
            "source_hash": null,
            "storage_class": "STANDARD",
            "tags": {},
            "tags_all": {},
            "version_id": "",
            "website_redirect": ""
          },
          "sensitive_attributes": [],
          "private": "bnVsbA==",
          "dependencies": [
            "module.s3_bucket.aws_s3_bucket.this",
            "module.s3_bucket.aws_s3_bucket_policy.this",
            "module.s3_bucket.aws_s3_bucket_public_access_block.this",
            "module.s3_bucket.data.aws_caller_identity.current",
            "module.s3_bucket.data.aws_iam_policy_document.access_log_delivery",
            "module.s3_bucket.data.aws_iam_policy_document.combined",
            "module.s3_bucket.data.aws_iam_policy_document.deny_incorrect_encryption_headers",
            "module.s3_bucket.data.aws_iam_policy_document.deny_incorrect_kms_key_sse",
            "module.s3_bucket.data.aws_iam_policy_document.deny_insecure_transport",
            "module.s3_bucket.data.aws_iam_policy_document.deny_unencrypted_object_uploads",
            "module.s3_bucket.data.aws_iam_policy_document.elb_log_delivery",
            "module.s3_bucket.data.aws_iam_policy_document.inventory_and_analytics_destination_policy",
            "module.s3_bucket.data.aws_iam_policy_document.lb_log_delivery",
            "module.s3_bucket.data.aws_iam_policy_document.require_latest_tls",
            "module.s3_bucket.data.aws_partition.current",
            "module.s3_bucket.data.aws_region.current",
            "random_id.s3-bucket-id"
          ]
        },
        {
          "index_key": "web-tier/src/App.js",
          "schema_version": 0,
          "attributes": {
            "acl": null,
            "bucket": "webapp-project-1e4e529b712a",
            "bucket_key_enabled": false,
            "cache_control": "",
            "content": null,
            "content_base64": null,
            "content_disposition": "",
            "content_encoding": "",
            "content_language": "",
            "content_type": "binary/octet-stream",
            "etag": "b2622b95a1e7fc053e4e75c11ce41db7",
            "force_destroy": false,
            "id": "web-tier/src/App.js",
            "key": "web-tier/src/App.js",
            "kms_key_id": null,
            "metadata": {},
            "object_lock_legal_hold_status": "",
            "object_lock_mode": "",
            "object_lock_retain_until_date": "",
            "server_side_encryption": "AES256",
            "source": "C:/Users/dveg7/OneDrive/Documentos/AWS/3 Tier Web App Project/aws-three-tier-web-architecture-workshop-main/application-code/web-tier/src/App.js",
            "source_hash": null,
            "storage_class": "STANDARD",
            "tags": {},
            "tags_all": {},
            "version_id": "",
            "website_redirect": ""
          },
          "sensitive_attributes": [],
          "private": "bnVsbA==",
          "dependencies": [
            "module.s3_bucket.aws_s3_bucket.this",
            "module.s3_bucket.aws_s3_bucket_policy.this",
            "module.s3_bucket.aws_s3_bucket_public_access_block.this",
            "module.s3_bucket.data.aws_caller_identity.current",
            "module.s3_bucket.data.aws_iam_policy_document.access_log_delivery",
            "module.s3_bucket.data.aws_iam_policy_document.combined",
            "module.s3_bucket.data.aws_iam_policy_document.deny_incorrect_encryption_headers",
            "module.s3_bucket.data.aws_iam_policy_document.deny_incorrect_kms_key_sse",
            "module.s3_bucket.data.aws_iam_policy_document.deny_insecure_transport",
            "module.s3_bucket.data.aws_iam_policy_document.deny_unencrypted_object_uploads",
            "module.s3_bucket.data.aws_iam_policy_document.elb_log_delivery",
            "module.s3_bucket.data.aws_iam_policy_document.inventory_and_analytics_destination_policy",
            "module.s3_bucket.data.aws_iam_policy_document.lb_log_delivery",
            "module.s3_bucket.data.aws_iam_policy_document.require_latest_tls",
            "module.s3_bucket.data.aws_partition.current",
            "module.s3_bucket.data.aws_region.current",
            "random_id.s3-bucket-id"
          ]
        },
        {
          "index_key": "web-tier/src/App.test.js",
          "schema_version": 0,
          "attributes": {
            "acl": null,
            "bucket": "webapp-project-1e4e529b712a",
            "bucket_key_enabled": false,
            "cache_control": "",
            "content": null,
            "content_base64": null,
            "content_disposition": "",
            "content_encoding": "",
            "content_language": "",
            "content_type": "binary/octet-stream",
            "etag": "d18ac434afb00158b91831ac1e36c491",
            "force_destroy": false,
            "id": "web-tier/src/App.test.js",
            "key": "web-tier/src/App.test.js",
            "kms_key_id": null,
            "metadata": {},
            "object_lock_legal_hold_status": "",
            "object_lock_mode": "",
            "object_lock_retain_until_date": "",
            "server_side_encryption": "AES256",
            "source": "C:/Users/dveg7/OneDrive/Documentos/AWS/3 Tier Web App Project/aws-three-tier-web-architecture-workshop-main/application-code/web-tier/src/App.test.js",
            "source_hash": null,
            "storage_class": "STANDARD",
            "tags": {},
            "tags_all": {},
            "version_id": "",
            "website_redirect": ""
          },
          "sensitive_attributes": [],
          "private": "bnVsbA==",
          "dependencies": [
            "module.s3_bucket.aws_s3_bucket.this",
            "module.s3_bucket.aws_s3_bucket_policy.this",
            "module.s3_bucket.aws_s3_bucket_public_access_block.this",
            "module.s3_bucket.data.aws_caller_identity.current",
            "module.s3_bucket.data.aws_iam_policy_document.access_log_delivery",
            "module.s3_bucket.data.aws_iam_policy_document.combined",
            "module.s3_bucket.data.aws_iam_policy_document.deny_incorrect_encryption_headers",
            "module.s3_bucket.data.aws_iam_policy_document.deny_incorrect_kms_key_sse",
            "module.s3_bucket.data.aws_iam_policy_document.deny_insecure_transport",
            "module.s3_bucket.data.aws_iam_policy_document.deny_unencrypted_object_uploads",
            "module.s3_bucket.data.aws_iam_policy_document.elb_log_delivery",
            "module.s3_bucket.data.aws_iam_policy_document.inventory_and_analytics_destination_policy",
            "module.s3_bucket.data.aws_iam_policy_document.lb_log_delivery",
            "module.s3_bucket.data.aws_iam_policy_document.require_latest_tls",
            "module.s3_bucket.data.aws_partition.current",
            "module.s3_bucket.data.aws_region.current",
            "random_id.s3-bucket-id"
          ]
        },
        {
          "index_key": "web-tier/src/assets/3TierArch.png",
          "schema_version": 0,
          "attributes": {
            "acl": null,
            "bucket": "webapp-project-1e4e529b712a",
            "bucket_key_enabled": false,
            "cache_control": "",
            "content": null,
            "content_base64": null,
            "content_disposition": "",
            "content_encoding": "",
            "content_language": "",
            "content_type": "binary/octet-stream",
            "etag": "f903537e49e4ce10607e4dc955ec8069",
            "force_destroy": false,
            "id": "web-tier/src/assets/3TierArch.png",
            "key": "web-tier/src/assets/3TierArch.png",
            "kms_key_id": null,
            "metadata": {},
            "object_lock_legal_hold_status": "",
            "object_lock_mode": "",
            "object_lock_retain_until_date": "",
            "server_side_encryption": "AES256",
            "source": "C:/Users/dveg7/OneDrive/Documentos/AWS/3 Tier Web App Project/aws-three-tier-web-architecture-workshop-main/application-code/web-tier/src/assets/3TierArch.png",
            "source_hash": null,
            "storage_class": "STANDARD",
            "tags": {},
            "tags_all": {},
            "version_id": "",
            "website_redirect": ""
          },
          "sensitive_attributes": [],
          "private": "bnVsbA==",
          "dependencies": [
            "module.s3_bucket.aws_s3_bucket.this",
            "module.s3_bucket.aws_s3_bucket_policy.this",
            "module.s3_bucket.aws_s3_bucket_public_access_block.this",
            "module.s3_bucket.data.aws_caller_identity.current",
            "module.s3_bucket.data.aws_iam_policy_document.access_log_delivery",
            "module.s3_bucket.data.aws_iam_policy_document.combined",
            "module.s3_bucket.data.aws_iam_policy_document.deny_incorrect_encryption_headers",
            "module.s3_bucket.data.aws_iam_policy_document.deny_incorrect_kms_key_sse",
            "module.s3_bucket.data.aws_iam_policy_document.deny_insecure_transport",
            "module.s3_bucket.data.aws_iam_policy_document.deny_unencrypted_object_uploads",
            "module.s3_bucket.data.aws_iam_policy_document.elb_log_delivery",
            "module.s3_bucket.data.aws_iam_policy_document.inventory_and_analytics_destination_policy",
            "module.s3_bucket.data.aws_iam_policy_document.lb_log_delivery",
            "module.s3_bucket.data.aws_iam_policy_document.require_latest_tls",
            "module.s3_bucket.data.aws_partition.current",
            "module.s3_bucket.data.aws_region.current",
            "random_id.s3-bucket-id"
          ]
        },
        {
          "index_key": "web-tier/src/components/.DS_Store",
          "schema_version": 0,
          "attributes": {
            "acl": null,
            "bucket": "webapp-project-1e4e529b712a",
            "bucket_key_enabled": false,
            "cache_control": "",
            "content": null,
            "content_base64": null,
            "content_disposition": "",
            "content_encoding": "",
            "content_language": "",
            "content_type": "binary/octet-stream",
            "etag": "f8462d61a845bc6550b4ee37260002b6",
            "force_destroy": false,
            "id": "web-tier/src/components/.DS_Store",
            "key": "web-tier/src/components/.DS_Store",
            "kms_key_id": null,
            "metadata": {},
            "object_lock_legal_hold_status": "",
            "object_lock_mode": "",
            "object_lock_retain_until_date": "",
            "server_side_encryption": "AES256",
            "source": "C:/Users/dveg7/OneDrive/Documentos/AWS/3 Tier Web App Project/aws-three-tier-web-architecture-workshop-main/application-code/web-tier/src/components/.DS_Store",
            "source_hash": null,
            "storage_class": "STANDARD",
            "tags": {},
            "tags_all": {},
            "version_id": "",
            "website_redirect": ""
          },
          "sensitive_attributes": [],
          "private": "bnVsbA==",
          "dependencies": [
            "module.s3_bucket.aws_s3_bucket.this",
            "module.s3_bucket.aws_s3_bucket_policy.this",
            "module.s3_bucket.aws_s3_bucket_public_access_block.this",
            "module.s3_bucket.data.aws_caller_identity.current",
            "module.s3_bucket.data.aws_iam_policy_document.access_log_delivery",
            "module.s3_bucket.data.aws_iam_policy_document.combined",
            "module.s3_bucket.data.aws_iam_policy_document.deny_incorrect_encryption_headers",
            "module.s3_bucket.data.aws_iam_policy_document.deny_incorrect_kms_key_sse",
            "module.s3_bucket.data.aws_iam_policy_document.deny_insecure_transport",
            "module.s3_bucket.data.aws_iam_policy_document.deny_unencrypted_object_uploads",
            "module.s3_bucket.data.aws_iam_policy_document.elb_log_delivery",
            "module.s3_bucket.data.aws_iam_policy_document.inventory_and_analytics_destination_policy",
            "module.s3_bucket.data.aws_iam_policy_document.lb_log_delivery",
            "module.s3_bucket.data.aws_iam_policy_document.require_latest_tls",
            "module.s3_bucket.data.aws_partition.current",
            "module.s3_bucket.data.aws_region.current",
            "random_id.s3-bucket-id"
          ]
        },
        {
          "index_key": "web-tier/src/components/Burger/Burger.js",
          "schema_version": 0,
          "attributes": {
            "acl": null,
            "bucket": "webapp-project-1e4e529b712a",
            "bucket_key_enabled": false,
            "cache_control": "",
            "content": null,
            "content_base64": null,
            "content_disposition": "",
            "content_encoding": "",
            "content_language": "",
            "content_type": "binary/octet-stream",
            "etag": "121fc4c7bf629ba7810127b7adcc7b60",
            "force_destroy": false,
            "id": "web-tier/src/components/Burger/Burger.js",
            "key": "web-tier/src/components/Burger/Burger.js",
            "kms_key_id": null,
            "metadata": {},
            "object_lock_legal_hold_status": "",
            "object_lock_mode": "",
            "object_lock_retain_until_date": "",
            "server_side_encryption": "AES256",
            "source": "C:/Users/dveg7/OneDrive/Documentos/AWS/3 Tier Web App Project/aws-three-tier-web-architecture-workshop-main/application-code/web-tier/src/components/Burger/Burger.js",
            "source_hash": null,
            "storage_class": "STANDARD",
            "tags": {},
            "tags_all": {},
            "version_id": "",
            "website_redirect": ""
          },
          "sensitive_attributes": [],
          "private": "bnVsbA==",
          "dependencies": [
            "module.s3_bucket.aws_s3_bucket.this",
            "module.s3_bucket.aws_s3_bucket_policy.this",
            "module.s3_bucket.aws_s3_bucket_public_access_block.this",
            "module.s3_bucket.data.aws_caller_identity.current",
            "module.s3_bucket.data.aws_iam_policy_document.access_log_delivery",
            "module.s3_bucket.data.aws_iam_policy_document.combined",
            "module.s3_bucket.data.aws_iam_policy_document.deny_incorrect_encryption_headers",
            "module.s3_bucket.data.aws_iam_policy_document.deny_incorrect_kms_key_sse",
            "module.s3_bucket.data.aws_iam_policy_document.deny_insecure_transport",
            "module.s3_bucket.data.aws_iam_policy_document.deny_unencrypted_object_uploads",
            "module.s3_bucket.data.aws_iam_policy_document.elb_log_delivery",
            "module.s3_bucket.data.aws_iam_policy_document.inventory_and_analytics_destination_policy",
            "module.s3_bucket.data.aws_iam_policy_document.lb_log_delivery",
            "module.s3_bucket.data.aws_iam_policy_document.require_latest_tls",
            "module.s3_bucket.data.aws_partition.current",
            "module.s3_bucket.data.aws_region.current",
            "random_id.s3-bucket-id"
          ]
        },
        {
          "index_key": "web-tier/src/components/Burger/Burger.styled.js",
          "schema_version": 0,
          "attributes": {
            "acl": null,
            "bucket": "webapp-project-1e4e529b712a",
            "bucket_key_enabled": false,
            "cache_control": "",
            "content": null,
            "content_base64": null,
            "content_disposition": "",
            "content_encoding": "",
            "content_language": "",
            "content_type": "binary/octet-stream",
            "etag": "ac27e3dbc21a39e15f87e5737feec0d6",
            "force_destroy": false,
            "id": "web-tier/src/components/Burger/Burger.styled.js",
            "key": "web-tier/src/components/Burger/Burger.styled.js",
            "kms_key_id": null,
            "metadata": {},
            "object_lock_legal_hold_status": "",
            "object_lock_mode": "",
            "object_lock_retain_until_date": "",
            "server_side_encryption": "AES256",
            "source": "C:/Users/dveg7/OneDrive/Documentos/AWS/3 Tier Web App Project/aws-three-tier-web-architecture-workshop-main/application-code/web-tier/src/components/Burger/Burger.styled.js",
            "source_hash": null,
            "storage_class": "STANDARD",
            "tags": {},
            "tags_all": {},
            "version_id": "",
            "website_redirect": ""
          },
          "sensitive_attributes": [],
          "private": "bnVsbA==",
          "dependencies": [
            "module.s3_bucket.aws_s3_bucket.this",
            "module.s3_bucket.aws_s3_bucket_policy.this",
            "module.s3_bucket.aws_s3_bucket_public_access_block.this",
            "module.s3_bucket.data.aws_caller_identity.current",
            "module.s3_bucket.data.aws_iam_policy_document.access_log_delivery",
            "module.s3_bucket.data.aws_iam_policy_document.combined",
            "module.s3_bucket.data.aws_iam_policy_document.deny_incorrect_encryption_headers",
            "module.s3_bucket.data.aws_iam_policy_document.deny_incorrect_kms_key_sse",
            "module.s3_bucket.data.aws_iam_policy_document.deny_insecure_transport",
            "module.s3_bucket.data.aws_iam_policy_document.deny_unencrypted_object_uploads",
            "module.s3_bucket.data.aws_iam_policy_document.elb_log_delivery",
            "module.s3_bucket.data.aws_iam_policy_document.inventory_and_analytics_destination_policy",
            "module.s3_bucket.data.aws_iam_policy_document.lb_log_delivery",
            "module.s3_bucket.data.aws_iam_policy_document.require_latest_tls",
            "module.s3_bucket.data.aws_partition.current",
            "module.s3_bucket.data.aws_region.current",
            "random_id.s3-bucket-id"
          ]
        },
        {
          "index_key": "web-tier/src/components/Burger/index.js",
          "schema_version": 0,
          "attributes": {
            "acl": null,
            "bucket": "webapp-project-1e4e529b712a",
            "bucket_key_enabled": false,
            "cache_control": "",
            "content": null,
            "content_base64": null,
            "content_disposition": "",
            "content_encoding": "",
            "content_language": "",
            "content_type": "binary/octet-stream",
            "etag": "6e4b039730ed4da56a4064232c202233",
            "force_destroy": false,
            "id": "web-tier/src/components/Burger/index.js",
            "key": "web-tier/src/components/Burger/index.js",
            "kms_key_id": null,
            "metadata": {},
            "object_lock_legal_hold_status": "",
            "object_lock_mode": "",
            "object_lock_retain_until_date": "",
            "server_side_encryption": "AES256",
            "source": "C:/Users/dveg7/OneDrive/Documentos/AWS/3 Tier Web App Project/aws-three-tier-web-architecture-workshop-main/application-code/web-tier/src/components/Burger/index.js",
            "source_hash": null,
            "storage_class": "STANDARD",
            "tags": {},
            "tags_all": {},
            "version_id": "",
            "website_redirect": ""
          },
          "sensitive_attributes": [],
          "private": "bnVsbA==",
          "dependencies": [
            "module.s3_bucket.aws_s3_bucket.this",
            "module.s3_bucket.aws_s3_bucket_policy.this",
            "module.s3_bucket.aws_s3_bucket_public_access_block.this",
            "module.s3_bucket.data.aws_caller_identity.current",
            "module.s3_bucket.data.aws_iam_policy_document.access_log_delivery",
            "module.s3_bucket.data.aws_iam_policy_document.combined",
            "module.s3_bucket.data.aws_iam_policy_document.deny_incorrect_encryption_headers",
            "module.s3_bucket.data.aws_iam_policy_document.deny_incorrect_kms_key_sse",
            "module.s3_bucket.data.aws_iam_policy_document.deny_insecure_transport",
            "module.s3_bucket.data.aws_iam_policy_document.deny_unencrypted_object_uploads",
            "module.s3_bucket.data.aws_iam_policy_document.elb_log_delivery",
            "module.s3_bucket.data.aws_iam_policy_document.inventory_and_analytics_destination_policy",
            "module.s3_bucket.data.aws_iam_policy_document.lb_log_delivery",
            "module.s3_bucket.data.aws_iam_policy_document.require_latest_tls",
            "module.s3_bucket.data.aws_partition.current",
            "module.s3_bucket.data.aws_region.current",
            "random_id.s3-bucket-id"
          ]
        },
        {
          "index_key": "web-tier/src/components/DatabaseDemo/DatabaseDemo.css",
          "schema_version": 0,
          "attributes": {
            "acl": null,
            "bucket": "webapp-project-1e4e529b712a",
            "bucket_key_enabled": false,
            "cache_control": "",
            "content": null,
            "content_base64": null,
            "content_disposition": "",
            "content_encoding": "",
            "content_language": "",
            "content_type": "binary/octet-stream",
            "etag": "3466d4c78c8e57a5c78292a8ad359f9e",
            "force_destroy": false,
            "id": "web-tier/src/components/DatabaseDemo/DatabaseDemo.css",
            "key": "web-tier/src/components/DatabaseDemo/DatabaseDemo.css",
            "kms_key_id": null,
            "metadata": {},
            "object_lock_legal_hold_status": "",
            "object_lock_mode": "",
            "object_lock_retain_until_date": "",
            "server_side_encryption": "AES256",
            "source": "C:/Users/dveg7/OneDrive/Documentos/AWS/3 Tier Web App Project/aws-three-tier-web-architecture-workshop-main/application-code/web-tier/src/components/DatabaseDemo/DatabaseDemo.css",
            "source_hash": null,
            "storage_class": "STANDARD",
            "tags": {},
            "tags_all": {},
            "version_id": "",
            "website_redirect": ""
          },
          "sensitive_attributes": [],
          "private": "bnVsbA==",
          "dependencies": [
            "module.s3_bucket.aws_s3_bucket.this",
            "module.s3_bucket.aws_s3_bucket_policy.this",
            "module.s3_bucket.aws_s3_bucket_public_access_block.this",
            "module.s3_bucket.data.aws_caller_identity.current",
            "module.s3_bucket.data.aws_iam_policy_document.access_log_delivery",
            "module.s3_bucket.data.aws_iam_policy_document.combined",
            "module.s3_bucket.data.aws_iam_policy_document.deny_incorrect_encryption_headers",
            "module.s3_bucket.data.aws_iam_policy_document.deny_incorrect_kms_key_sse",
            "module.s3_bucket.data.aws_iam_policy_document.deny_insecure_transport",
            "module.s3_bucket.data.aws_iam_policy_document.deny_unencrypted_object_uploads",
            "module.s3_bucket.data.aws_iam_policy_document.elb_log_delivery",
            "module.s3_bucket.data.aws_iam_policy_document.inventory_and_analytics_destination_policy",
            "module.s3_bucket.data.aws_iam_policy_document.lb_log_delivery",
            "module.s3_bucket.data.aws_iam_policy_document.require_latest_tls",
            "module.s3_bucket.data.aws_partition.current",
            "module.s3_bucket.data.aws_region.current",
            "random_id.s3-bucket-id"
          ]
        },
        {
          "index_key": "web-tier/src/components/DatabaseDemo/DatabaseDemo.js",
          "schema_version": 0,
          "attributes": {
            "acl": null,
            "bucket": "webapp-project-1e4e529b712a",
            "bucket_key_enabled": false,
            "cache_control": "",
            "content": null,
            "content_base64": null,
            "content_disposition": "",
            "content_encoding": "",
            "content_language": "",
            "content_type": "binary/octet-stream",
            "etag": "608e2ec459fb1a2e1bde444da692d6d9",
            "force_destroy": false,
            "id": "web-tier/src/components/DatabaseDemo/DatabaseDemo.js",
            "key": "web-tier/src/components/DatabaseDemo/DatabaseDemo.js",
            "kms_key_id": null,
            "metadata": {},
            "object_lock_legal_hold_status": "",
            "object_lock_mode": "",
            "object_lock_retain_until_date": "",
            "server_side_encryption": "AES256",
            "source": "C:/Users/dveg7/OneDrive/Documentos/AWS/3 Tier Web App Project/aws-three-tier-web-architecture-workshop-main/application-code/web-tier/src/components/DatabaseDemo/DatabaseDemo.js",
            "source_hash": null,
            "storage_class": "STANDARD",
            "tags": {},
            "tags_all": {},
            "version_id": "",
            "website_redirect": ""
          },
          "sensitive_attributes": [],
          "private": "bnVsbA==",
          "dependencies": [
            "module.s3_bucket.aws_s3_bucket.this",
            "module.s3_bucket.aws_s3_bucket_policy.this",
            "module.s3_bucket.aws_s3_bucket_public_access_block.this",
            "module.s3_bucket.data.aws_caller_identity.current",
            "module.s3_bucket.data.aws_iam_policy_document.access_log_delivery",
            "module.s3_bucket.data.aws_iam_policy_document.combined",
            "module.s3_bucket.data.aws_iam_policy_document.deny_incorrect_encryption_headers",
            "module.s3_bucket.data.aws_iam_policy_document.deny_incorrect_kms_key_sse",
            "module.s3_bucket.data.aws_iam_policy_document.deny_insecure_transport",
            "module.s3_bucket.data.aws_iam_policy_document.deny_unencrypted_object_uploads",
            "module.s3_bucket.data.aws_iam_policy_document.elb_log_delivery",
            "module.s3_bucket.data.aws_iam_policy_document.inventory_and_analytics_destination_policy",
            "module.s3_bucket.data.aws_iam_policy_document.lb_log_delivery",
            "module.s3_bucket.data.aws_iam_policy_document.require_latest_tls",
            "module.s3_bucket.data.aws_partition.current",
            "module.s3_bucket.data.aws_region.current",
            "random_id.s3-bucket-id"
          ]
        },
        {
          "index_key": "web-tier/src/components/Home/Home.js",
          "schema_version": 0,
          "attributes": {
            "acl": null,
            "bucket": "webapp-project-1e4e529b712a",
            "bucket_key_enabled": false,
            "cache_control": "",
            "content": null,
            "content_base64": null,
            "content_disposition": "",
            "content_encoding": "",
            "content_language": "",
            "content_type": "binary/octet-stream",
            "etag": "2446ac11ad2f8f70bb2ba9d7636e3f47",
            "force_destroy": false,
            "id": "web-tier/src/components/Home/Home.js",
            "key": "web-tier/src/components/Home/Home.js",
            "kms_key_id": null,
            "metadata": {},
            "object_lock_legal_hold_status": "",
            "object_lock_mode": "",
            "object_lock_retain_until_date": "",
            "server_side_encryption": "AES256",
            "source": "C:/Users/dveg7/OneDrive/Documentos/AWS/3 Tier Web App Project/aws-three-tier-web-architecture-workshop-main/application-code/web-tier/src/components/Home/Home.js",
            "source_hash": null,
            "storage_class": "STANDARD",
            "tags": {},
            "tags_all": {},
            "version_id": "",
            "website_redirect": ""
          },
          "sensitive_attributes": [],
          "private": "bnVsbA==",
          "dependencies": [
            "module.s3_bucket.aws_s3_bucket.this",
            "module.s3_bucket.aws_s3_bucket_policy.this",
            "module.s3_bucket.aws_s3_bucket_public_access_block.this",
            "module.s3_bucket.data.aws_caller_identity.current",
            "module.s3_bucket.data.aws_iam_policy_document.access_log_delivery",
            "module.s3_bucket.data.aws_iam_policy_document.combined",
            "module.s3_bucket.data.aws_iam_policy_document.deny_incorrect_encryption_headers",
            "module.s3_bucket.data.aws_iam_policy_document.deny_incorrect_kms_key_sse",
            "module.s3_bucket.data.aws_iam_policy_document.deny_insecure_transport",
            "module.s3_bucket.data.aws_iam_policy_document.deny_unencrypted_object_uploads",
            "module.s3_bucket.data.aws_iam_policy_document.elb_log_delivery",
            "module.s3_bucket.data.aws_iam_policy_document.inventory_and_analytics_destination_policy",
            "module.s3_bucket.data.aws_iam_policy_document.lb_log_delivery",
            "module.s3_bucket.data.aws_iam_policy_document.require_latest_tls",
            "module.s3_bucket.data.aws_partition.current",
            "module.s3_bucket.data.aws_region.current",
            "random_id.s3-bucket-id"
          ]
        },
        {
          "index_key": "web-tier/src/components/Menu/Menu.js",
          "schema_version": 0,
          "attributes": {
            "acl": null,
            "bucket": "webapp-project-1e4e529b712a",
            "bucket_key_enabled": false,
            "cache_control": "",
            "content": null,
            "content_base64": null,
            "content_disposition": "",
            "content_encoding": "",
            "content_language": "",
            "content_type": "binary/octet-stream",
            "etag": "7f48040d5b6d683e7ec3e856158db92e",
            "force_destroy": false,
            "id": "web-tier/src/components/Menu/Menu.js",
            "key": "web-tier/src/components/Menu/Menu.js",
            "kms_key_id": null,
            "metadata": {},
            "object_lock_legal_hold_status": "",
            "object_lock_mode": "",
            "object_lock_retain_until_date": "",
            "server_side_encryption": "AES256",
            "source": "C:/Users/dveg7/OneDrive/Documentos/AWS/3 Tier Web App Project/aws-three-tier-web-architecture-workshop-main/application-code/web-tier/src/components/Menu/Menu.js",
            "source_hash": null,
            "storage_class": "STANDARD",
            "tags": {},
            "tags_all": {},
            "version_id": "",
            "website_redirect": ""
          },
          "sensitive_attributes": [],
          "private": "bnVsbA==",
          "dependencies": [
            "module.s3_bucket.aws_s3_bucket.this",
            "module.s3_bucket.aws_s3_bucket_policy.this",
            "module.s3_bucket.aws_s3_bucket_public_access_block.this",
            "module.s3_bucket.data.aws_caller_identity.current",
            "module.s3_bucket.data.aws_iam_policy_document.access_log_delivery",
            "module.s3_bucket.data.aws_iam_policy_document.combined",
            "module.s3_bucket.data.aws_iam_policy_document.deny_incorrect_encryption_headers",
            "module.s3_bucket.data.aws_iam_policy_document.deny_incorrect_kms_key_sse",
            "module.s3_bucket.data.aws_iam_policy_document.deny_insecure_transport",
            "module.s3_bucket.data.aws_iam_policy_document.deny_unencrypted_object_uploads",
            "module.s3_bucket.data.aws_iam_policy_document.elb_log_delivery",
            "module.s3_bucket.data.aws_iam_policy_document.inventory_and_analytics_destination_policy",
            "module.s3_bucket.data.aws_iam_policy_document.lb_log_delivery",
            "module.s3_bucket.data.aws_iam_policy_document.require_latest_tls",
            "module.s3_bucket.data.aws_partition.current",
            "module.s3_bucket.data.aws_region.current",
            "random_id.s3-bucket-id"
          ]
        },
        {
          "index_key": "web-tier/src/components/Menu/Menu.styled.js",
          "schema_version": 0,
          "attributes": {
            "acl": null,
            "bucket": "webapp-project-1e4e529b712a",
            "bucket_key_enabled": false,
            "cache_control": "",
            "content": null,
            "content_base64": null,
            "content_disposition": "",
            "content_encoding": "",
            "content_language": "",
            "content_type": "binary/octet-stream",
            "etag": "b3d8b7afed1d4a8a8e79d4c956d43ce2",
            "force_destroy": false,
            "id": "web-tier/src/components/Menu/Menu.styled.js",
            "key": "web-tier/src/components/Menu/Menu.styled.js",
            "kms_key_id": null,
            "metadata": {},
            "object_lock_legal_hold_status": "",
            "object_lock_mode": "",
            "object_lock_retain_until_date": "",
            "server_side_encryption": "AES256",
            "source": "C:/Users/dveg7/OneDrive/Documentos/AWS/3 Tier Web App Project/aws-three-tier-web-architecture-workshop-main/application-code/web-tier/src/components/Menu/Menu.styled.js",
            "source_hash": null,
            "storage_class": "STANDARD",
            "tags": {},
            "tags_all": {},
            "version_id": "",
            "website_redirect": ""
          },
          "sensitive_attributes": [],
          "private": "bnVsbA==",
          "dependencies": [
            "module.s3_bucket.aws_s3_bucket.this",
            "module.s3_bucket.aws_s3_bucket_policy.this",
            "module.s3_bucket.aws_s3_bucket_public_access_block.this",
            "module.s3_bucket.data.aws_caller_identity.current",
            "module.s3_bucket.data.aws_iam_policy_document.access_log_delivery",
            "module.s3_bucket.data.aws_iam_policy_document.combined",
            "module.s3_bucket.data.aws_iam_policy_document.deny_incorrect_encryption_headers",
            "module.s3_bucket.data.aws_iam_policy_document.deny_incorrect_kms_key_sse",
            "module.s3_bucket.data.aws_iam_policy_document.deny_insecure_transport",
            "module.s3_bucket.data.aws_iam_policy_document.deny_unencrypted_object_uploads",
            "module.s3_bucket.data.aws_iam_policy_document.elb_log_delivery",
            "module.s3_bucket.data.aws_iam_policy_document.inventory_and_analytics_destination_policy",
            "module.s3_bucket.data.aws_iam_policy_document.lb_log_delivery",
            "module.s3_bucket.data.aws_iam_policy_document.require_latest_tls",
            "module.s3_bucket.data.aws_partition.current",
            "module.s3_bucket.data.aws_region.current",
            "random_id.s3-bucket-id"
          ]
        },
        {
          "index_key": "web-tier/src/components/Menu/index.js",
          "schema_version": 0,
          "attributes": {
            "acl": null,
            "bucket": "webapp-project-1e4e529b712a",
            "bucket_key_enabled": false,
            "cache_control": "",
            "content": null,
            "content_base64": null,
            "content_disposition": "",
            "content_encoding": "",
            "content_language": "",
            "content_type": "binary/octet-stream",
            "etag": "4e6cf8b1a6187c19f1680828da9512f3",
            "force_destroy": false,
            "id": "web-tier/src/components/Menu/index.js",
            "key": "web-tier/src/components/Menu/index.js",
            "kms_key_id": null,
            "metadata": {},
            "object_lock_legal_hold_status": "",
            "object_lock_mode": "",
            "object_lock_retain_until_date": "",
            "server_side_encryption": "AES256",
            "source": "C:/Users/dveg7/OneDrive/Documentos/AWS/3 Tier Web App Project/aws-three-tier-web-architecture-workshop-main/application-code/web-tier/src/components/Menu/index.js",
            "source_hash": null,
            "storage_class": "STANDARD",
            "tags": {},
            "tags_all": {},
            "version_id": "",
            "website_redirect": ""
          },
          "sensitive_attributes": [],
          "private": "bnVsbA==",
          "dependencies": [
            "module.s3_bucket.aws_s3_bucket.this",
            "module.s3_bucket.aws_s3_bucket_policy.this",
            "module.s3_bucket.aws_s3_bucket_public_access_block.this",
            "module.s3_bucket.data.aws_caller_identity.current",
            "module.s3_bucket.data.aws_iam_policy_document.access_log_delivery",
            "module.s3_bucket.data.aws_iam_policy_document.combined",
            "module.s3_bucket.data.aws_iam_policy_document.deny_incorrect_encryption_headers",
            "module.s3_bucket.data.aws_iam_policy_document.deny_incorrect_kms_key_sse",
            "module.s3_bucket.data.aws_iam_policy_document.deny_insecure_transport",
            "module.s3_bucket.data.aws_iam_policy_document.deny_unencrypted_object_uploads",
            "module.s3_bucket.data.aws_iam_policy_document.elb_log_delivery",
            "module.s3_bucket.data.aws_iam_policy_document.inventory_and_analytics_destination_policy",
            "module.s3_bucket.data.aws_iam_policy_document.lb_log_delivery",
            "module.s3_bucket.data.aws_iam_policy_document.require_latest_tls",
            "module.s3_bucket.data.aws_partition.current",
            "module.s3_bucket.data.aws_region.current",
            "random_id.s3-bucket-id"
          ]
        },
        {
          "index_key": "web-tier/src/components/index.js",
          "schema_version": 0,
          "attributes": {
            "acl": null,
            "bucket": "webapp-project-1e4e529b712a",
            "bucket_key_enabled": false,
            "cache_control": "",
            "content": null,
            "content_base64": null,
            "content_disposition": "",
            "content_encoding": "",
            "content_language": "",
            "content_type": "binary/octet-stream",
            "etag": "47bdc593e21329eeb1d9d53e9b953f66",
            "force_destroy": false,
            "id": "web-tier/src/components/index.js",
            "key": "web-tier/src/components/index.js",
            "kms_key_id": null,
            "metadata": {},
            "object_lock_legal_hold_status": "",
            "object_lock_mode": "",
            "object_lock_retain_until_date": "",
            "server_side_encryption": "AES256",
            "source": "C:/Users/dveg7/OneDrive/Documentos/AWS/3 Tier Web App Project/aws-three-tier-web-architecture-workshop-main/application-code/web-tier/src/components/index.js",
            "source_hash": null,
            "storage_class": "STANDARD",
            "tags": {},
            "tags_all": {},
            "version_id": "",
            "website_redirect": ""
          },
          "sensitive_attributes": [],
          "private": "bnVsbA==",
          "dependencies": [
            "module.s3_bucket.aws_s3_bucket.this",
            "module.s3_bucket.aws_s3_bucket_policy.this",
            "module.s3_bucket.aws_s3_bucket_public_access_block.this",
            "module.s3_bucket.data.aws_caller_identity.current",
            "module.s3_bucket.data.aws_iam_policy_document.access_log_delivery",
            "module.s3_bucket.data.aws_iam_policy_document.combined",
            "module.s3_bucket.data.aws_iam_policy_document.deny_incorrect_encryption_headers",
            "module.s3_bucket.data.aws_iam_policy_document.deny_incorrect_kms_key_sse",
            "module.s3_bucket.data.aws_iam_policy_document.deny_insecure_transport",
            "module.s3_bucket.data.aws_iam_policy_document.deny_unencrypted_object_uploads",
            "module.s3_bucket.data.aws_iam_policy_document.elb_log_delivery",
            "module.s3_bucket.data.aws_iam_policy_document.inventory_and_analytics_destination_policy",
            "module.s3_bucket.data.aws_iam_policy_document.lb_log_delivery",
            "module.s3_bucket.data.aws_iam_policy_document.require_latest_tls",
            "module.s3_bucket.data.aws_partition.current",
            "module.s3_bucket.data.aws_region.current",
            "random_id.s3-bucket-id"
          ]
        },
        {
          "index_key": "web-tier/src/global.js",
          "schema_version": 0,
          "attributes": {
            "acl": null,
            "bucket": "webapp-project-1e4e529b712a",
            "bucket_key_enabled": false,
            "cache_control": "",
            "content": null,
            "content_base64": null,
            "content_disposition": "",
            "content_encoding": "",
            "content_language": "",
            "content_type": "binary/octet-stream",
            "etag": "e4ee1391b3b9d346dbbc8200a029ba50",
            "force_destroy": false,
            "id": "web-tier/src/global.js",
            "key": "web-tier/src/global.js",
            "kms_key_id": null,
            "metadata": {},
            "object_lock_legal_hold_status": "",
            "object_lock_mode": "",
            "object_lock_retain_until_date": "",
            "server_side_encryption": "AES256",
            "source": "C:/Users/dveg7/OneDrive/Documentos/AWS/3 Tier Web App Project/aws-three-tier-web-architecture-workshop-main/application-code/web-tier/src/global.js",
            "source_hash": null,
            "storage_class": "STANDARD",
            "tags": {},
            "tags_all": {},
            "version_id": "",
            "website_redirect": ""
          },
          "sensitive_attributes": [],
          "private": "bnVsbA==",
          "dependencies": [
            "module.s3_bucket.aws_s3_bucket.this",
            "module.s3_bucket.aws_s3_bucket_policy.this",
            "module.s3_bucket.aws_s3_bucket_public_access_block.this",
            "module.s3_bucket.data.aws_caller_identity.current",
            "module.s3_bucket.data.aws_iam_policy_document.access_log_delivery",
            "module.s3_bucket.data.aws_iam_policy_document.combined",
            "module.s3_bucket.data.aws_iam_policy_document.deny_incorrect_encryption_headers",
            "module.s3_bucket.data.aws_iam_policy_document.deny_incorrect_kms_key_sse",
            "module.s3_bucket.data.aws_iam_policy_document.deny_insecure_transport",
            "module.s3_bucket.data.aws_iam_policy_document.deny_unencrypted_object_uploads",
            "module.s3_bucket.data.aws_iam_policy_document.elb_log_delivery",
            "module.s3_bucket.data.aws_iam_policy_document.inventory_and_analytics_destination_policy",
            "module.s3_bucket.data.aws_iam_policy_document.lb_log_delivery",
            "module.s3_bucket.data.aws_iam_policy_document.require_latest_tls",
            "module.s3_bucket.data.aws_partition.current",
            "module.s3_bucket.data.aws_region.current",
            "random_id.s3-bucket-id"
          ]
        },
        {
          "index_key": "web-tier/src/hooks.js",
          "schema_version": 0,
          "attributes": {
            "acl": null,
            "bucket": "webapp-project-1e4e529b712a",
            "bucket_key_enabled": false,
            "cache_control": "",
            "content": null,
            "content_base64": null,
            "content_disposition": "",
            "content_encoding": "",
            "content_language": "",
            "content_type": "binary/octet-stream",
            "etag": "aadb89f2637e970e483acf55101a4e0a",
            "force_destroy": false,
            "id": "web-tier/src/hooks.js",
            "key": "web-tier/src/hooks.js",
            "kms_key_id": null,
            "metadata": {},
            "object_lock_legal_hold_status": "",
            "object_lock_mode": "",
            "object_lock_retain_until_date": "",
            "server_side_encryption": "AES256",
            "source": "C:/Users/dveg7/OneDrive/Documentos/AWS/3 Tier Web App Project/aws-three-tier-web-architecture-workshop-main/application-code/web-tier/src/hooks.js",
            "source_hash": null,
            "storage_class": "STANDARD",
            "tags": {},
            "tags_all": {},
            "version_id": "",
            "website_redirect": ""
          },
          "sensitive_attributes": [],
          "private": "bnVsbA==",
          "dependencies": [
            "module.s3_bucket.aws_s3_bucket.this",
            "module.s3_bucket.aws_s3_bucket_policy.this",
            "module.s3_bucket.aws_s3_bucket_public_access_block.this",
            "module.s3_bucket.data.aws_caller_identity.current",
            "module.s3_bucket.data.aws_iam_policy_document.access_log_delivery",
            "module.s3_bucket.data.aws_iam_policy_document.combined",
            "module.s3_bucket.data.aws_iam_policy_document.deny_incorrect_encryption_headers",
            "module.s3_bucket.data.aws_iam_policy_document.deny_incorrect_kms_key_sse",
            "module.s3_bucket.data.aws_iam_policy_document.deny_insecure_transport",
            "module.s3_bucket.data.aws_iam_policy_document.deny_unencrypted_object_uploads",
            "module.s3_bucket.data.aws_iam_policy_document.elb_log_delivery",
            "module.s3_bucket.data.aws_iam_policy_document.inventory_and_analytics_destination_policy",
            "module.s3_bucket.data.aws_iam_policy_document.lb_log_delivery",
            "module.s3_bucket.data.aws_iam_policy_document.require_latest_tls",
            "module.s3_bucket.data.aws_partition.current",
            "module.s3_bucket.data.aws_region.current",
            "random_id.s3-bucket-id"
          ]
        },
        {
          "index_key": "web-tier/src/index.css",
          "schema_version": 0,
          "attributes": {
            "acl": null,
            "bucket": "webapp-project-1e4e529b712a",
            "bucket_key_enabled": false,
            "cache_control": "",
            "content": null,
            "content_base64": null,
            "content_disposition": "",
            "content_encoding": "",
            "content_language": "",
            "content_type": "binary/octet-stream",
            "etag": "6c2104b8d219ed99234ae2d6329f4357",
            "force_destroy": false,
            "id": "web-tier/src/index.css",
            "key": "web-tier/src/index.css",
            "kms_key_id": null,
            "metadata": {},
            "object_lock_legal_hold_status": "",
            "object_lock_mode": "",
            "object_lock_retain_until_date": "",
            "server_side_encryption": "AES256",
            "source": "C:/Users/dveg7/OneDrive/Documentos/AWS/3 Tier Web App Project/aws-three-tier-web-architecture-workshop-main/application-code/web-tier/src/index.css",
            "source_hash": null,
            "storage_class": "STANDARD",
            "tags": {},
            "tags_all": {},
            "version_id": "",
            "website_redirect": ""
          },
          "sensitive_attributes": [],
          "private": "bnVsbA==",
          "dependencies": [
            "module.s3_bucket.aws_s3_bucket.this",
            "module.s3_bucket.aws_s3_bucket_policy.this",
            "module.s3_bucket.aws_s3_bucket_public_access_block.this",
            "module.s3_bucket.data.aws_caller_identity.current",
            "module.s3_bucket.data.aws_iam_policy_document.access_log_delivery",
            "module.s3_bucket.data.aws_iam_policy_document.combined",
            "module.s3_bucket.data.aws_iam_policy_document.deny_incorrect_encryption_headers",
            "module.s3_bucket.data.aws_iam_policy_document.deny_incorrect_kms_key_sse",
            "module.s3_bucket.data.aws_iam_policy_document.deny_insecure_transport",
            "module.s3_bucket.data.aws_iam_policy_document.deny_unencrypted_object_uploads",
            "module.s3_bucket.data.aws_iam_policy_document.elb_log_delivery",
            "module.s3_bucket.data.aws_iam_policy_document.inventory_and_analytics_destination_policy",
            "module.s3_bucket.data.aws_iam_policy_document.lb_log_delivery",
            "module.s3_bucket.data.aws_iam_policy_document.require_latest_tls",
            "module.s3_bucket.data.aws_partition.current",
            "module.s3_bucket.data.aws_region.current",
            "random_id.s3-bucket-id"
          ]
        },
        {
          "index_key": "web-tier/src/index.js",
          "schema_version": 0,
          "attributes": {
            "acl": null,
            "bucket": "webapp-project-1e4e529b712a",
            "bucket_key_enabled": false,
            "cache_control": "",
            "content": null,
            "content_base64": null,
            "content_disposition": "",
            "content_encoding": "",
            "content_language": "",
            "content_type": "binary/octet-stream",
            "etag": "a64f928a9b2c95dfbe6ed93b0bbc2abb",
            "force_destroy": false,
            "id": "web-tier/src/index.js",
            "key": "web-tier/src/index.js",
            "kms_key_id": null,
            "metadata": {},
            "object_lock_legal_hold_status": "",
            "object_lock_mode": "",
            "object_lock_retain_until_date": "",
            "server_side_encryption": "AES256",
            "source": "C:/Users/dveg7/OneDrive/Documentos/AWS/3 Tier Web App Project/aws-three-tier-web-architecture-workshop-main/application-code/web-tier/src/index.js",
            "source_hash": null,
            "storage_class": "STANDARD",
            "tags": {},
            "tags_all": {},
            "version_id": "",
            "website_redirect": ""
          },
          "sensitive_attributes": [],
          "private": "bnVsbA==",
          "dependencies": [
            "module.s3_bucket.aws_s3_bucket.this",
            "module.s3_bucket.aws_s3_bucket_policy.this",
            "module.s3_bucket.aws_s3_bucket_public_access_block.this",
            "module.s3_bucket.data.aws_caller_identity.current",
            "module.s3_bucket.data.aws_iam_policy_document.access_log_delivery",
            "module.s3_bucket.data.aws_iam_policy_document.combined",
            "module.s3_bucket.data.aws_iam_policy_document.deny_incorrect_encryption_headers",
            "module.s3_bucket.data.aws_iam_policy_document.deny_incorrect_kms_key_sse",
            "module.s3_bucket.data.aws_iam_policy_document.deny_insecure_transport",
            "module.s3_bucket.data.aws_iam_policy_document.deny_unencrypted_object_uploads",
            "module.s3_bucket.data.aws_iam_policy_document.elb_log_delivery",
            "module.s3_bucket.data.aws_iam_policy_document.inventory_and_analytics_destination_policy",
            "module.s3_bucket.data.aws_iam_policy_document.lb_log_delivery",
            "module.s3_bucket.data.aws_iam_policy_document.require_latest_tls",
            "module.s3_bucket.data.aws_partition.current",
            "module.s3_bucket.data.aws_region.current",
            "random_id.s3-bucket-id"
          ]
        },
        {
          "index_key": "web-tier/src/reportWebVitals.js",
          "schema_version": 0,
          "attributes": {
            "acl": null,
            "bucket": "webapp-project-1e4e529b712a",
            "bucket_key_enabled": false,
            "cache_control": "",
            "content": null,
            "content_base64": null,
            "content_disposition": "",
            "content_encoding": "",
            "content_language": "",
            "content_type": "binary/octet-stream",
            "etag": "240e2381f826a9bb84d178b29b7b9abe",
            "force_destroy": false,
            "id": "web-tier/src/reportWebVitals.js",
            "key": "web-tier/src/reportWebVitals.js",
            "kms_key_id": null,
            "metadata": {},
            "object_lock_legal_hold_status": "",
            "object_lock_mode": "",
            "object_lock_retain_until_date": "",
            "server_side_encryption": "AES256",
            "source": "C:/Users/dveg7/OneDrive/Documentos/AWS/3 Tier Web App Project/aws-three-tier-web-architecture-workshop-main/application-code/web-tier/src/reportWebVitals.js",
            "source_hash": null,
            "storage_class": "STANDARD",
            "tags": {},
            "tags_all": {},
            "version_id": "",
            "website_redirect": ""
          },
          "sensitive_attributes": [],
          "private": "bnVsbA==",
          "dependencies": [
            "module.s3_bucket.aws_s3_bucket.this",
            "module.s3_bucket.aws_s3_bucket_policy.this",
            "module.s3_bucket.aws_s3_bucket_public_access_block.this",
            "module.s3_bucket.data.aws_caller_identity.current",
            "module.s3_bucket.data.aws_iam_policy_document.access_log_delivery",
            "module.s3_bucket.data.aws_iam_policy_document.combined",
            "module.s3_bucket.data.aws_iam_policy_document.deny_incorrect_encryption_headers",
            "module.s3_bucket.data.aws_iam_policy_document.deny_incorrect_kms_key_sse",
            "module.s3_bucket.data.aws_iam_policy_document.deny_insecure_transport",
            "module.s3_bucket.data.aws_iam_policy_document.deny_unencrypted_object_uploads",
            "module.s3_bucket.data.aws_iam_policy_document.elb_log_delivery",
            "module.s3_bucket.data.aws_iam_policy_document.inventory_and_analytics_destination_policy",
            "module.s3_bucket.data.aws_iam_policy_document.lb_log_delivery",
            "module.s3_bucket.data.aws_iam_policy_document.require_latest_tls",
            "module.s3_bucket.data.aws_partition.current",
            "module.s3_bucket.data.aws_region.current",
            "random_id.s3-bucket-id"
          ]
        },
        {
          "index_key": "web-tier/src/setupTests.js",
          "schema_version": 0,
          "attributes": {
            "acl": null,
            "bucket": "webapp-project-1e4e529b712a",
            "bucket_key_enabled": false,
            "cache_control": "",
            "content": null,
            "content_base64": null,
            "content_disposition": "",
            "content_encoding": "",
            "content_language": "",
            "content_type": "binary/octet-stream",
            "etag": "1a77571e1a8cf36018a41bcedf60db75",
            "force_destroy": false,
            "id": "web-tier/src/setupTests.js",
            "key": "web-tier/src/setupTests.js",
            "kms_key_id": null,
            "metadata": {},
            "object_lock_legal_hold_status": "",
            "object_lock_mode": "",
            "object_lock_retain_until_date": "",
            "server_side_encryption": "AES256",
            "source": "C:/Users/dveg7/OneDrive/Documentos/AWS/3 Tier Web App Project/aws-three-tier-web-architecture-workshop-main/application-code/web-tier/src/setupTests.js",
            "source_hash": null,
            "storage_class": "STANDARD",
            "tags": {},
            "tags_all": {},
            "version_id": "",
            "website_redirect": ""
          },
          "sensitive_attributes": [],
          "private": "bnVsbA==",
          "dependencies": [
            "module.s3_bucket.aws_s3_bucket.this",
            "module.s3_bucket.aws_s3_bucket_policy.this",
            "module.s3_bucket.aws_s3_bucket_public_access_block.this",
            "module.s3_bucket.data.aws_caller_identity.current",
            "module.s3_bucket.data.aws_iam_policy_document.access_log_delivery",
            "module.s3_bucket.data.aws_iam_policy_document.combined",
            "module.s3_bucket.data.aws_iam_policy_document.deny_incorrect_encryption_headers",
            "module.s3_bucket.data.aws_iam_policy_document.deny_incorrect_kms_key_sse",
            "module.s3_bucket.data.aws_iam_policy_document.deny_insecure_transport",
            "module.s3_bucket.data.aws_iam_policy_document.deny_unencrypted_object_uploads",
            "module.s3_bucket.data.aws_iam_policy_document.elb_log_delivery",
            "module.s3_bucket.data.aws_iam_policy_document.inventory_and_analytics_destination_policy",
            "module.s3_bucket.data.aws_iam_policy_document.lb_log_delivery",
            "module.s3_bucket.data.aws_iam_policy_document.require_latest_tls",
            "module.s3_bucket.data.aws_partition.current",
            "module.s3_bucket.data.aws_region.current",
            "random_id.s3-bucket-id"
          ]
        },
        {
          "index_key": "web-tier/src/theme.js",
          "schema_version": 0,
          "attributes": {
            "acl": null,
            "bucket": "webapp-project-1e4e529b712a",
            "bucket_key_enabled": false,
            "cache_control": "",
            "content": null,
            "content_base64": null,
            "content_disposition": "",
            "content_encoding": "",
            "content_language": "",
            "content_type": "binary/octet-stream",
            "etag": "2c98562a481c2d2b08e10085802aa716",
            "force_destroy": false,
            "id": "web-tier/src/theme.js",
            "key": "web-tier/src/theme.js",
            "kms_key_id": null,
            "metadata": {},
            "object_lock_legal_hold_status": "",
            "object_lock_mode": "",
            "object_lock_retain_until_date": "",
            "server_side_encryption": "AES256",
            "source": "C:/Users/dveg7/OneDrive/Documentos/AWS/3 Tier Web App Project/aws-three-tier-web-architecture-workshop-main/application-code/web-tier/src/theme.js",
            "source_hash": null,
            "storage_class": "STANDARD",
            "tags": {},
            "tags_all": {},
            "version_id": "",
            "website_redirect": ""
          },
          "sensitive_attributes": [],
          "private": "bnVsbA==",
          "dependencies": [
            "module.s3_bucket.aws_s3_bucket.this",
            "module.s3_bucket.aws_s3_bucket_policy.this",
            "module.s3_bucket.aws_s3_bucket_public_access_block.this",
            "module.s3_bucket.data.aws_caller_identity.current",
            "module.s3_bucket.data.aws_iam_policy_document.access_log_delivery",
            "module.s3_bucket.data.aws_iam_policy_document.combined",
            "module.s3_bucket.data.aws_iam_policy_document.deny_incorrect_encryption_headers",
            "module.s3_bucket.data.aws_iam_policy_document.deny_incorrect_kms_key_sse",
            "module.s3_bucket.data.aws_iam_policy_document.deny_insecure_transport",
            "module.s3_bucket.data.aws_iam_policy_document.deny_unencrypted_object_uploads",
            "module.s3_bucket.data.aws_iam_policy_document.elb_log_delivery",
            "module.s3_bucket.data.aws_iam_policy_document.inventory_and_analytics_destination_policy",
            "module.s3_bucket.data.aws_iam_policy_document.lb_log_delivery",
            "module.s3_bucket.data.aws_iam_policy_document.require_latest_tls",
            "module.s3_bucket.data.aws_partition.current",
            "module.s3_bucket.data.aws_region.current",
            "random_id.s3-bucket-id"
          ]
        }
      ]
    },
    {
      "mode": "managed",
      "type": "random_id",
      "name": "s3-bucket-id",
      "provider": "provider[\"registry.terraform.io/hashicorp/random\"]",
      "instances": [
        {
          "schema_version": 0,
          "attributes": {
            "b64_std": "Hk5Sm3Eq",
            "b64_url": "Hk5Sm3Eq",
            "byte_length": 6,
            "dec": "33321742201130",
            "hex": "1e4e529b712a",
            "id": "Hk5Sm3Eq",
            "keepers": null,
            "prefix": null
          },
          "sensitive_attributes": [],
          "create_before_destroy": true
        }
      ]
    },
    {
      "module": "module.db-config",
      "mode": "data",
      "type": "template_file",
      "name": "db_config",
      "provider": "provider[\"registry.terraform.io/hashicorp/template\"]",
      "instances": [
        {
          "schema_version": 0,
          "attributes": {
            "filename": null,
            "id": "1bb849db55f2b42e27cd52dd7c6a765952d67500abe0c48d6a1e4d4f6ac6b170",
            "rendered": "// Archivo: DbConfig.js.tpl\r\n\r\nmodule.exports = Object.freeze({\r\n    DB_HOST: 'terraform-20230903043900547300000006.ca56pdjfburr.us-east-1.rds.amazonaws.com',\r\n    DB_USER: 'admin',\r\n    DB_PWD: 'project1234',\r\n    DB_DATABASE: 'webappdb'\r\n});",
            "template": "// Archivo: DbConfig.js.tpl\r\n\r\nmodule.exports = Object.freeze({\r\n    DB_HOST: '${db_host}',\r\n    DB_USER: '${db_user}',\r\n    DB_PWD: '${db_pwd}',\r\n    DB_DATABASE: 'webappdb'\r\n});",
            "vars": {
              "db_host": "terraform-20230903043900547300000006.ca56pdjfburr.us-east-1.rds.amazonaws.com",
              "db_pwd": "project1234",
              "db_user": "admin"
            }
          },
          "sensitive_attributes": []
        }
      ]
    },
    {
      "module": "module.db-config",
      "mode": "managed",
      "type": "aws_s3_object",
      "name": "dbconfig_file",
      "provider": "provider[\"registry.terraform.io/hashicorp/aws\"]",
      "instances": [
        {
          "schema_version": 0,
          "attributes": {
            "acl": null,
            "bucket": "webapp-project-1e4e529b712a",
            "bucket_key_enabled": false,
            "cache_control": "",
            "content": null,
            "content_base64": null,
            "content_disposition": "",
            "content_encoding": "",
            "content_language": "",
            "content_type": "binary/octet-stream",
            "etag": "dfc50b11b84f41570a41587ed5e151c4",
            "force_destroy": false,
            "id": "app-tier/DbConfig.js",
            "key": "app-tier/DbConfig.js",
            "kms_key_id": null,
            "metadata": {},
            "object_lock_legal_hold_status": "",
            "object_lock_mode": "",
            "object_lock_retain_until_date": "",
            "server_side_encryption": "AES256",
            "source": null,
            "source_hash": null,
            "storage_class": "STANDARD",
            "tags": {},
            "tags_all": {},
            "version_id": "",
            "website_redirect": ""
          },
          "sensitive_attributes": [],
          "private": "bnVsbA==",
          "dependencies": [
            "module.db-config.data.template_file.db_config",
            "module.db-config.local_file.create_db_config_file",
            "module.rds-mysql.aws_db_instance.db_mysql",
            "module.rds-mysql.aws_db_subnet_group.rds_db_subnetgroup",
            "module.s3_bucket.aws_s3_bucket.this",
            "module.s3_bucket.aws_s3_bucket_policy.this",
            "module.s3_bucket.aws_s3_bucket_public_access_block.this",
            "module.s3_bucket.data.aws_caller_identity.current",
            "module.s3_bucket.data.aws_iam_policy_document.access_log_delivery",
            "module.s3_bucket.data.aws_iam_policy_document.combined",
            "module.s3_bucket.data.aws_iam_policy_document.deny_incorrect_encryption_headers",
            "module.s3_bucket.data.aws_iam_policy_document.deny_incorrect_kms_key_sse",
            "module.s3_bucket.data.aws_iam_policy_document.deny_insecure_transport",
            "module.s3_bucket.data.aws_iam_policy_document.deny_unencrypted_object_uploads",
            "module.s3_bucket.data.aws_iam_policy_document.elb_log_delivery",
            "module.s3_bucket.data.aws_iam_policy_document.inventory_and_analytics_destination_policy",
            "module.s3_bucket.data.aws_iam_policy_document.lb_log_delivery",
            "module.s3_bucket.data.aws_iam_policy_document.require_latest_tls",
            "module.s3_bucket.data.aws_partition.current",
            "module.s3_bucket.data.aws_region.current",
            "module.security-group.aws_security_group.db_sg",
            "module.security-group.aws_security_group.private_alb_sg",
            "module.security-group.aws_security_group.private_servers_sg",
            "module.security-group.aws_security_group.public_alb_sg",
            "module.security-group.aws_security_group.webtier_servers_sg",
            "module.vpc.aws_subnet.private_subnets_db",
            "module.vpc.aws_vpc.vpc",
            "module.vpc.data.aws_availability_zones.available",
            "random_id.s3-bucket-id"
          ]
        }
      ]
    },
    {
      "module": "module.db-config",
      "mode": "managed",
      "type": "local_file",
      "name": "create_db_config_file",
      "provider": "provider[\"registry.terraform.io/hashicorp/local\"]",
      "instances": [
        {
          "schema_version": 0,
          "attributes": {
            "content": "// Archivo: DbConfig.js.tpl\r\n\r\nmodule.exports = Object.freeze({\r\n    DB_HOST: 'terraform-20230903043900547300000006.ca56pdjfburr.us-east-1.rds.amazonaws.com',\r\n    DB_USER: 'admin',\r\n    DB_PWD: 'project1234',\r\n    DB_DATABASE: 'webappdb'\r\n});",
            "content_base64": null,
            "content_base64sha256": "G7hJ21XytC4nzVLdfGp2WVLWdQCr4MSNah5NT2rGsXA=",
            "content_base64sha512": "/lhZ2A5VSi6TncXQrr8n7POD0S6IT5kbwpDYg9Xiahr0mgPdlCUrsy4O1aeEJ+5W08WLiv7nzen+5WOtC11BOg==",
            "content_md5": "dfc50b11b84f41570a41587ed5e151c4",
            "content_sha1": "793ef3a17e66ca8d47092cac28cc4aa916eff613",
            "content_sha256": "1bb849db55f2b42e27cd52dd7c6a765952d67500abe0c48d6a1e4d4f6ac6b170",
            "content_sha512": "fe5859d80e554a2e939dc5d0aebf27ecf383d12e884f991bc290d883d5e26a1af49a03dd94252bb32e0ed5a78427ee56d3c58b8afee7cde9fee563ad0b5d413a",
            "directory_permission": "0777",
            "file_permission": "0777",
            "filename": "C://Users//dveg7//OneDrive//Documentos//AWS//3 Tier Web App Project//aws-three-tier-web-architecture-workshop-main//application-code//app-tier//DbConfig.js",
            "id": "793ef3a17e66ca8d47092cac28cc4aa916eff613",
            "sensitive_content": null,
            "source": null
          },
          "sensitive_attributes": [],
          "dependencies": [
            "module.db-config.data.template_file.db_config",
            "module.rds-mysql.aws_db_instance.db_mysql",
            "module.rds-mysql.aws_db_subnet_group.rds_db_subnetgroup",
            "module.security-group.aws_security_group.db_sg",
            "module.security-group.aws_security_group.private_alb_sg",
            "module.security-group.aws_security_group.private_servers_sg",
            "module.security-group.aws_security_group.public_alb_sg",
            "module.security-group.aws_security_group.webtier_servers_sg",
            "module.vpc.aws_subnet.private_subnets_db",
            "module.vpc.aws_vpc.vpc",
            "module.vpc.data.aws_availability_zones.available"
          ]
        }
      ]
    },
    {
      "module": "module.ec2-iam-role",
      "mode": "data",
      "type": "aws_iam_policy_document",
      "name": "this",
      "provider": "provider[\"registry.terraform.io/hashicorp/aws\"]",
      "instances": [
        {
          "schema_version": 0,
          "attributes": {
            "id": "2851119427",
            "json": "{\n  \"Version\": \"2012-10-17\",\n  \"Statement\": [\n    {\n      \"Effect\": \"Allow\",\n      \"Action\": \"sts:AssumeRole\",\n      \"Principal\": {\n        \"Service\": \"ec2.amazonaws.com\"\n      }\n    }\n  ]\n}",
            "override_policy_documents": null,
            "policy_id": null,
            "source_policy_documents": null,
            "statement": [
              {
                "actions": [
                  "sts:AssumeRole"
                ],
                "condition": [],
                "effect": "Allow",
                "not_actions": [],
                "not_principals": [],
                "not_resources": [],
                "principals": [
                  {
                    "identifiers": [
                      "ec2.amazonaws.com"
                    ],
                    "type": "Service"
                  }
                ],
                "resources": [],
                "sid": ""
              }
            ],
            "version": "2012-10-17"
          },
          "sensitive_attributes": []
        }
      ]
    },
    {
      "module": "module.ec2-iam-role",
      "mode": "managed",
      "type": "aws_iam_instance_profile",
      "name": "this",
      "provider": "provider[\"registry.terraform.io/hashicorp/aws\"]",
      "instances": [
        {
          "schema_version": 0,
          "attributes": {
            "arn": "arn:aws:iam::526753475890:instance-profile/EC2_role",
            "create_date": "2023-09-03T04:38:43Z",
            "id": "EC2_role",
            "name": "EC2_role",
            "name_prefix": "",
            "path": "/",
            "role": "EC2_role",
            "tags": {},
            "tags_all": {},
            "unique_id": "AIPAXVJHUFUZB43TRNEMF"
          },
          "sensitive_attributes": [],
          "private": "bnVsbA==",
          "dependencies": [
            "module.ec2-iam-role.aws_iam_role.this",
            "module.ec2-iam-role.data.aws_iam_policy_document.this"
          ],
          "create_before_destroy": true
        }
      ]
    },
    {
      "module": "module.ec2-iam-role",
      "mode": "managed",
      "type": "aws_iam_role",
      "name": "this",
      "provider": "provider[\"registry.terraform.io/hashicorp/aws\"]",
      "instances": [
        {
          "schema_version": 0,
          "attributes": {
            "arn": "arn:aws:iam::526753475890:role/EC2_role",
            "assume_role_policy": "{\"Statement\":[{\"Action\":\"sts:AssumeRole\",\"Effect\":\"Allow\",\"Principal\":{\"Service\":\"ec2.amazonaws.com\"}}],\"Version\":\"2012-10-17\"}",
            "create_date": "2023-09-03T04:38:42Z",
            "description": "This IAM Role generated by Terraform.",
            "force_detach_policies": false,
            "id": "EC2_role",
            "inline_policy": [],
            "managed_policy_arns": [
              "arn:aws:iam::aws:policy/AmazonS3ReadOnlyAccess",
              "arn:aws:iam::aws:policy/AmazonSSMManagedInstanceCore"
            ],
            "max_session_duration": 3600,
            "name": "EC2_role",
            "name_prefix": "",
            "path": "/",
            "permissions_boundary": null,
            "tags": {},
            "tags_all": {},
            "unique_id": "AROAXVJHUFUZIM55KUZQO"
          },
          "sensitive_attributes": [],
          "private": "bnVsbA==",
          "dependencies": [
            "module.ec2-iam-role.data.aws_iam_policy_document.this"
          ],
          "create_before_destroy": true
        }
      ]
    },
    {
      "module": "module.ec2-iam-role",
      "mode": "managed",
      "type": "aws_iam_role_policy_attachment",
      "name": "this",
      "provider": "provider[\"registry.terraform.io/hashicorp/aws\"]",
      "instances": [
        {
          "index_key": 0,
          "schema_version": 0,
          "attributes": {
            "id": "EC2_role-20230903043844042900000001",
            "policy_arn": "arn:aws:iam::aws:policy/AmazonS3ReadOnlyAccess",
            "role": "EC2_role"
          },
          "sensitive_attributes": [],
          "private": "bnVsbA==",
          "dependencies": [
            "module.ec2-iam-role.aws_iam_role.this",
            "module.ec2-iam-role.data.aws_iam_policy_document.this"
          ]
        },
        {
          "index_key": 1,
          "schema_version": 0,
          "attributes": {
            "id": "EC2_role-20230903043844177900000002",
            "policy_arn": "arn:aws:iam::aws:policy/AmazonSSMManagedInstanceCore",
            "role": "EC2_role"
          },
          "sensitive_attributes": [],
          "private": "bnVsbA==",
          "dependencies": [
            "module.ec2-iam-role.aws_iam_role.this",
            "module.ec2-iam-role.data.aws_iam_policy_document.this"
          ]
        }
      ]
    },
    {
      "module": "module.key-pair",
      "mode": "managed",
      "type": "aws_key_pair",
      "name": "key_pair_publicserver",
      "provider": "provider[\"registry.terraform.io/hashicorp/aws\"]",
      "instances": [
        {
          "schema_version": 1,
          "attributes": {
            "arn": "arn:aws:ec2:us-east-1:526753475890:key-pair/MyAWSKey",
            "fingerprint": "4f:a2:63:5c:db:51:05:eb:f6:db:2e:f3:fc:33:af:eb",
            "id": "MyAWSKey",
            "key_name": "MyAWSKey",
            "key_name_prefix": "",
            "key_pair_id": "key-04a6a4a5dba923cd6",
            "key_type": "rsa",
            "public_key": "ssh-rsa AAAAB3NzaC1yc2EAAAADAQABAAABAQDqRrVtguYAtb7K4S88y5owST5XVW77xuNCOgJolglJxI6Qn2mlAFw4azrmiQqv8K/oC6sVahmnToXnCG+TX5OhAyguWz7WNdegV4txkN51NhV52hEs2mWNKLl6ONEl/rzEL7ywsVcuz4iADSoWL9gvfSUvhjbiFLGU7XHW7FvrgGM+KpvFa0EYngTVkrtaf3SlhZximOBVUHXlkSc5uW2aU0lCCJn3x04KADm8f79yIISJUFP9C2/D/9pgYzl2fOV71iaGT5lnYRetuCEhs+Ni6Z3sqaAgVn7KRBguF1EZJS94LRu0ni26CA9zvgotm0T7gBLNcdTPBB/QFkzN5OxL",
            "tags": null,
            "tags_all": {}
          },
          "sensitive_attributes": [],
          "private": "eyJzY2hlbWFfdmVyc2lvbiI6IjEifQ==",
          "dependencies": [
            "module.key-pair.tls_private_key.generated"
          ],
          "create_before_destroy": true
        }
      ]
    },
    {
      "module": "module.key-pair",
      "mode": "managed",
      "type": "local_file",
      "name": "private_key_pem",
      "provider": "provider[\"registry.terraform.io/hashicorp/local\"]",
      "instances": [
        {
          "schema_version": 0,
          "attributes": {
            "content": "-----BEGIN RSA PRIVATE KEY-----\nMIIEowIBAAKCAQEA6ka1bYLmALW+yuEvPMuaMEk+V1Vu+8bjQjoCaJYJScSOkJ9p\npQBcOGs65okKr/Cv6AurFWoZp06F5whvk1+ToQMoLls+1jXXoFeLcZDedTYVedoR\nLNpljSi5ejjRJf68xC+8sLFXLs+IgA0qFi/YL30lL4Y24hSxlO1x1uxb64BjPiqb\nxWtBGJ4E1ZK7Wn90pYWcYpjgVVB15ZEnObltmlNJQgiZ98dOCgA5vH+/ciCEiVBT\n/Qtvw//aYGM5dnzle9Ymhk+ZZ2EXrbghIbPjYumd7KmgIFZ+ykQYLhdRGSUveC0b\ntJ4tuggPc74KLZtE+4ASzXHUzwQf0BZMzeTsSwIDAQABAoIBAAwC1AppS6F9r+p2\n4RUc2yrelnOjzaza5YvfrX/vMUq26RhBFAmBmzjJRpvLKuEaVepvrrXKWsZZIERY\nCmBj5g27O7QkuXQCDqwJ0PxhkQYxX6h/paHHEK3MCLZbc12fUc49JE9qyC1+NmFa\nS24Xxd2pbN6i4u10YiZghhWeyJeqRE2YdRgU68VrCXRh24B8JKVOvNeEv2w8sN+m\nd5Nzzj6t23SKmNLfK3s4v11NUFAW4N7VswgVBKHrFpJp8fUl3M4aA0nOdX6enr7c\nwyHo2/YXSfIZPcbqp/KYGURLf1yB6juzq2AWAGdY/gml/wOxoFU0vFNED3ykPh7e\nWVry1QECgYEA7qcUf7ZYv6L/QAPJsEjKskcFnXO3hAgwHWpCWiRl63eUGh7yvz+L\nKjUGH22G75xj+tQe41zkBhHwlu5wDExM7xhKlvs6WuwpvCBZN3JxrG2GlUSymdXc\nqBRJuRw6HUWijYG6W3Z2EhrjDRzhipKa/wsHOk5MnTUU5boS3Kx+Mf0CgYEA+04w\nuUZiq1agEuH9eJrgQQogvxDkfSP5jmYGU6ROgLo0qNvrY3Ij4m5BOFLh1Oixfk0S\n0lGFh6Sr36xsv4UFJaEydt8Qa88EW755lHPUqaEGYiaAyVOV9p2X8aFZREhxDWui\n+UB9Z2eSUCg67JTbZR0wziJ35xc2VKsBl6aRZecCgYAcs8eJXJrr4WSlhE8bfoWy\nT0xjlWk63ek7gG4efUYsvaL4SUSUr8XC+8GSwg96feqgXiag3akm+b1fyal8MSkH\nkHpYEjsAeGrEj3drbb4yKLII/cwlKE1zgY0kUDrFDnzwW+vX2DV3E/i+uPx/OAag\nKelin8wjFCFBR9HA7JX42QKBgQDVXMttYl7/jaqWnZywuv3O+qRW1CbKQLLuvZx9\ngzDLhkyTWTR+2DezVVy2T1hBhda8nv9t5ZzzT1JFs4UZDf0St8u6tSSiA791jUB4\nU+eopXhf+MS7KeZW3fJVSmIZ4U9qz4otCR3vnzXQLHfqyW+EZ8Y6HXWjlEeilxXh\nBaDI3QKBgG8JFsR53BH54UoVtZA1ihcP8KZ/MTi77uI5nc8SRKPw4jno0YO9xVee\n1c6HX74lX8Ol5pCybIK4rT1Gubl9LptQSJj9BHrdguTyu9NsufY8sTi+nW4M03pH\nXfEIe4S5E1A8ukb+va10TQqIqBz+s1A+YbTlBpaX31CzBBLZjrMu\n-----END RSA PRIVATE KEY-----\n",
            "content_base64": null,
            "content_base64sha256": "q6D3gXja7g1Mwre4vFOK5z4TqLBpt2meODfp+dLtWhE=",
            "content_base64sha512": "ETMWM3R6A6++gQXRUtZaRRny92cvReMXMCPJIe5PM8lovprAo0W54yJKzKfxfpDoro/YGdl3ogDyg9aJO6IVPQ==",
            "content_md5": "c1a583d1d0a0824a1f7b3dac2423af01",
            "content_sha1": "58a99d8f120285897ed8d10f7fe65bf8319be8ca",
            "content_sha256": "aba0f78178daee0d4cc2b7b8bc538ae73e13a8b069b7699e3837e9f9d2ed5a11",
            "content_sha512": "11331633747a03afbe8105d152d65a4519f2f7672f45e3173023c921ee4f33c968be9ac0a345b9e3224acca7f17e90e8ae8fd819d977a200f283d6893ba2153d",
            "directory_permission": "0777",
            "file_permission": "0777",
            "filename": "MyAWSKey.pem",
            "id": "58a99d8f120285897ed8d10f7fe65bf8319be8ca",
            "sensitive_content": null,
            "source": null
          },
          "sensitive_attributes": [
            [
              {
                "type": "get_attr",
                "value": "content"
              }
            ]
          ],
          "dependencies": [
            "module.key-pair.tls_private_key.generated"
          ]
        }
      ]
    },
    {
      "module": "module.key-pair",
      "mode": "managed",
      "type": "tls_private_key",
      "name": "generated",
      "provider": "provider[\"registry.terraform.io/hashicorp/tls\"]",
      "instances": [
        {
          "schema_version": 1,
          "attributes": {
            "algorithm": "RSA",
            "ecdsa_curve": "P224",
            "id": "ffee4b1635a4da78a0b4527a1a79830d277053d5",
            "private_key_openssh": "-----BEGIN OPENSSH PRIVATE KEY-----\nb3BlbnNzaC1rZXktdjEAAAAABG5vbmUAAAAEbm9uZQAAAAAAAAABAAABFwAAAAdz\nc2gtcnNhAAAAAwEAAQAAAQEA6ka1bYLmALW+yuEvPMuaMEk+V1Vu+8bjQjoCaJYJ\nScSOkJ9ppQBcOGs65okKr/Cv6AurFWoZp06F5whvk1+ToQMoLls+1jXXoFeLcZDe\ndTYVedoRLNpljSi5ejjRJf68xC+8sLFXLs+IgA0qFi/YL30lL4Y24hSxlO1x1uxb\n64BjPiqbxWtBGJ4E1ZK7Wn90pYWcYpjgVVB15ZEnObltmlNJQgiZ98dOCgA5vH+/\nciCEiVBT/Qtvw//aYGM5dnzle9Ymhk+ZZ2EXrbghIbPjYumd7KmgIFZ+ykQYLhdR\nGSUveC0btJ4tuggPc74KLZtE+4ASzXHUzwQf0BZMzeTsSwAAA7juxkXL7sZFywAA\nAAdzc2gtcnNhAAABAQDqRrVtguYAtb7K4S88y5owST5XVW77xuNCOgJolglJxI6Q\nn2mlAFw4azrmiQqv8K/oC6sVahmnToXnCG+TX5OhAyguWz7WNdegV4txkN51NhV5\n2hEs2mWNKLl6ONEl/rzEL7ywsVcuz4iADSoWL9gvfSUvhjbiFLGU7XHW7FvrgGM+\nKpvFa0EYngTVkrtaf3SlhZximOBVUHXlkSc5uW2aU0lCCJn3x04KADm8f79yIISJ\nUFP9C2/D/9pgYzl2fOV71iaGT5lnYRetuCEhs+Ni6Z3sqaAgVn7KRBguF1EZJS94\nLRu0ni26CA9zvgotm0T7gBLNcdTPBB/QFkzN5OxLAAAAAwEAAQAAAQAMAtQKaUuh\nfa/qduEVHNsq3pZzo82s2uWL361/7zFKtukYQRQJgZs4yUabyyrhGlXqb661ylrG\nWSBEWApgY+YNuzu0JLl0Ag6sCdD8YZEGMV+of6WhxxCtzAi2W3Ndn1HOPSRPasgt\nfjZhWktuF8XdqWzeouLtdGImYIYVnsiXqkRNmHUYFOvFawl0YduAfCSlTrzXhL9s\nPLDfpneTc84+rdt0ipjS3yt7OL9dTVBQFuDe1bMIFQSh6xaSafH1JdzOGgNJznV+\nnp6+3MMh6Nv2F0nyGT3G6qfymBlES39cgeo7s6tgFgBnWP4Jpf8DsaBVNLxTRA98\npD4e3lla8tUBAAAAgG8JFsR53BH54UoVtZA1ihcP8KZ/MTi77uI5nc8SRKPw4jno\n0YO9xVee1c6HX74lX8Ol5pCybIK4rT1Gubl9LptQSJj9BHrdguTyu9NsufY8sTi+\nnW4M03pHXfEIe4S5E1A8ukb+va10TQqIqBz+s1A+YbTlBpaX31CzBBLZjrMuAAAA\ngQDupxR/tli/ov9AA8mwSMqyRwWdc7eECDAdakJaJGXrd5QaHvK/P4sqNQYfbYbv\nnGP61B7jXOQGEfCW7nAMTEzvGEqW+zpa7Cm8IFk3cnGsbYaVRLKZ1dyoFEm5HDod\nRaKNgbpbdnYSGuMNHOGKkpr/Cwc6TkydNRTluhLcrH4x/QAAAIEA+04wuUZiq1ag\nEuH9eJrgQQogvxDkfSP5jmYGU6ROgLo0qNvrY3Ij4m5BOFLh1Oixfk0S0lGFh6Sr\n36xsv4UFJaEydt8Qa88EW755lHPUqaEGYiaAyVOV9p2X8aFZREhxDWui+UB9Z2eS\nUCg67JTbZR0wziJ35xc2VKsBl6aRZecAAAAAAQID\n-----END OPENSSH PRIVATE KEY-----\n",
            "private_key_pem": "-----BEGIN RSA PRIVATE KEY-----\nMIIEowIBAAKCAQEA6ka1bYLmALW+yuEvPMuaMEk+V1Vu+8bjQjoCaJYJScSOkJ9p\npQBcOGs65okKr/Cv6AurFWoZp06F5whvk1+ToQMoLls+1jXXoFeLcZDedTYVedoR\nLNpljSi5ejjRJf68xC+8sLFXLs+IgA0qFi/YL30lL4Y24hSxlO1x1uxb64BjPiqb\nxWtBGJ4E1ZK7Wn90pYWcYpjgVVB15ZEnObltmlNJQgiZ98dOCgA5vH+/ciCEiVBT\n/Qtvw//aYGM5dnzle9Ymhk+ZZ2EXrbghIbPjYumd7KmgIFZ+ykQYLhdRGSUveC0b\ntJ4tuggPc74KLZtE+4ASzXHUzwQf0BZMzeTsSwIDAQABAoIBAAwC1AppS6F9r+p2\n4RUc2yrelnOjzaza5YvfrX/vMUq26RhBFAmBmzjJRpvLKuEaVepvrrXKWsZZIERY\nCmBj5g27O7QkuXQCDqwJ0PxhkQYxX6h/paHHEK3MCLZbc12fUc49JE9qyC1+NmFa\nS24Xxd2pbN6i4u10YiZghhWeyJeqRE2YdRgU68VrCXRh24B8JKVOvNeEv2w8sN+m\nd5Nzzj6t23SKmNLfK3s4v11NUFAW4N7VswgVBKHrFpJp8fUl3M4aA0nOdX6enr7c\nwyHo2/YXSfIZPcbqp/KYGURLf1yB6juzq2AWAGdY/gml/wOxoFU0vFNED3ykPh7e\nWVry1QECgYEA7qcUf7ZYv6L/QAPJsEjKskcFnXO3hAgwHWpCWiRl63eUGh7yvz+L\nKjUGH22G75xj+tQe41zkBhHwlu5wDExM7xhKlvs6WuwpvCBZN3JxrG2GlUSymdXc\nqBRJuRw6HUWijYG6W3Z2EhrjDRzhipKa/wsHOk5MnTUU5boS3Kx+Mf0CgYEA+04w\nuUZiq1agEuH9eJrgQQogvxDkfSP5jmYGU6ROgLo0qNvrY3Ij4m5BOFLh1Oixfk0S\n0lGFh6Sr36xsv4UFJaEydt8Qa88EW755lHPUqaEGYiaAyVOV9p2X8aFZREhxDWui\n+UB9Z2eSUCg67JTbZR0wziJ35xc2VKsBl6aRZecCgYAcs8eJXJrr4WSlhE8bfoWy\nT0xjlWk63ek7gG4efUYsvaL4SUSUr8XC+8GSwg96feqgXiag3akm+b1fyal8MSkH\nkHpYEjsAeGrEj3drbb4yKLII/cwlKE1zgY0kUDrFDnzwW+vX2DV3E/i+uPx/OAag\nKelin8wjFCFBR9HA7JX42QKBgQDVXMttYl7/jaqWnZywuv3O+qRW1CbKQLLuvZx9\ngzDLhkyTWTR+2DezVVy2T1hBhda8nv9t5ZzzT1JFs4UZDf0St8u6tSSiA791jUB4\nU+eopXhf+MS7KeZW3fJVSmIZ4U9qz4otCR3vnzXQLHfqyW+EZ8Y6HXWjlEeilxXh\nBaDI3QKBgG8JFsR53BH54UoVtZA1ihcP8KZ/MTi77uI5nc8SRKPw4jno0YO9xVee\n1c6HX74lX8Ol5pCybIK4rT1Gubl9LptQSJj9BHrdguTyu9NsufY8sTi+nW4M03pH\nXfEIe4S5E1A8ukb+va10TQqIqBz+s1A+YbTlBpaX31CzBBLZjrMu\n-----END RSA PRIVATE KEY-----\n",
            "private_key_pem_pkcs8": "-----BEGIN PRIVATE KEY-----\nMIIEvQIBADANBgkqhkiG9w0BAQEFAASCBKcwggSjAgEAAoIBAQDqRrVtguYAtb7K\n4S88y5owST5XVW77xuNCOgJolglJxI6Qn2mlAFw4azrmiQqv8K/oC6sVahmnToXn\nCG+TX5OhAyguWz7WNdegV4txkN51NhV52hEs2mWNKLl6ONEl/rzEL7ywsVcuz4iA\nDSoWL9gvfSUvhjbiFLGU7XHW7FvrgGM+KpvFa0EYngTVkrtaf3SlhZximOBVUHXl\nkSc5uW2aU0lCCJn3x04KADm8f79yIISJUFP9C2/D/9pgYzl2fOV71iaGT5lnYRet\nuCEhs+Ni6Z3sqaAgVn7KRBguF1EZJS94LRu0ni26CA9zvgotm0T7gBLNcdTPBB/Q\nFkzN5OxLAgMBAAECggEADALUCmlLoX2v6nbhFRzbKt6Wc6PNrNrli9+tf+8xSrbp\nGEEUCYGbOMlGm8sq4RpV6m+utcpaxlkgRFgKYGPmDbs7tCS5dAIOrAnQ/GGRBjFf\nqH+loccQrcwItltzXZ9Rzj0kT2rILX42YVpLbhfF3als3qLi7XRiJmCGFZ7Il6pE\nTZh1GBTrxWsJdGHbgHwkpU6814S/bDyw36Z3k3POPq3bdIqY0t8rezi/XU1QUBbg\n3tWzCBUEoesWkmnx9SXczhoDSc51fp6evtzDIejb9hdJ8hk9xuqn8pgZREt/XIHq\nO7OrYBYAZ1j+CaX/A7GgVTS8U0QPfKQ+Ht5ZWvLVAQKBgQDupxR/tli/ov9AA8mw\nSMqyRwWdc7eECDAdakJaJGXrd5QaHvK/P4sqNQYfbYbvnGP61B7jXOQGEfCW7nAM\nTEzvGEqW+zpa7Cm8IFk3cnGsbYaVRLKZ1dyoFEm5HDodRaKNgbpbdnYSGuMNHOGK\nkpr/Cwc6TkydNRTluhLcrH4x/QKBgQD7TjC5RmKrVqAS4f14muBBCiC/EOR9I/mO\nZgZTpE6AujSo2+tjciPibkE4UuHU6LF+TRLSUYWHpKvfrGy/hQUloTJ23xBrzwRb\nvnmUc9SpoQZiJoDJU5X2nZfxoVlESHENa6L5QH1nZ5JQKDrslNtlHTDOInfnFzZU\nqwGXppFl5wKBgByzx4lcmuvhZKWETxt+hbJPTGOVaTrd6TuAbh59Riy9ovhJRJSv\nxcL7wZLCD3p96qBeJqDdqSb5vV/JqXwxKQeQelgSOwB4asSPd2ttvjIosgj9zCUo\nTXOBjSRQOsUOfPBb69fYNXcT+L64/H84BqAp6WKfzCMUIUFH0cDslfjZAoGBANVc\ny21iXv+NqpadnLC6/c76pFbUJspAsu69nH2DMMuGTJNZNH7YN7NVXLZPWEGF1rye\n/23lnPNPUkWzhRkN/RK3y7q1JKIDv3WNQHhT56ileF/4xLsp5lbd8lVKYhnhT2rP\nii0JHe+fNdAsd+rJb4RnxjoddaOUR6KXFeEFoMjdAoGAbwkWxHncEfnhShW1kDWK\nFw/wpn8xOLvu4jmdzxJEo/DiOejRg73FV57VzodfviVfw6XmkLJsgritPUa5uX0u\nm1BImP0Eet2C5PK702y59jyxOL6dbgzTekdd8Qh7hLkTUDy6Rv69rXRNCoioHP6z\nUD5htOUGlpffULMEEtmOsy4=\n-----END PRIVATE KEY-----\n",
            "public_key_fingerprint_md5": "3e:41:f3:14:4f:c6:d5:72:eb:bd:16:6f:b9:ca:6b:15",
            "public_key_fingerprint_sha256": "SHA256:lnsGn7VbmK/okdPi/lle5B+aIFDJxTv/QIN8xEqdkig",
            "public_key_openssh": "ssh-rsa AAAAB3NzaC1yc2EAAAADAQABAAABAQDqRrVtguYAtb7K4S88y5owST5XVW77xuNCOgJolglJxI6Qn2mlAFw4azrmiQqv8K/oC6sVahmnToXnCG+TX5OhAyguWz7WNdegV4txkN51NhV52hEs2mWNKLl6ONEl/rzEL7ywsVcuz4iADSoWL9gvfSUvhjbiFLGU7XHW7FvrgGM+KpvFa0EYngTVkrtaf3SlhZximOBVUHXlkSc5uW2aU0lCCJn3x04KADm8f79yIISJUFP9C2/D/9pgYzl2fOV71iaGT5lnYRetuCEhs+Ni6Z3sqaAgVn7KRBguF1EZJS94LRu0ni26CA9zvgotm0T7gBLNcdTPBB/QFkzN5OxL\n",
            "public_key_pem": "-----BEGIN PUBLIC KEY-----\nMIIBIjANBgkqhkiG9w0BAQEFAAOCAQ8AMIIBCgKCAQEA6ka1bYLmALW+yuEvPMua\nMEk+V1Vu+8bjQjoCaJYJScSOkJ9ppQBcOGs65okKr/Cv6AurFWoZp06F5whvk1+T\noQMoLls+1jXXoFeLcZDedTYVedoRLNpljSi5ejjRJf68xC+8sLFXLs+IgA0qFi/Y\nL30lL4Y24hSxlO1x1uxb64BjPiqbxWtBGJ4E1ZK7Wn90pYWcYpjgVVB15ZEnOblt\nmlNJQgiZ98dOCgA5vH+/ciCEiVBT/Qtvw//aYGM5dnzle9Ymhk+ZZ2EXrbghIbPj\nYumd7KmgIFZ+ykQYLhdRGSUveC0btJ4tuggPc74KLZtE+4ASzXHUzwQf0BZMzeTs\nSwIDAQAB\n-----END PUBLIC KEY-----\n",
            "rsa_bits": 2048
          },
          "sensitive_attributes": [],
          "create_before_destroy": true
        }
      ]
    },
    {
      "module": "module.nginx-config",
      "mode": "data",
      "type": "template_file",
      "name": "nginx_config",
      "provider": "provider[\"registry.terraform.io/hashicorp/template\"]",
      "instances": [
        {
          "schema_version": 0,
          "attributes": {
            "filename": null,
            "id": "2db0d2d460346c32257afee85917f0f98f48b72665d851dcb55677b3772205a0",
            "rendered": "# For more information on configuration, see:\r\n#   * Official English Documentation: http://nginx.org/en/docs/\r\n#   * Official Russian Documentation: http://nginx.org/ru/docs/\r\n\r\nuser nginx;\r\nworker_processes auto;\r\nerror_log /var/log/nginx/error.log;\r\npid /run/nginx.pid;\r\n\r\n# Load dynamic modules. See /usr/share/doc/nginx/README.dynamic.\r\ninclude /usr/share/nginx/modules/*.conf;\r\n\r\nevents {\r\n    worker_connections 1024;\r\n}\r\n\r\nhttp {\r\n    log_format  main  '$remote_addr - $remote_user [$time_local] \"$request\" '\r\n                      '$status $body_bytes_sent \"$http_referer\" '\r\n                      '\"$http_user_agent\" \"$http_x_forwarded_for\"';\r\n\r\n    access_log  /var/log/nginx/access.log  main;\r\n\r\n    sendfile            on;\r\n    tcp_nopush          on;\r\n    tcp_nodelay         on;\r\n    keepalive_timeout   65;\r\n    types_hash_max_size 4096;\r\n\r\n    include             /etc/nginx/mime.types;\r\n    default_type        application/octet-stream;\r\n\r\n    # Load modular configuration files from the /etc/nginx/conf.d directory.\r\n    # See http://nginx.org/en/docs/ngx_core_module.html#include\r\n    # for more information.\r\n    include /etc/nginx/conf.d/*.conf;\r\n\r\n    server {\r\n        listen       80;\r\n        listen       [::]:80;\r\n        server_name  _;\r\n\r\n        #health check\r\n        location /health {\r\n        default_type text/html;\r\n        return 200 \"\u003c!DOCTYPE html\u003e\u003cp\u003eWeb Tier Health Check\u003c/p\u003e\\n\";\r\n        }\r\n\r\n        #react app and front end files\r\n        location / {\r\n        root    /home/ec2-user/web-tier/build;\r\n        index index.html index.htm\r\n        try_files $uri /index.html;\r\n        }\r\n\r\n        #proxy for internal lb\r\n        location /api/{\r\n                proxy_pass http://internal-private-alb-apptier-1138871409.us-east-1.elb.amazonaws.com:80/;\r\n        }\r\n\r\n\r\n    }\r\n\r\n# Settings for a TLS enabled server.\r\n#\r\n#    server {\r\n#        listen       443 ssl http2;\r\n#        listen       [::]:443 ssl http2;\r\n#        server_name  _;\r\n#        root         /usr/share/nginx/html;\r\n#\r\n#        ssl_certificate \"/etc/pki/nginx/server.crt\";\r\n#        ssl_certificate_key \"/etc/pki/nginx/private/server.key\";\r\n#        ssl_session_cache shared:SSL:1m;\r\n#        ssl_session_timeout  10m;\r\n#        ssl_ciphers PROFILE=SYSTEM;\r\n#        ssl_prefer_server_ciphers on;\r\n#\r\n#        # Load configuration files for the default server block.\r\n#        include /etc/nginx/default.d/*.conf;\r\n#\r\n#        error_page 404 /404.html;\r\n#            location = /40x.html {\r\n#        }\r\n#\r\n#        error_page 500 502 503 504 /50x.html;\r\n#            location = /50x.html {\r\n#        }\r\n#    }\r\n\r\n}",
            "template": "# For more information on configuration, see:\r\n#   * Official English Documentation: http://nginx.org/en/docs/\r\n#   * Official Russian Documentation: http://nginx.org/ru/docs/\r\n\r\nuser nginx;\r\nworker_processes auto;\r\nerror_log /var/log/nginx/error.log;\r\npid /run/nginx.pid;\r\n\r\n# Load dynamic modules. See /usr/share/doc/nginx/README.dynamic.\r\ninclude /usr/share/nginx/modules/*.conf;\r\n\r\nevents {\r\n    worker_connections 1024;\r\n}\r\n\r\nhttp {\r\n    log_format  main  '$remote_addr - $remote_user [$time_local] \"$request\" '\r\n                      '$status $body_bytes_sent \"$http_referer\" '\r\n                      '\"$http_user_agent\" \"$http_x_forwarded_for\"';\r\n\r\n    access_log  /var/log/nginx/access.log  main;\r\n\r\n    sendfile            on;\r\n    tcp_nopush          on;\r\n    tcp_nodelay         on;\r\n    keepalive_timeout   65;\r\n    types_hash_max_size 4096;\r\n\r\n    include             /etc/nginx/mime.types;\r\n    default_type        application/octet-stream;\r\n\r\n    # Load modular configuration files from the /etc/nginx/conf.d directory.\r\n    # See http://nginx.org/en/docs/ngx_core_module.html#include\r\n    # for more information.\r\n    include /etc/nginx/conf.d/*.conf;\r\n\r\n    server {\r\n        listen       80;\r\n        listen       [::]:80;\r\n        server_name  _;\r\n\r\n        #health check\r\n        location /health {\r\n        default_type text/html;\r\n        return 200 \"\u003c!DOCTYPE html\u003e\u003cp\u003eWeb Tier Health Check\u003c/p\u003e\\n\";\r\n        }\r\n\r\n        #react app and front end files\r\n        location / {\r\n        root    /home/ec2-user/web-tier/build;\r\n        index index.html index.htm\r\n        try_files $uri /index.html;\r\n        }\r\n\r\n        #proxy for internal lb\r\n        location /api/{\r\n                proxy_pass http://${private-alb-dcn}:80/;\r\n        }\r\n\r\n\r\n    }\r\n\r\n# Settings for a TLS enabled server.\r\n#\r\n#    server {\r\n#        listen       443 ssl http2;\r\n#        listen       [::]:443 ssl http2;\r\n#        server_name  _;\r\n#        root         /usr/share/nginx/html;\r\n#\r\n#        ssl_certificate \"/etc/pki/nginx/server.crt\";\r\n#        ssl_certificate_key \"/etc/pki/nginx/private/server.key\";\r\n#        ssl_session_cache shared:SSL:1m;\r\n#        ssl_session_timeout  10m;\r\n#        ssl_ciphers PROFILE=SYSTEM;\r\n#        ssl_prefer_server_ciphers on;\r\n#\r\n#        # Load configuration files for the default server block.\r\n#        include /etc/nginx/default.d/*.conf;\r\n#\r\n#        error_page 404 /404.html;\r\n#            location = /40x.html {\r\n#        }\r\n#\r\n#        error_page 500 502 503 504 /50x.html;\r\n#            location = /50x.html {\r\n#        }\r\n#    }\r\n\r\n}",
            "vars": {
              "private-alb-dcn": "internal-private-alb-apptier-1138871409.us-east-1.elb.amazonaws.com"
            }
          },
          "sensitive_attributes": []
        }
      ]
    },
    {
      "module": "module.nginx-config",
      "mode": "managed",
      "type": "aws_s3_object",
      "name": "nginx_file",
      "provider": "provider[\"registry.terraform.io/hashicorp/aws\"]",
      "instances": [
        {
          "schema_version": 0,
          "attributes": {
            "acl": null,
            "bucket": "webapp-project-1e4e529b712a",
            "bucket_key_enabled": false,
            "cache_control": "",
            "content": null,
            "content_base64": null,
            "content_disposition": "",
            "content_encoding": "",
            "content_language": "",
            "content_type": "binary/octet-stream",
            "etag": "d41d8cd98f00b204e9800998ecf8427e",
            "force_destroy": false,
            "id": "nginx.config",
            "key": "nginx.config",
            "kms_key_id": null,
            "metadata": null,
            "object_lock_legal_hold_status": "",
            "object_lock_mode": "",
            "object_lock_retain_until_date": "",
            "server_side_encryption": "AES256",
            "source": null,
            "source_hash": null,
            "storage_class": "STANDARD",
            "tags": null,
            "tags_all": {},
            "version_id": "",
            "website_redirect": ""
          },
          "sensitive_attributes": [],
          "private": "bnVsbA==",
          "dependencies": [
            "module.nginx-config.data.template_file.nginx_config",
            "module.nginx-config.local_file.create_nginx_config_file",
            "module.private_alb.aws_lb.this",
            "module.private_alb.aws_security_group.this",
            "module.s3_bucket.aws_s3_bucket.this",
            "module.s3_bucket.aws_s3_bucket_policy.this",
            "module.security-group.aws_security_group.private_alb_sg",
            "module.vpc.aws_subnet.private_subnets",
            "module.vpc.aws_vpc.vpc",
            "module.vpc.data.aws_availability_zones.available"
          ],
          "create_before_destroy": true
        }
      ]
    },
    {
      "module": "module.nginx-config",
      "mode": "managed",
      "type": "local_file",
      "name": "create_nginx_config_file",
      "provider": "provider[\"registry.terraform.io/hashicorp/local\"]",
      "instances": [
        {
          "schema_version": 0,
          "attributes": {
            "content": "# For more information on configuration, see:\r\n#   * Official English Documentation: http://nginx.org/en/docs/\r\n#   * Official Russian Documentation: http://nginx.org/ru/docs/\r\n\r\nuser nginx;\r\nworker_processes auto;\r\nerror_log /var/log/nginx/error.log;\r\npid /run/nginx.pid;\r\n\r\n# Load dynamic modules. See /usr/share/doc/nginx/README.dynamic.\r\ninclude /usr/share/nginx/modules/*.conf;\r\n\r\nevents {\r\n    worker_connections 1024;\r\n}\r\n\r\nhttp {\r\n    log_format  main  '$remote_addr - $remote_user [$time_local] \"$request\" '\r\n                      '$status $body_bytes_sent \"$http_referer\" '\r\n                      '\"$http_user_agent\" \"$http_x_forwarded_for\"';\r\n\r\n    access_log  /var/log/nginx/access.log  main;\r\n\r\n    sendfile            on;\r\n    tcp_nopush          on;\r\n    tcp_nodelay         on;\r\n    keepalive_timeout   65;\r\n    types_hash_max_size 4096;\r\n\r\n    include             /etc/nginx/mime.types;\r\n    default_type        application/octet-stream;\r\n\r\n    # Load modular configuration files from the /etc/nginx/conf.d directory.\r\n    # See http://nginx.org/en/docs/ngx_core_module.html#include\r\n    # for more information.\r\n    include /etc/nginx/conf.d/*.conf;\r\n\r\n    server {\r\n        listen       80;\r\n        listen       [::]:80;\r\n        server_name  _;\r\n\r\n        #health check\r\n        location /health {\r\n        default_type text/html;\r\n        return 200 \"\u003c!DOCTYPE html\u003e\u003cp\u003eWeb Tier Health Check\u003c/p\u003e\\n\";\r\n        }\r\n\r\n        #react app and front end files\r\n        location / {\r\n        root    /home/ec2-user/web-tier/build;\r\n        index index.html index.htm\r\n        try_files $uri /index.html;\r\n        }\r\n\r\n        #proxy for internal lb\r\n        location /api/{\r\n                proxy_pass http://internal-private-alb-apptier-1138871409.us-east-1.elb.amazonaws.com:80/;\r\n        }\r\n\r\n\r\n    }\r\n\r\n# Settings for a TLS enabled server.\r\n#\r\n#    server {\r\n#        listen       443 ssl http2;\r\n#        listen       [::]:443 ssl http2;\r\n#        server_name  _;\r\n#        root         /usr/share/nginx/html;\r\n#\r\n#        ssl_certificate \"/etc/pki/nginx/server.crt\";\r\n#        ssl_certificate_key \"/etc/pki/nginx/private/server.key\";\r\n#        ssl_session_cache shared:SSL:1m;\r\n#        ssl_session_timeout  10m;\r\n#        ssl_ciphers PROFILE=SYSTEM;\r\n#        ssl_prefer_server_ciphers on;\r\n#\r\n#        # Load configuration files for the default server block.\r\n#        include /etc/nginx/default.d/*.conf;\r\n#\r\n#        error_page 404 /404.html;\r\n#            location = /40x.html {\r\n#        }\r\n#\r\n#        error_page 500 502 503 504 /50x.html;\r\n#            location = /50x.html {\r\n#        }\r\n#    }\r\n\r\n}",
            "content_base64": null,
            "content_base64sha256": "LbDS1GA0bDIlev7oWRfw+Y9ItyZl2FHctVZ3s3ciBaA=",
            "content_base64sha512": "ijPcJ6qLX8qV7sD5NqV0akESzeAEjCw68vi28JPpTHZtynF7fn406vuzhAv71ZyWJdlKS+SKDTSONsYqhPly1A==",
            "content_md5": "0c1c3c0a387db821589414a6afa91a2b",
            "content_sha1": "cfbd9c1b9afb68b68acdb37a049361795f9a7c1e",
            "content_sha256": "2db0d2d460346c32257afee85917f0f98f48b72665d851dcb55677b3772205a0",
            "content_sha512": "8a33dc27aa8b5fca95eec0f936a5746a4112cde0048c2c3af2f8b6f093e94c766dca717b7e7e34eafbb3840bfbd59c9625d94a4be48a0d348e36c62a84f972d4",
            "directory_permission": "0777",
            "file_permission": "0777",
            "filename": "C://Users//dveg7//OneDrive//Documentos//AWS//3 Tier Web App Project//aws-three-tier-web-architecture-workshop-main//application-code//nginx.conf",
            "id": "cfbd9c1b9afb68b68acdb37a049361795f9a7c1e",
            "sensitive_content": null,
            "source": null
          },
          "sensitive_attributes": [],
          "dependencies": [
            "module.nginx-config.data.template_file.nginx_config",
            "module.private_alb.aws_lb.this",
            "module.private_alb.aws_security_group.this",
            "module.security-group.aws_security_group.private_alb_sg",
            "module.vpc.aws_subnet.private_subnets",
            "module.vpc.aws_vpc.vpc",
            "module.vpc.data.aws_availability_zones.available"
          ],
          "create_before_destroy": true
        }
      ]
    },
    {
      "module": "module.private-ec2-batch_script",
      "mode": "data",
      "type": "template_file",
      "name": "user_data",
      "provider": "provider[\"registry.terraform.io/hashicorp/template\"]",
      "instances": [
        {
          "schema_version": 0,
          "attributes": {
            "filename": null,
            "id": "1a12dd13edcfedbc820dacf2e4412219dde40542ce8eafb3f227aa46c99beb01",
            "rendered": "#!/bin/bash\n\nsudo -u ec2-user -i\n# Actualizar e instalar MariaDB\nsudo dnf update -y\nsudo dnf install mariadb105 -y\n\n# Configurar MySQL\nmysql -h terraform-20230903043900547300000006.ca56pdjfburr.us-east-1.rds.amazonaws.com -u admin --password=project1234 \u003c\u003cEOF\nCREATE DATABASE IF NOT EXISTS webappdb;\nUSE webappdb;\n\nCREATE TABLE IF NOT EXISTS transactions(id INT NOT NULL AUTO_INCREMENT, amount DECIMAL(10,2), description VARCHAR(100), PRIMARY KEY(id));\n\nINSERT INTO transactions (amount,description) VALUES ('400','groceries');\nEOF\n\ncurl -o- https://raw.githubusercontent.com/nvm-sh/nvm/v0.38.0/install.sh | bash\nsource ~/.bashrc\nnvm install 16\nnvm use 16\nnpm install -g pm2\n\ncd ~/\naws s3 cp s3://webapp-project-1e4e529b712a/app-tier/ app-tier --recursive\n\ncd ~/app-tier\nnpm install\n\npm2 start index.js\npm2 list\npm2 startup\n\n#copy.....\n\npm2 save\n\n# rm /var/lib/cloud/instances/instance-id/\n",
            "template": "#!/bin/bash\n\nsudo -u ec2-user -i\n# Actualizar e instalar MariaDB\nsudo dnf update -y\nsudo dnf install mariadb105 -y\n\n# Configurar MySQL\nmysql -h ${db_host} -u ${db_user} --password=${db_password} \u003c\u003cEOF\nCREATE DATABASE IF NOT EXISTS webappdb;\nUSE webappdb;\n\nCREATE TABLE IF NOT EXISTS transactions(id INT NOT NULL AUTO_INCREMENT, amount DECIMAL(10,2), description VARCHAR(100), PRIMARY KEY(id));\n\nINSERT INTO transactions (amount,description) VALUES ('400','groceries');\nEOF\n\ncurl -o- https://raw.githubusercontent.com/nvm-sh/nvm/v0.38.0/install.sh | bash\nsource ~/.bashrc\nnvm install 16\nnvm use 16\nnpm install -g pm2\n\ncd ~/\naws s3 cp s3://${s3_bucket_name}/app-tier/ app-tier --recursive\n\ncd ~/app-tier\nnpm install\n\npm2 start index.js\npm2 list\npm2 startup\n\n#copy.....\n\npm2 save\n\n# rm /var/lib/cloud/instances/instance-id/\n",
            "vars": {
              "db_host": "terraform-20230903043900547300000006.ca56pdjfburr.us-east-1.rds.amazonaws.com",
              "db_password": "project1234",
              "db_user": "admin",
              "s3_bucket_name": "webapp-project-1e4e529b712a"
            }
          },
          "sensitive_attributes": []
        }
      ]
    },
    {
      "module": "module.private-ec2-batch_script",
      "mode": "managed",
      "type": "local_file",
      "name": "user-data_file",
      "provider": "provider[\"registry.terraform.io/hashicorp/local\"]",
      "instances": [
        {
          "schema_version": 0,
          "attributes": {
            "content": "#!/bin/bash\n\nsudo -u ec2-user -i\n# Actualizar e instalar MariaDB\nsudo dnf update -y\nsudo dnf install mariadb105 -y\n\n# Configurar MySQL\nmysql -h terraform-20230903043900547300000006.ca56pdjfburr.us-east-1.rds.amazonaws.com -u admin --password=project1234 \u003c\u003cEOF\nCREATE DATABASE IF NOT EXISTS webappdb;\nUSE webappdb;\n\nCREATE TABLE IF NOT EXISTS transactions(id INT NOT NULL AUTO_INCREMENT, amount DECIMAL(10,2), description VARCHAR(100), PRIMARY KEY(id));\n\nINSERT INTO transactions (amount,description) VALUES ('400','groceries');\nEOF\n\ncurl -o- https://raw.githubusercontent.com/nvm-sh/nvm/v0.38.0/install.sh | bash\nsource ~/.bashrc\nnvm install 16\nnvm use 16\nnpm install -g pm2\n\ncd ~/\naws s3 cp s3://webapp-project-1e4e529b712a/app-tier/ app-tier --recursive\n\ncd ~/app-tier\nnpm install\n\npm2 start index.js\npm2 list\npm2 startup\n\n#copy.....\n\npm2 save\n\n# rm /var/lib/cloud/instances/instance-id/\n",
            "content_base64": null,
            "content_base64sha256": "GhLdE+3P7byCDazy5EEiGd3kBULOjq+z8ieqRsmb6wE=",
            "content_base64sha512": "mpWO2YkVHM4uQJEVRAYP4n4Mzj1gPV6RVUTujHzCWK2O3QSbEjEOeEEYc/GjdRvuRIIoXa8Tgwp+LJ4v0hs/uw==",
            "content_md5": "d8c1891587ff1821156de6706ce07c3f",
            "content_sha1": "0927b6a1c8a4bc4a6c664fecd34bfba1cc94c361",
            "content_sha256": "1a12dd13edcfedbc820dacf2e4412219dde40542ce8eafb3f227aa46c99beb01",
            "content_sha512": "9a958ed989151cce2e40911544060fe27e0cce3d603d5e915544ee8c7cc258ad8edd049b12310e78411873f1a3751bee4482285daf13830a7e2c9e2fd21b3fbb",
            "directory_permission": "0777",
            "file_permission": "0777",
            "filename": "user_data.sh",
            "id": "0927b6a1c8a4bc4a6c664fecd34bfba1cc94c361",
            "sensitive_content": null,
            "source": null
          },
          "sensitive_attributes": [],
          "dependencies": [
            "module.private-ec2-batch_script.data.template_file.user_data",
            "module.rds-mysql.aws_db_instance.db_mysql",
            "module.rds-mysql.aws_db_subnet_group.rds_db_subnetgroup",
            "module.s3_bucket.aws_s3_bucket.this",
            "module.s3_bucket.aws_s3_bucket_policy.this",
            "module.s3_bucket.aws_s3_bucket_public_access_block.this",
            "module.s3_bucket.data.aws_caller_identity.current",
            "module.s3_bucket.data.aws_iam_policy_document.access_log_delivery",
            "module.s3_bucket.data.aws_iam_policy_document.combined",
            "module.s3_bucket.data.aws_iam_policy_document.deny_incorrect_encryption_headers",
            "module.s3_bucket.data.aws_iam_policy_document.deny_incorrect_kms_key_sse",
            "module.s3_bucket.data.aws_iam_policy_document.deny_insecure_transport",
            "module.s3_bucket.data.aws_iam_policy_document.deny_unencrypted_object_uploads",
            "module.s3_bucket.data.aws_iam_policy_document.elb_log_delivery",
            "module.s3_bucket.data.aws_iam_policy_document.inventory_and_analytics_destination_policy",
            "module.s3_bucket.data.aws_iam_policy_document.lb_log_delivery",
            "module.s3_bucket.data.aws_iam_policy_document.require_latest_tls",
            "module.s3_bucket.data.aws_partition.current",
            "module.s3_bucket.data.aws_region.current",
            "module.security-group.aws_security_group.db_sg",
            "module.security-group.aws_security_group.private_alb_sg",
            "module.security-group.aws_security_group.private_servers_sg",
            "module.security-group.aws_security_group.public_alb_sg",
            "module.security-group.aws_security_group.webtier_servers_sg",
            "module.vpc.aws_subnet.private_subnets_db",
            "module.vpc.aws_vpc.vpc",
            "module.vpc.data.aws_availability_zones.available",
            "random_id.s3-bucket-id"
          ]
        }
      ]
    },
    {
      "module": "module.private-ec2-server",
      "mode": "managed",
      "type": "aws_instance",
      "name": "private_server",
      "provider": "provider[\"registry.terraform.io/hashicorp/aws\"]",
      "instances": [
        {
          "schema_version": 1,
          "attributes": {
            "ami": "ami-051f7e7f6c2f40dc1",
            "arn": "arn:aws:ec2:us-east-1:526753475890:instance/i-07f3325458b0bd07f",
            "associate_public_ip_address": false,
            "availability_zone": "us-east-1a",
            "capacity_reservation_specification": [
              {
                "capacity_reservation_preference": "open",
                "capacity_reservation_target": []
              }
            ],
            "cpu_core_count": 1,
            "cpu_options": [
              {
                "amd_sev_snp": "",
                "core_count": 1,
                "threads_per_core": 1
              }
            ],
            "cpu_threads_per_core": 1,
            "credit_specification": [
              {
                "cpu_credits": "standard"
              }
            ],
            "disable_api_stop": false,
            "disable_api_termination": false,
            "ebs_block_device": [],
            "ebs_optimized": false,
            "enclave_options": [
              {
                "enabled": false
              }
            ],
            "ephemeral_block_device": [],
            "get_password_data": false,
            "hibernation": false,
            "host_id": "",
            "host_resource_group_arn": null,
            "iam_instance_profile": "EC2_role",
            "id": "i-07f3325458b0bd07f",
            "instance_initiated_shutdown_behavior": "stop",
            "instance_lifecycle": "",
            "instance_market_options": [],
            "instance_state": "running",
            "instance_type": "t2.micro",
            "ipv6_address_count": 0,
            "ipv6_addresses": [],
            "key_name": "",
            "launch_template": [],
            "maintenance_options": [
              {
                "auto_recovery": "default"
              }
            ],
            "metadata_options": [
              {
                "http_endpoint": "enabled",
                "http_protocol_ipv6": "disabled",
                "http_put_response_hop_limit": 2,
                "http_tokens": "required",
                "instance_metadata_tags": "disabled"
              }
            ],
            "monitoring": false,
            "network_interface": [],
            "outpost_arn": "",
            "password_data": "",
            "placement_group": "",
            "placement_partition_number": 0,
            "primary_network_interface_id": "eni-0610ee1c2bf772a7a",
            "private_dns": "ip-10-0-0-133.ec2.internal",
            "private_dns_name_options": [
              {
                "enable_resource_name_dns_a_record": false,
                "enable_resource_name_dns_aaaa_record": false,
                "hostname_type": "ip-name"
              }
            ],
            "private_ip": "10.0.0.133",
            "public_dns": "",
            "public_ip": "",
            "root_block_device": [
              {
                "delete_on_termination": true,
                "device_name": "/dev/xvda",
                "encrypted": false,
                "iops": 3000,
                "kms_key_id": "",
                "tags": {},
                "throughput": 125,
                "volume_id": "vol-0700517642fb152fe",
                "volume_size": 8,
                "volume_type": "gp3"
              }
            ],
            "secondary_private_ips": [],
            "security_groups": [],
            "source_dest_check": true,
            "spot_instance_request_id": "",
            "subnet_id": "subnet-072bc70cf406a83ea",
            "tags": {
              "Name": "Private AppTier EC2 Server"
            },
            "tags_all": {
              "Name": "Private AppTier EC2 Server"
            },
            "tenancy": "default",
            "timeouts": null,
            "user_data": null,
            "user_data_base64": null,
            "user_data_replace_on_change": false,
            "volume_tags": null,
            "vpc_security_group_ids": [
              "sg-0247ffdcee2949fb4"
            ]
          },
          "sensitive_attributes": [],
          "private": "eyJlMmJmYjczMC1lY2FhLTExZTYtOGY4OC0zNDM2M2JjN2M0YzAiOnsiY3JlYXRlIjo2MDAwMDAwMDAwMDAsImRlbGV0ZSI6MTIwMDAwMDAwMDAwMCwidXBkYXRlIjo2MDAwMDAwMDAwMDB9LCJzY2hlbWFfdmVyc2lvbiI6IjEifQ==",
          "dependencies": [
            "data.aws_ami.amazon_linux",
            "module.ec2-iam-role.aws_iam_instance_profile.this",
            "module.ec2-iam-role.aws_iam_role.this",
            "module.ec2-iam-role.data.aws_iam_policy_document.this",
            "module.security-group.aws_security_group.private_alb_sg",
            "module.security-group.aws_security_group.private_servers_sg",
            "module.security-group.aws_security_group.public_alb_sg",
            "module.security-group.aws_security_group.webtier_servers_sg",
            "module.vpc.aws_subnet.private_subnets",
            "module.vpc.aws_vpc.vpc",
            "module.vpc.data.aws_availability_zones.available"
          ],
          "create_before_destroy": true
        }
      ]
    },
    {
      "module": "module.private_alb",
      "mode": "managed",
      "type": "aws_lb",
      "name": "this",
      "provider": "provider[\"registry.terraform.io/hashicorp/aws\"]",
      "instances": [
        {
          "index_key": 0,
          "schema_version": 0,
          "attributes": {
            "access_logs": [
              {
                "bucket": "",
                "enabled": false,
                "prefix": ""
              }
            ],
            "arn": "arn:aws:elasticloadbalancing:us-east-1:526753475890:loadbalancer/app/private-alb-apptier/2ed755adc9a64acb",
            "arn_suffix": "app/private-alb-apptier/2ed755adc9a64acb",
            "customer_owned_ipv4_pool": "",
            "desync_mitigation_mode": "defensive",
            "dns_name": "internal-private-alb-apptier-1138871409.us-east-1.elb.amazonaws.com",
            "drop_invalid_header_fields": false,
            "enable_cross_zone_load_balancing": true,
            "enable_deletion_protection": false,
            "enable_http2": true,
            "enable_tls_version_and_cipher_suite_headers": false,
            "enable_waf_fail_open": false,
            "enable_xff_client_port": true,
            "id": "arn:aws:elasticloadbalancing:us-east-1:526753475890:loadbalancer/app/private-alb-apptier/2ed755adc9a64acb",
            "idle_timeout": 60,
            "internal": true,
            "ip_address_type": "ipv4",
            "load_balancer_type": "application",
            "name": "private-alb-apptier",
            "name_prefix": null,
            "preserve_host_header": false,
            "security_groups": [
              "sg-09228b6ca6c7bfa87",
              "sg-0d1c8e1fc79b5bf46"
            ],
            "subnet_mapping": [
              {
                "allocation_id": "",
                "ipv6_address": "",
                "outpost_id": "",
                "private_ipv4_address": "",
                "subnet_id": "subnet-04f519a5b4dc96364"
              },
              {
                "allocation_id": "",
                "ipv6_address": "",
                "outpost_id": "",
                "private_ipv4_address": "",
                "subnet_id": "subnet-072bc70cf406a83ea"
              }
            ],
            "subnets": [
              "subnet-04f519a5b4dc96364",
              "subnet-072bc70cf406a83ea"
            ],
            "tags": {
              "Name": "private-alb-apptier"
            },
            "tags_all": {
              "Name": "private-alb-apptier"
            },
            "timeouts": {
              "create": "10m",
              "delete": "10m",
              "update": "10m"
            },
            "vpc_id": "vpc-08572bb8af31b1c5f",
            "xff_header_processing_mode": "append",
            "zone_id": "Z35SXDOTRQ7X7K"
          },
          "sensitive_attributes": [],
          "private": "eyJlMmJmYjczMC1lY2FhLTExZTYtOGY4OC0zNDM2M2JjN2M0YzAiOnsiY3JlYXRlIjo2MDAwMDAwMDAwMDAsImRlbGV0ZSI6NjAwMDAwMDAwMDAwLCJ1cGRhdGUiOjYwMDAwMDAwMDAwMH19",
          "dependencies": [
            "module.private_alb.aws_security_group.this",
            "module.security-group.aws_security_group.private_alb_sg",
            "module.vpc.aws_subnet.private_subnets",
            "module.vpc.aws_vpc.vpc",
            "module.vpc.data.aws_availability_zones.available"
          ],
          "create_before_destroy": true
        }
      ]
    },
    {
      "module": "module.private_alb",
      "mode": "managed",
      "type": "aws_lb_listener",
      "name": "frontend_http_tcp",
      "provider": "provider[\"registry.terraform.io/hashicorp/aws\"]",
      "instances": [
        {
          "index_key": 0,
          "schema_version": 0,
          "attributes": {
            "alpn_policy": null,
            "arn": "arn:aws:elasticloadbalancing:us-east-1:526753475890:listener/app/private-alb-apptier/2ed755adc9a64acb/ab76ffa6a7061f99",
            "certificate_arn": null,
            "default_action": [
              {
                "authenticate_cognito": [],
                "authenticate_oidc": [],
                "fixed_response": [],
                "forward": [],
                "order": 1,
                "redirect": [],
                "target_group_arn": "arn:aws:elasticloadbalancing:us-east-1:526753475890:targetgroup/apptie20230903045856167300000004/8eca4c432595bdda",
                "type": "forward"
              }
            ],
            "id": "arn:aws:elasticloadbalancing:us-east-1:526753475890:listener/app/private-alb-apptier/2ed755adc9a64acb/ab76ffa6a7061f99",
            "load_balancer_arn": "arn:aws:elasticloadbalancing:us-east-1:526753475890:loadbalancer/app/private-alb-apptier/2ed755adc9a64acb",
            "port": 80,
            "protocol": "HTTP",
            "ssl_policy": "",
            "tags": null,
            "tags_all": {},
            "timeouts": null
          },
          "sensitive_attributes": [],
          "private": "eyJlMmJmYjczMC1lY2FhLTExZTYtOGY4OC0zNDM2M2JjN2M0YzAiOnsicmVhZCI6NjAwMDAwMDAwMDAwfX0=",
          "dependencies": [
            "module.private_alb.aws_lb.this",
            "module.private_alb.aws_lb_target_group.main",
            "module.private_alb.aws_security_group.this",
            "module.security-group.aws_security_group.private_alb_sg",
            "module.vpc.aws_subnet.private_subnets",
            "module.vpc.aws_vpc.vpc",
            "module.vpc.data.aws_availability_zones.available"
          ]
        }
      ]
    },
    {
      "module": "module.private_alb",
      "mode": "managed",
      "type": "aws_lb_target_group",
      "name": "main",
      "provider": "provider[\"registry.terraform.io/hashicorp/aws\"]",
      "instances": [
        {
          "index_key": 0,
          "schema_version": 0,
          "attributes": {
            "arn": "arn:aws:elasticloadbalancing:us-east-1:526753475890:targetgroup/apptie20230903045856167300000004/8eca4c432595bdda",
            "arn_suffix": "targetgroup/apptie20230903045856167300000004/8eca4c432595bdda",
            "connection_termination": false,
            "deregistration_delay": "300",
            "health_check": [
              {
                "enabled": true,
                "healthy_threshold": 3,
                "interval": 30,
                "matcher": "200",
                "path": "/health",
                "port": "traffic-port",
                "protocol": "HTTP",
                "timeout": 5,
                "unhealthy_threshold": 3
              }
            ],
            "id": "arn:aws:elasticloadbalancing:us-east-1:526753475890:targetgroup/apptie20230903045856167300000004/8eca4c432595bdda",
            "ip_address_type": "ipv4",
            "lambda_multi_value_headers_enabled": false,
            "load_balancing_algorithm_type": "round_robin",
            "load_balancing_cross_zone_enabled": "use_load_balancer_configuration",
            "name": "apptie20230903045856167300000004",
            "name_prefix": "apptie",
            "port": 4000,
            "preserve_client_ip": null,
            "protocol": "HTTP",
            "protocol_version": "HTTP1",
            "proxy_protocol_v2": false,
            "slow_start": 0,
            "stickiness": [
              {
                "cookie_duration": 86400,
                "cookie_name": "",
                "enabled": false,
                "type": "lb_cookie"
              }
            ],
            "tags": {
              "Name": "apptie"
            },
            "tags_all": {
              "Name": "apptie"
            },
            "target_failover": [
              {
                "on_deregistration": null,
                "on_unhealthy": null
              }
            ],
            "target_type": "instance",
            "vpc_id": "vpc-08572bb8af31b1c5f"
          },
          "sensitive_attributes": [],
          "private": "bnVsbA==",
          "dependencies": [
            "module.vpc.aws_vpc.vpc"
          ],
          "create_before_destroy": true
        }
      ]
    },
    {
      "module": "module.private_alb",
      "mode": "managed",
      "type": "aws_security_group",
      "name": "this",
      "provider": "provider[\"registry.terraform.io/hashicorp/aws\"]",
      "instances": [
        {
          "index_key": 0,
          "schema_version": 1,
          "attributes": {
            "arn": "arn:aws:ec2:us-east-1:526753475890:security-group/sg-09228b6ca6c7bfa87",
            "description": "Managed by Terraform",
            "egress": [],
            "id": "sg-09228b6ca6c7bfa87",
            "ingress": [],
            "name": "private-alb-apptier-20230903045856159100000001",
            "name_prefix": "private-alb-apptier-",
            "owner_id": "526753475890",
            "revoke_rules_on_delete": false,
            "tags": {
              "Name": "private-alb-apptier"
            },
            "tags_all": {
              "Name": "private-alb-apptier"
            },
            "timeouts": null,
            "vpc_id": "vpc-08572bb8af31b1c5f"
          },
          "sensitive_attributes": [],
          "private": "eyJlMmJmYjczMC1lY2FhLTExZTYtOGY4OC0zNDM2M2JjN2M0YzAiOnsiY3JlYXRlIjo2MDAwMDAwMDAwMDAsImRlbGV0ZSI6OTAwMDAwMDAwMDAwfSwic2NoZW1hX3ZlcnNpb24iOiIxIn0=",
          "dependencies": [
            "module.vpc.aws_vpc.vpc"
          ],
          "create_before_destroy": true
        }
      ]
    },
    {
      "module": "module.private_asg",
      "mode": "data",
      "type": "aws_default_tags",
      "name": "current",
      "provider": "provider[\"registry.terraform.io/hashicorp/aws\"]",
      "instances": [
        {
          "schema_version": 0,
          "attributes": {
            "id": "aws",
            "tags": {}
          },
          "sensitive_attributes": []
        }
      ]
    },
    {
      "module": "module.private_asg",
      "mode": "data",
      "type": "aws_partition",
      "name": "current",
      "provider": "provider[\"registry.terraform.io/hashicorp/aws\"]",
      "instances": [
        {
          "schema_version": 0,
          "attributes": {
            "dns_suffix": "amazonaws.com",
            "id": "aws",
            "partition": "aws",
            "reverse_dns_prefix": "com.amazonaws"
          },
          "sensitive_attributes": []
        }
      ]
    },
    {
      "module": "module.private_asg",
      "mode": "managed",
      "type": "aws_autoscaling_group",
      "name": "this",
      "provider": "provider[\"registry.terraform.io/hashicorp/aws\"]",
      "instances": [
        {
          "index_key": 0,
          "schema_version": 1,
          "attributes": {
            "arn": "arn:aws:autoscaling:us-east-1:526753475890:autoScalingGroup:beb6a69d-b277-4684-8b4d-843369572cb5:autoScalingGroupName/private-alb-asg-20230903050205234700000008",
            "availability_zones": [
              "us-east-1a",
              "us-east-1b"
            ],
            "capacity_rebalance": false,
            "context": "",
            "default_cooldown": 300,
            "default_instance_warmup": 0,
            "desired_capacity": 2,
            "desired_capacity_type": "",
            "enabled_metrics": null,
            "force_delete": false,
            "force_delete_warm_pool": false,
            "health_check_grace_period": 300,
            "health_check_type": "ELB",
            "id": "private-alb-asg-20230903050205234700000008",
            "ignore_failed_scaling_activities": false,
            "initial_lifecycle_hook": [],
            "instance_refresh": [],
            "launch_configuration": "",
            "launch_template": [
              {
                "id": "lt-02adc3bd970942cb5",
                "name": "launch_template_private-servers-20230903050204754300000006",
                "version": "1"
              }
            ],
            "load_balancers": [],
            "max_instance_lifetime": 0,
            "max_size": 2,
            "metrics_granularity": "1Minute",
            "min_elb_capacity": null,
            "min_size": 2,
            "mixed_instances_policy": [],
            "name": "private-alb-asg-20230903050205234700000008",
            "name_prefix": "private-alb-asg-",
            "placement_group": "",
            "predicted_capacity": 0,
            "protect_from_scale_in": false,
            "service_linked_role_arn": "arn:aws:iam::526753475890:role/aws-service-role/autoscaling.amazonaws.com/AWSServiceRoleForAutoScaling",
            "suspended_processes": null,
            "tag": [
              {
                "key": "Name",
                "propagate_at_launch": true,
                "value": "private-alb-asg"
              }
            ],
            "target_group_arns": [
              "arn:aws:elasticloadbalancing:us-east-1:526753475890:targetgroup/apptie20230903045856167300000004/8eca4c432595bdda"
            ],
            "termination_policies": [],
            "timeouts": {
              "delete": null,
              "update": null
            },
            "traffic_source": [
              {
                "identifier": "arn:aws:elasticloadbalancing:us-east-1:526753475890:targetgroup/apptie20230903045856167300000004/8eca4c432595bdda",
                "type": "elbv2"
              }
            ],
            "vpc_zone_identifier": [
              "subnet-04f519a5b4dc96364",
              "subnet-072bc70cf406a83ea"
            ],
            "wait_for_capacity_timeout": "0",
            "wait_for_elb_capacity": null,
            "warm_pool": [],
            "warm_pool_size": 0
          },
          "sensitive_attributes": [],
          "private": "eyJlMmJmYjczMC1lY2FhLTExZTYtOGY4OC0zNDM2M2JjN2M0YzAiOnsiZGVsZXRlIjo2MDAwMDAwMDAwMDAsInVwZGF0ZSI6NjAwMDAwMDAwMDAwfSwic2NoZW1hX3ZlcnNpb24iOiIxIn0=",
          "dependencies": [
            "aws_ami_from_instance.app-tier-ami",
            "module.ec2-iam-role.aws_iam_instance_profile.this",
            "module.private-ec2-server.aws_instance.private_server",
            "module.private_alb.aws_lb_target_group.main",
            "module.private_asg.aws_iam_instance_profile.this",
            "module.private_asg.aws_launch_template.this",
            "module.private_asg.data.aws_default_tags.current",
            "module.security-group.aws_security_group.private_servers_sg",
            "module.vpc.aws_subnet.private_subnets",
            "module.vpc.aws_vpc.vpc",
            "module.vpc.data.aws_availability_zones.available"
          ],
          "create_before_destroy": true
        }
      ]
    },
    {
      "module": "module.private_asg",
      "mode": "managed",
      "type": "aws_launch_template",
      "name": "this",
      "provider": "provider[\"registry.terraform.io/hashicorp/aws\"]",
      "instances": [
        {
          "index_key": 0,
          "schema_version": 0,
          "attributes": {
            "arn": "arn:aws:ec2:us-east-1:526753475890:launch-template/lt-02adc3bd970942cb5",
            "block_device_mappings": [],
            "capacity_reservation_specification": [],
            "cpu_options": [],
            "credit_specification": [],
            "default_version": 1,
            "description": "",
            "disable_api_stop": false,
            "disable_api_termination": false,
            "ebs_optimized": "",
            "elastic_gpu_specifications": [],
            "elastic_inference_accelerator": [],
            "enclave_options": [],
            "hibernation_options": [],
            "iam_instance_profile": [
              {
                "arn": "",
                "name": "EC2_role"
              }
            ],
            "id": "lt-02adc3bd970942cb5",
            "image_id": "ami-03ad9340166b8d92c",
            "instance_initiated_shutdown_behavior": "",
            "instance_market_options": [],
            "instance_requirements": [],
            "instance_type": "t2.micro",
            "kernel_id": "",
            "key_name": "",
            "latest_version": 1,
            "license_specification": [],
            "maintenance_options": [],
            "metadata_options": [],
            "monitoring": [
              {
                "enabled": true
              }
            ],
            "name": "launch_template_private-servers-20230903050204754300000006",
            "name_prefix": "launch_template_private-servers-",
            "network_interfaces": [],
            "placement": [],
            "private_dns_name_options": [],
            "ram_disk_id": "",
            "security_group_names": null,
            "tag_specifications": [],
            "tags": null,
            "tags_all": {},
            "update_default_version": null,
            "user_data": "",
            "vpc_security_group_ids": [
              "sg-0247ffdcee2949fb4"
            ]
          },
          "sensitive_attributes": [],
          "private": "bnVsbA==",
          "dependencies": [
            "aws_ami_from_instance.app-tier-ami",
            "module.ec2-iam-role.aws_iam_instance_profile.this",
            "module.private-ec2-server.aws_instance.private_server",
            "module.private_asg.aws_iam_instance_profile.this",
            "module.security-group.aws_security_group.private_servers_sg"
          ],
          "create_before_destroy": true
        }
      ]
    },
    {
      "module": "module.public-ec2-batch_script",
      "mode": "data",
      "type": "template_file",
      "name": "public_server_batch_script",
      "provider": "provider[\"registry.terraform.io/hashicorp/template\"]",
      "instances": [
        {
          "schema_version": 0,
          "attributes": {
            "filename": null,
            "id": "f2e43b7557bbdb6bd423cbbfd83137e4596345ab1e4934225f027c764cadc6db",
            "rendered": "#!/bin/bash\r\n\r\ncurl -o- https://raw.githubusercontent.com/nvm-sh/nvm/v0.38.0/install.sh | bash\r\nsource ~/.bashrc\r\nnvm install 16\r\nnvm use 16\r\n\r\ncd ~/\r\naws s3 cp s3://webapp-project-1e4e529b712a/web-tier web-tier --recursive\r\ncd ~/web-tier\r\nnpm install \r\nnpm run build\r\n\r\nsudo yum install -y wget\r\nsudo wget https://nginx.org/packages/centos/7/noarch/RPMS/nginx-release-centos-7-0.el7.ngx.noarch.rpm\r\nsudo rpm -ivh nginx-release-centos-7-0.el7.ngx.noarch.rpm\r\nsudo yum install -y nginx\r\n\r\ncd /etc/nginx\r\nsudo rm nginx.conf\r\nsudo aws s3 cp s3://webapp-project-1e4e529b712a/nginx.conf /etc/nginx\r\n\r\nsudo service nginx restart\r\nsudo chmod -R 755 /home/ec2-user\r\n\r\nsudo chkconfig nginx on",
            "template": "#!/bin/bash\r\n\r\ncurl -o- https://raw.githubusercontent.com/nvm-sh/nvm/v0.38.0/install.sh | bash\r\nsource ~/.bashrc\r\nnvm install 16\r\nnvm use 16\r\n\r\ncd ~/\r\naws s3 cp s3://${s3_bucket_name}/web-tier web-tier --recursive\r\ncd ~/web-tier\r\nnpm install \r\nnpm run build\r\n\r\nsudo yum install -y wget\r\nsudo wget https://nginx.org/packages/centos/7/noarch/RPMS/nginx-release-centos-7-0.el7.ngx.noarch.rpm\r\nsudo rpm -ivh nginx-release-centos-7-0.el7.ngx.noarch.rpm\r\nsudo yum install -y nginx\r\n\r\ncd /etc/nginx\r\nsudo rm nginx.conf\r\nsudo aws s3 cp s3://${s3_bucket_name}/nginx.conf /etc/nginx\r\n\r\nsudo service nginx restart\r\nsudo chmod -R 755 /home/ec2-user\r\n\r\nsudo chkconfig nginx on",
            "vars": {
              "s3_bucket_name": "webapp-project-1e4e529b712a"
            }
          },
          "sensitive_attributes": []
        }
      ]
    },
    {
      "module": "module.public-ec2-batch_script",
      "mode": "managed",
      "type": "local_file",
      "name": "batch_script_file",
      "provider": "provider[\"registry.terraform.io/hashicorp/local\"]",
      "instances": [
        {
          "schema_version": 0,
          "attributes": {
            "content": "#!/bin/bash\r\n\r\ncurl -o- https://raw.githubusercontent.com/nvm-sh/nvm/v0.38.0/install.sh | bash\r\nsource ~/.bashrc\r\nnvm install 16\r\nnvm use 16\r\n\r\ncd ~/\r\naws s3 cp s3://webapp-project-1e4e529b712a/web-tier web-tier --recursive\r\ncd ~/web-tier\r\nnpm install \r\nnpm run build\r\n\r\nsudo yum install -y wget\r\nsudo wget https://nginx.org/packages/centos/7/noarch/RPMS/nginx-release-centos-7-0.el7.ngx.noarch.rpm\r\nsudo rpm -ivh nginx-release-centos-7-0.el7.ngx.noarch.rpm\r\nsudo yum install -y nginx\r\n\r\ncd /etc/nginx\r\nsudo rm nginx.conf\r\nsudo aws s3 cp s3://webapp-project-1e4e529b712a/nginx.conf /etc/nginx\r\n\r\nsudo service nginx restart\r\nsudo chmod -R 755 /home/ec2-user\r\n\r\nsudo chkconfig nginx on",
            "content_base64": null,
            "content_base64sha256": "8uQ7dVe722vUI8u/2DE35FljRaseSTQiXwJ8dkytxts=",
            "content_base64sha512": "lqxzHIIHNkQ9JGmK+2dedGc+oO2I9Kl/iCE/LflVKCJidBB7vvhcCIP+pN2Be/pcxqjPMM/vNbPp4k6ESUMcnQ==",
            "content_md5": "407c767f2aacfd4c444244dca694b5a3",
            "content_sha1": "49f69bfbd3e7a3b65819a5ba672bc109ec45b6cd",
            "content_sha256": "f2e43b7557bbdb6bd423cbbfd83137e4596345ab1e4934225f027c764cadc6db",
            "content_sha512": "96ac731c820736443d24698afb675e74673ea0ed88f4a97f88213f2df95528226274107bbef85c0883fea4dd817bfa5cc6a8cf30cfef35b3e9e24e8449431c9d",
            "directory_permission": "0777",
            "file_permission": "0777",
            "filename": "batch_script.sh",
            "id": "49f69bfbd3e7a3b65819a5ba672bc109ec45b6cd",
            "sensitive_content": null,
            "source": null
          },
          "sensitive_attributes": [],
          "dependencies": [
            "module.public-ec2-batch_script.data.template_file.public_server_batch_script"
          ]
        }
      ]
    },
    {
      "module": "module.public-ec2-server",
      "mode": "managed",
      "type": "aws_instance",
      "name": "public_server",
      "provider": "provider[\"registry.terraform.io/hashicorp/aws\"]",
      "instances": [
        {
          "schema_version": 1,
          "attributes": {
            "ami": "ami-051f7e7f6c2f40dc1",
            "arn": "arn:aws:ec2:us-east-1:526753475890:instance/i-0ee211253c29dcbb7",
            "associate_public_ip_address": true,
            "availability_zone": "us-east-1a",
            "capacity_reservation_specification": [
              {
                "capacity_reservation_preference": "open",
                "capacity_reservation_target": []
              }
            ],
            "cpu_core_count": 1,
            "cpu_options": [
              {
                "amd_sev_snp": "",
                "core_count": 1,
                "threads_per_core": 1
              }
            ],
            "cpu_threads_per_core": 1,
            "credit_specification": [
              {
                "cpu_credits": "standard"
              }
            ],
            "disable_api_stop": false,
            "disable_api_termination": false,
            "ebs_block_device": [],
            "ebs_optimized": false,
            "enclave_options": [
              {
                "enabled": false
              }
            ],
            "ephemeral_block_device": [],
            "get_password_data": false,
            "hibernation": false,
            "host_id": "",
            "host_resource_group_arn": null,
            "iam_instance_profile": "EC2_role",
            "id": "i-0ee211253c29dcbb7",
            "instance_initiated_shutdown_behavior": "stop",
            "instance_lifecycle": "",
            "instance_market_options": [],
            "instance_state": "running",
            "instance_type": "t2.micro",
            "ipv6_address_count": 0,
            "ipv6_addresses": [],
            "key_name": "MyAWSKey",
            "launch_template": [],
            "maintenance_options": [
              {
                "auto_recovery": "default"
              }
            ],
            "metadata_options": [
              {
                "http_endpoint": "enabled",
                "http_protocol_ipv6": "disabled",
                "http_put_response_hop_limit": 2,
                "http_tokens": "required",
                "instance_metadata_tags": "disabled"
              }
            ],
            "monitoring": false,
            "network_interface": [],
            "outpost_arn": "",
            "password_data": "",
            "placement_group": "",
            "placement_partition_number": 0,
            "primary_network_interface_id": "eni-067d5b4465f7886f3",
            "private_dns": "ip-10-0-100-140.ec2.internal",
            "private_dns_name_options": [
              {
                "enable_resource_name_dns_a_record": false,
                "enable_resource_name_dns_aaaa_record": false,
                "hostname_type": "ip-name"
              }
            ],
            "private_ip": "10.0.100.140",
            "public_dns": "",
            "public_ip": "44.192.39.155",
            "root_block_device": [
              {
                "delete_on_termination": true,
                "device_name": "/dev/xvda",
                "encrypted": false,
                "iops": 3000,
                "kms_key_id": "",
                "tags": {},
                "throughput": 125,
                "volume_id": "vol-019aa4d745bcbb72f",
                "volume_size": 8,
                "volume_type": "gp3"
              }
            ],
            "secondary_private_ips": [],
            "security_groups": [
              "sg-092bdfe37d69bca00",
              "sg-0d8f75cc1ed500cd7"
            ],
            "source_dest_check": true,
            "spot_instance_request_id": "",
            "subnet_id": "subnet-090f16b20123ef73e",
            "tags": {
              "Name": "Public WebTier EC2 Server"
            },
            "tags_all": {
              "Name": "Public WebTier EC2 Server"
            },
            "tenancy": "default",
            "timeouts": null,
            "user_data": null,
            "user_data_base64": null,
            "user_data_replace_on_change": false,
            "volume_tags": null,
            "vpc_security_group_ids": [
              "sg-092bdfe37d69bca00",
              "sg-0d8f75cc1ed500cd7"
            ]
          },
          "sensitive_attributes": [],
          "private": "eyJlMmJmYjczMC1lY2FhLTExZTYtOGY4OC0zNDM2M2JjN2M0YzAiOnsiY3JlYXRlIjo2MDAwMDAwMDAwMDAsImRlbGV0ZSI6MTIwMDAwMDAwMDAwMCwidXBkYXRlIjo2MDAwMDAwMDAwMDB9LCJzY2hlbWFfdmVyc2lvbiI6IjEifQ==",
          "dependencies": [
            "data.aws_ami.amazon_linux",
            "module.ec2-iam-role.aws_iam_instance_profile.this",
            "module.key-pair.aws_key_pair.key_pair_publicserver",
            "module.key-pair.tls_private_key.generated",
            "module.nginx-config.aws_s3_object.nginx_file",
            "module.nginx-config.data.template_file.nginx_config",
            "module.nginx-config.local_file.create_nginx_config_file",
            "module.private_alb.aws_lb.this",
            "module.private_alb.aws_security_group.this",
            "module.s3_bucket.aws_s3_bucket.this",
            "module.s3_bucket.aws_s3_bucket_policy.this",
            "module.security-group.aws_security_group.private_alb_sg",
            "module.security-group.aws_security_group.ssh_access_sg",
            "module.security-group.aws_security_group.webtier_servers_sg",
            "module.vpc.aws_subnet.private_subnets",
            "module.vpc.aws_subnet.public_subnets",
            "module.vpc.aws_vpc.vpc",
            "module.vpc.data.aws_availability_zones.available"
          ],
          "create_before_destroy": true
        }
      ]
    },
    {
      "module": "module.public_alb",
      "mode": "managed",
      "type": "aws_lb",
      "name": "this",
      "provider": "provider[\"registry.terraform.io/hashicorp/aws\"]",
      "instances": [
        {
          "index_key": 0,
          "schema_version": 0,
          "attributes": {
            "access_logs": [
              {
                "bucket": "",
                "enabled": false,
                "prefix": ""
              }
            ],
            "arn": "arn:aws:elasticloadbalancing:us-east-1:526753475890:loadbalancer/app/public-alb-webtier/69d67e531b939c8f",
            "arn_suffix": "app/public-alb-webtier/69d67e531b939c8f",
            "customer_owned_ipv4_pool": "",
            "desync_mitigation_mode": "defensive",
            "dns_name": "public-alb-webtier-447800077.us-east-1.elb.amazonaws.com",
            "drop_invalid_header_fields": false,
            "enable_cross_zone_load_balancing": true,
            "enable_deletion_protection": false,
            "enable_http2": true,
            "enable_tls_version_and_cipher_suite_headers": false,
            "enable_waf_fail_open": false,
            "enable_xff_client_port": true,
            "id": "arn:aws:elasticloadbalancing:us-east-1:526753475890:loadbalancer/app/public-alb-webtier/69d67e531b939c8f",
            "idle_timeout": 60,
            "internal": false,
            "ip_address_type": "ipv4",
            "load_balancer_type": "application",
            "name": "public-alb-webtier",
            "name_prefix": null,
            "preserve_host_header": false,
            "security_groups": [
              "sg-04feaba31ddfc13c6",
              "sg-0601af29e3a0fd237"
            ],
            "subnet_mapping": [
              {
                "allocation_id": "",
                "ipv6_address": "",
                "outpost_id": "",
                "private_ipv4_address": "",
                "subnet_id": "subnet-0768130152ed599d3"
              },
              {
                "allocation_id": "",
                "ipv6_address": "",
                "outpost_id": "",
                "private_ipv4_address": "",
                "subnet_id": "subnet-090f16b20123ef73e"
              }
            ],
            "subnets": [
              "subnet-0768130152ed599d3",
              "subnet-090f16b20123ef73e"
            ],
            "tags": {
              "Name": "public-alb-webtier"
            },
            "tags_all": {
              "Name": "public-alb-webtier"
            },
            "timeouts": {
              "create": "10m",
              "delete": "10m",
              "update": "10m"
            },
            "vpc_id": "vpc-08572bb8af31b1c5f",
            "xff_header_processing_mode": "append",
            "zone_id": "Z35SXDOTRQ7X7K"
          },
          "sensitive_attributes": [],
          "private": "eyJlMmJmYjczMC1lY2FhLTExZTYtOGY4OC0zNDM2M2JjN2M0YzAiOnsiY3JlYXRlIjo2MDAwMDAwMDAwMDAsImRlbGV0ZSI6NjAwMDAwMDAwMDAwLCJ1cGRhdGUiOjYwMDAwMDAwMDAwMH19",
          "dependencies": [
            "module.public_alb.aws_security_group.this",
            "module.security-group.aws_security_group.public_alb_sg",
            "module.vpc.aws_subnet.public_subnets",
            "module.vpc.aws_vpc.vpc",
            "module.vpc.data.aws_availability_zones.available"
          ]
        }
      ]
    },
    {
      "module": "module.public_alb",
      "mode": "managed",
      "type": "aws_lb_listener",
      "name": "frontend_http_tcp",
      "provider": "provider[\"registry.terraform.io/hashicorp/aws\"]",
      "instances": [
        {
          "index_key": 0,
          "schema_version": 0,
          "attributes": {
            "alpn_policy": null,
            "arn": "arn:aws:elasticloadbalancing:us-east-1:526753475890:listener/app/public-alb-webtier/69d67e531b939c8f/c3a6dbf7a7e50986",
            "certificate_arn": null,
            "default_action": [
              {
                "authenticate_cognito": [],
                "authenticate_oidc": [],
                "fixed_response": [],
                "forward": [],
                "order": 1,
                "redirect": [],
                "target_group_arn": "arn:aws:elasticloadbalancing:us-east-1:526753475890:targetgroup/webtg20230903045856167300000003/c8c2b7284046b741",
                "type": "forward"
              }
            ],
            "id": "arn:aws:elasticloadbalancing:us-east-1:526753475890:listener/app/public-alb-webtier/69d67e531b939c8f/c3a6dbf7a7e50986",
            "load_balancer_arn": "arn:aws:elasticloadbalancing:us-east-1:526753475890:loadbalancer/app/public-alb-webtier/69d67e531b939c8f",
            "port": 80,
            "protocol": "HTTP",
            "ssl_policy": "",
            "tags": null,
            "tags_all": {},
            "timeouts": null
          },
          "sensitive_attributes": [],
          "private": "eyJlMmJmYjczMC1lY2FhLTExZTYtOGY4OC0zNDM2M2JjN2M0YzAiOnsicmVhZCI6NjAwMDAwMDAwMDAwfX0=",
          "dependencies": [
            "module.public_alb.aws_lb.this",
            "module.public_alb.aws_lb_target_group.main",
            "module.public_alb.aws_security_group.this",
            "module.security-group.aws_security_group.public_alb_sg",
            "module.vpc.aws_subnet.public_subnets",
            "module.vpc.aws_vpc.vpc",
            "module.vpc.data.aws_availability_zones.available"
          ]
        }
      ]
    },
    {
      "module": "module.public_alb",
      "mode": "managed",
      "type": "aws_lb_target_group",
      "name": "main",
      "provider": "provider[\"registry.terraform.io/hashicorp/aws\"]",
      "instances": [
        {
          "index_key": 0,
          "schema_version": 0,
          "attributes": {
            "arn": "arn:aws:elasticloadbalancing:us-east-1:526753475890:targetgroup/webtg20230903045856167300000003/c8c2b7284046b741",
            "arn_suffix": "targetgroup/webtg20230903045856167300000003/c8c2b7284046b741",
            "connection_termination": false,
            "deregistration_delay": "300",
            "health_check": [
              {
                "enabled": true,
                "healthy_threshold": 3,
                "interval": 30,
                "matcher": "200",
                "path": "/health",
                "port": "traffic-port",
                "protocol": "HTTP",
                "timeout": 5,
                "unhealthy_threshold": 3
              }
            ],
            "id": "arn:aws:elasticloadbalancing:us-east-1:526753475890:targetgroup/webtg20230903045856167300000003/c8c2b7284046b741",
            "ip_address_type": "ipv4",
            "lambda_multi_value_headers_enabled": false,
            "load_balancing_algorithm_type": "round_robin",
            "load_balancing_cross_zone_enabled": "use_load_balancer_configuration",
            "name": "webtg20230903045856167300000003",
            "name_prefix": "webtg",
            "port": 80,
            "preserve_client_ip": null,
            "protocol": "HTTP",
            "protocol_version": "HTTP1",
            "proxy_protocol_v2": false,
            "slow_start": 0,
            "stickiness": [
              {
                "cookie_duration": 86400,
                "cookie_name": "",
                "enabled": false,
                "type": "lb_cookie"
              }
            ],
            "tags": {
              "Name": "webtg"
            },
            "tags_all": {
              "Name": "webtg"
            },
            "target_failover": [
              {
                "on_deregistration": null,
                "on_unhealthy": null
              }
            ],
            "target_type": "instance",
            "vpc_id": "vpc-08572bb8af31b1c5f"
          },
          "sensitive_attributes": [],
          "private": "bnVsbA==",
          "dependencies": [
            "module.vpc.aws_vpc.vpc"
          ],
          "create_before_destroy": true
        }
      ]
    },
    {
      "module": "module.public_alb",
      "mode": "managed",
      "type": "aws_security_group",
      "name": "this",
      "provider": "provider[\"registry.terraform.io/hashicorp/aws\"]",
      "instances": [
        {
          "index_key": 0,
          "schema_version": 1,
          "attributes": {
            "arn": "arn:aws:ec2:us-east-1:526753475890:security-group/sg-0601af29e3a0fd237",
            "description": "Managed by Terraform",
            "egress": [],
            "id": "sg-0601af29e3a0fd237",
            "ingress": [],
            "name": "public-alb-webtier-20230903045856162300000002",
            "name_prefix": "public-alb-webtier-",
            "owner_id": "526753475890",
            "revoke_rules_on_delete": false,
            "tags": {
              "Name": "public-alb-webtier"
            },
            "tags_all": {
              "Name": "public-alb-webtier"
            },
            "timeouts": null,
            "vpc_id": "vpc-08572bb8af31b1c5f"
          },
          "sensitive_attributes": [],
          "private": "eyJlMmJmYjczMC1lY2FhLTExZTYtOGY4OC0zNDM2M2JjN2M0YzAiOnsiY3JlYXRlIjo2MDAwMDAwMDAwMDAsImRlbGV0ZSI6OTAwMDAwMDAwMDAwfSwic2NoZW1hX3ZlcnNpb24iOiIxIn0=",
          "dependencies": [
            "module.vpc.aws_vpc.vpc"
          ],
          "create_before_destroy": true
        }
      ]
    },
    {
      "module": "module.public_asg",
      "mode": "data",
      "type": "aws_default_tags",
      "name": "current",
      "provider": "provider[\"registry.terraform.io/hashicorp/aws\"]",
      "instances": [
        {
          "schema_version": 0,
          "attributes": {
            "id": "aws",
            "tags": {}
          },
          "sensitive_attributes": []
        }
      ]
    },
    {
      "module": "module.public_asg",
      "mode": "data",
      "type": "aws_partition",
      "name": "current",
      "provider": "provider[\"registry.terraform.io/hashicorp/aws\"]",
      "instances": [
        {
          "schema_version": 0,
          "attributes": {
            "dns_suffix": "amazonaws.com",
            "id": "aws",
            "partition": "aws",
            "reverse_dns_prefix": "com.amazonaws"
          },
          "sensitive_attributes": []
        }
      ]
    },
    {
      "module": "module.public_asg",
      "mode": "managed",
      "type": "aws_autoscaling_group",
      "name": "this",
      "provider": "provider[\"registry.terraform.io/hashicorp/aws\"]",
      "instances": [
        {
          "index_key": 0,
          "schema_version": 1,
          "attributes": {
            "arn": "arn:aws:autoscaling:us-east-1:526753475890:autoScalingGroup:dd63aa45-b4a3-406a-b214-7e37ff633f25:autoScalingGroupName/public-alb-asg-2023090305072660220000000b",
            "availability_zones": [
              "us-east-1a",
              "us-east-1b"
            ],
            "capacity_rebalance": false,
            "context": "",
            "default_cooldown": 300,
            "default_instance_warmup": 0,
            "desired_capacity": 2,
            "desired_capacity_type": "",
            "enabled_metrics": null,
            "force_delete": false,
            "force_delete_warm_pool": false,
            "health_check_grace_period": 300,
            "health_check_type": "ELB",
            "id": "public-alb-asg-2023090305072660220000000b",
            "ignore_failed_scaling_activities": false,
            "initial_lifecycle_hook": [],
            "instance_refresh": [],
            "launch_configuration": "",
            "launch_template": [
              {
                "id": "lt-08a8ae7aae2c52f99",
                "name": "launch_template_public-servers-20230903050725994600000009",
                "version": "1"
              }
            ],
            "load_balancers": [],
            "max_instance_lifetime": 0,
            "max_size": 2,
            "metrics_granularity": "1Minute",
            "min_elb_capacity": null,
            "min_size": 2,
            "mixed_instances_policy": [],
            "name": "public-alb-asg-2023090305072660220000000b",
            "name_prefix": "public-alb-asg-",
            "placement_group": "",
            "predicted_capacity": 0,
            "protect_from_scale_in": false,
            "service_linked_role_arn": "arn:aws:iam::526753475890:role/aws-service-role/autoscaling.amazonaws.com/AWSServiceRoleForAutoScaling",
            "suspended_processes": null,
            "tag": [
              {
                "key": "Name",
                "propagate_at_launch": true,
                "value": "public-alb-asg"
              }
            ],
            "target_group_arns": [
              "arn:aws:elasticloadbalancing:us-east-1:526753475890:targetgroup/webtg20230903045856167300000003/c8c2b7284046b741"
            ],
            "termination_policies": [],
            "timeouts": {
              "delete": null,
              "update": null
            },
            "traffic_source": [
              {
                "identifier": "arn:aws:elasticloadbalancing:us-east-1:526753475890:targetgroup/webtg20230903045856167300000003/c8c2b7284046b741",
                "type": "elbv2"
              }
            ],
            "vpc_zone_identifier": [
              "subnet-0768130152ed599d3",
              "subnet-090f16b20123ef73e"
            ],
            "wait_for_capacity_timeout": "0",
            "wait_for_elb_capacity": null,
            "warm_pool": [],
            "warm_pool_size": 0
          },
          "sensitive_attributes": [],
          "private": "eyJlMmJmYjczMC1lY2FhLTExZTYtOGY4OC0zNDM2M2JjN2M0YzAiOnsiZGVsZXRlIjo2MDAwMDAwMDAwMDAsInVwZGF0ZSI6NjAwMDAwMDAwMDAwfSwic2NoZW1hX3ZlcnNpb24iOiIxIn0=",
          "dependencies": [
            "aws_ami_from_instance.web-tier-ami",
            "data.aws_ami.amazon_linux",
            "module.ec2-iam-role.aws_iam_instance_profile.this",
            "module.key-pair.aws_key_pair.key_pair_publicserver",
            "module.key-pair.tls_private_key.generated",
            "module.nginx-config.aws_s3_object.nginx_file",
            "module.nginx-config.data.template_file.nginx_config",
            "module.nginx-config.local_file.create_nginx_config_file",
            "module.private_alb.aws_lb.this",
            "module.private_alb.aws_security_group.this",
            "module.public-ec2-server.aws_instance.public_server",
            "module.public_alb.aws_lb_target_group.main",
            "module.public_asg.aws_iam_instance_profile.this",
            "module.public_asg.aws_launch_template.this",
            "module.public_asg.data.aws_default_tags.current",
            "module.s3_bucket.aws_s3_bucket.this",
            "module.s3_bucket.aws_s3_bucket_policy.this",
            "module.security-group.aws_security_group.private_alb_sg",
            "module.security-group.aws_security_group.ssh_access_sg",
            "module.security-group.aws_security_group.webtier_servers_sg",
            "module.vpc.aws_subnet.private_subnets",
            "module.vpc.aws_subnet.public_subnets",
            "module.vpc.aws_vpc.vpc",
            "module.vpc.data.aws_availability_zones.available"
          ],
          "create_before_destroy": true
        }
      ]
    },
    {
      "module": "module.public_asg",
      "mode": "managed",
      "type": "aws_launch_template",
      "name": "this",
      "provider": "provider[\"registry.terraform.io/hashicorp/aws\"]",
      "instances": [
        {
          "index_key": 0,
          "schema_version": 0,
          "attributes": {
            "arn": "arn:aws:ec2:us-east-1:526753475890:launch-template/lt-08a8ae7aae2c52f99",
            "block_device_mappings": [],
            "capacity_reservation_specification": [],
            "cpu_options": [],
            "credit_specification": [],
            "default_version": 1,
            "description": "",
            "disable_api_stop": false,
            "disable_api_termination": false,
            "ebs_optimized": "",
            "elastic_gpu_specifications": [],
            "elastic_inference_accelerator": [],
            "enclave_options": [],
            "hibernation_options": [],
            "iam_instance_profile": [
              {
                "arn": "",
                "name": "EC2_role"
              }
            ],
            "id": "lt-08a8ae7aae2c52f99",
            "image_id": "ami-0149f9172837cb260",
            "instance_initiated_shutdown_behavior": "",
            "instance_market_options": [],
            "instance_requirements": [],
            "instance_type": "t2.micro",
            "kernel_id": "",
            "key_name": "",
            "latest_version": 1,
            "license_specification": [],
            "maintenance_options": [],
            "metadata_options": [],
            "monitoring": [
              {
                "enabled": true
              }
            ],
            "name": "launch_template_public-servers-20230903050725994600000009",
            "name_prefix": "launch_template_public-servers-",
            "network_interfaces": [],
            "placement": [],
            "private_dns_name_options": [],
            "ram_disk_id": "",
            "security_group_names": null,
            "tag_specifications": [],
            "tags": null,
            "tags_all": {},
            "update_default_version": null,
            "user_data": "",
            "vpc_security_group_ids": [
              "sg-0d8f75cc1ed500cd7"
            ]
          },
          "sensitive_attributes": [],
          "private": "bnVsbA==",
          "dependencies": [
            "aws_ami_from_instance.web-tier-ami",
            "data.aws_ami.amazon_linux",
            "module.ec2-iam-role.aws_iam_instance_profile.this",
            "module.key-pair.aws_key_pair.key_pair_publicserver",
            "module.key-pair.tls_private_key.generated",
            "module.nginx-config.aws_s3_object.nginx_file",
            "module.nginx-config.data.template_file.nginx_config",
            "module.nginx-config.local_file.create_nginx_config_file",
            "module.private_alb.aws_lb.this",
            "module.private_alb.aws_security_group.this",
            "module.public-ec2-server.aws_instance.public_server",
            "module.public_asg.aws_iam_instance_profile.this",
            "module.s3_bucket.aws_s3_bucket.this",
            "module.s3_bucket.aws_s3_bucket_policy.this",
            "module.security-group.aws_security_group.private_alb_sg",
            "module.security-group.aws_security_group.ssh_access_sg",
            "module.security-group.aws_security_group.webtier_servers_sg",
            "module.vpc.aws_subnet.private_subnets",
            "module.vpc.aws_subnet.public_subnets",
            "module.vpc.aws_vpc.vpc",
            "module.vpc.data.aws_availability_zones.available"
          ],
          "create_before_destroy": true
        }
      ]
    },
    {
      "module": "module.rds-mysql",
      "mode": "managed",
      "type": "aws_db_instance",
      "name": "db_mysql",
      "provider": "provider[\"registry.terraform.io/hashicorp/aws\"]",
      "instances": [
        {
          "schema_version": 2,
          "attributes": {
            "address": "terraform-20230903043900547300000006.ca56pdjfburr.us-east-1.rds.amazonaws.com",
            "allocated_storage": 20,
            "allow_major_version_upgrade": null,
            "apply_immediately": false,
            "arn": "arn:aws:rds:us-east-1:526753475890:db:terraform-20230903043900547300000006",
            "auto_minor_version_upgrade": true,
            "availability_zone": "us-east-1a",
            "backup_retention_period": 0,
            "backup_target": "region",
            "backup_window": "09:00-09:30",
            "blue_green_update": [],
            "ca_cert_identifier": "rds-ca-2019",
            "character_set_name": "",
            "copy_tags_to_snapshot": false,
            "custom_iam_instance_profile": "",
            "customer_owned_ip_enabled": false,
            "db_name": "mydb_WebApp",
            "db_subnet_group_name": "rds_db_subnetgroup",
            "delete_automated_backups": true,
            "deletion_protection": false,
            "domain": "",
            "domain_iam_role_name": "",
            "enabled_cloudwatch_logs_exports": [],
            "endpoint": "terraform-20230903043900547300000006.ca56pdjfburr.us-east-1.rds.amazonaws.com:3306",
            "engine": "mysql",
            "engine_version": "8.0",
            "engine_version_actual": "8.0.33",
            "final_snapshot_identifier": null,
            "hosted_zone_id": "Z2R2ITUGPM61AM",
            "iam_database_authentication_enabled": false,
            "id": "db-KNT7WOHLUEVE6UYM5JYEAGT6BU",
            "identifier": "terraform-20230903043900547300000006",
            "identifier_prefix": "terraform-",
            "instance_class": "db.t3.micro",
            "iops": 0,
            "kms_key_id": "",
            "latest_restorable_time": "",
            "license_model": "general-public-license",
            "listener_endpoint": [],
            "maintenance_window": "fri:07:19-fri:07:49",
            "manage_master_user_password": null,
            "master_user_secret": [],
            "master_user_secret_kms_key_id": null,
            "max_allocated_storage": 0,
            "monitoring_interval": 0,
            "monitoring_role_arn": "",
            "multi_az": false,
            "nchar_character_set_name": "",
            "network_type": "IPV4",
            "option_group_name": "default:mysql-8-0",
            "parameter_group_name": "default.mysql8.0",
            "password": "project1234",
            "performance_insights_enabled": false,
            "performance_insights_kms_key_id": "",
            "performance_insights_retention_period": 0,
            "port": 3306,
            "publicly_accessible": false,
            "replica_mode": "",
            "replicas": [],
            "replicate_source_db": "",
            "resource_id": "db-KNT7WOHLUEVE6UYM5JYEAGT6BU",
            "restore_to_point_in_time": [],
            "s3_import": [],
            "skip_final_snapshot": true,
            "snapshot_identifier": null,
            "status": "available",
            "storage_encrypted": false,
            "storage_throughput": 0,
            "storage_type": "gp2",
            "tags": {},
            "tags_all": {},
            "timeouts": null,
            "timezone": "",
            "username": "admin",
            "vpc_security_group_ids": [
              "sg-009874d7980594958"
            ]
          },
          "sensitive_attributes": [
            [
              {
                "type": "get_attr",
                "value": "password"
              }
            ]
          ],
          "private": "eyJlMmJmYjczMC1lY2FhLTExZTYtOGY4OC0zNDM2M2JjN2M0YzAiOnsiY3JlYXRlIjoyNDAwMDAwMDAwMDAwLCJkZWxldGUiOjM2MDAwMDAwMDAwMDAsInVwZGF0ZSI6NDgwMDAwMDAwMDAwMH0sInNjaGVtYV92ZXJzaW9uIjoiMiJ9",
          "dependencies": [
            "module.rds-mysql.aws_db_subnet_group.rds_db_subnetgroup",
            "module.security-group.aws_security_group.db_sg",
            "module.security-group.aws_security_group.private_alb_sg",
            "module.security-group.aws_security_group.private_servers_sg",
            "module.security-group.aws_security_group.public_alb_sg",
            "module.security-group.aws_security_group.webtier_servers_sg",
            "module.vpc.aws_subnet.private_subnets_db",
            "module.vpc.aws_vpc.vpc",
            "module.vpc.data.aws_availability_zones.available"
          ]
        }
      ]
    },
    {
      "module": "module.rds-mysql",
      "mode": "managed",
      "type": "aws_db_subnet_group",
      "name": "rds_db_subnetgroup",
      "provider": "provider[\"registry.terraform.io/hashicorp/aws\"]",
      "instances": [
        {
          "schema_version": 0,
          "attributes": {
            "arn": "arn:aws:rds:us-east-1:526753475890:subgrp:rds_db_subnetgroup",
            "description": "Subnet group for the DB layer",
            "id": "rds_db_subnetgroup",
            "name": "rds_db_subnetgroup",
            "name_prefix": "",
            "subnet_ids": [
              "subnet-09dbec4fe04cde632",
              "subnet-0bfe9f78f27b09d8e"
            ],
            "supported_network_types": [
              "IPV4"
            ],
            "tags": {
              "Name": "My DB subnet group"
            },
            "tags_all": {
              "Name": "My DB subnet group"
            },
            "vpc_id": "vpc-08572bb8af31b1c5f"
          },
          "sensitive_attributes": [],
          "private": "bnVsbA==",
          "dependencies": [
            "module.vpc.aws_subnet.private_subnets_db",
            "module.vpc.aws_vpc.vpc",
            "module.vpc.data.aws_availability_zones.available"
          ]
        }
      ]
    },
    {
      "module": "module.s3_bucket",
      "mode": "data",
      "type": "aws_caller_identity",
      "name": "current",
      "provider": "provider[\"registry.terraform.io/hashicorp/aws\"]",
      "instances": [
        {
          "schema_version": 0,
          "attributes": {
            "account_id": "526753475890",
            "arn": "arn:aws:iam::526753475890:user/DavidVL10",
            "id": "526753475890",
            "user_id": "AIDAXVJHUFUZFDNNND5EQ"
          },
          "sensitive_attributes": []
        }
      ]
    },
    {
      "module": "module.s3_bucket",
      "mode": "data",
      "type": "aws_canonical_user_id",
      "name": "this",
      "provider": "provider[\"registry.terraform.io/hashicorp/aws\"]",
      "instances": [
        {
          "index_key": 0,
          "schema_version": 0,
          "attributes": {
            "display_name": "david.vegaleon10",
            "id": "6d4fd10fcff6c0c5c7eee298904ed793ec58cabeb914750d887cdcaab99ded5c"
          },
          "sensitive_attributes": []
        }
      ]
    },
    {
      "module": "module.s3_bucket",
      "mode": "data",
      "type": "aws_partition",
      "name": "current",
      "provider": "provider[\"registry.terraform.io/hashicorp/aws\"]",
      "instances": [
        {
          "schema_version": 0,
          "attributes": {
            "dns_suffix": "amazonaws.com",
            "id": "aws",
            "partition": "aws",
            "reverse_dns_prefix": "com.amazonaws"
          },
          "sensitive_attributes": []
        }
      ]
    },
    {
      "module": "module.s3_bucket",
      "mode": "data",
      "type": "aws_region",
      "name": "current",
      "provider": "provider[\"registry.terraform.io/hashicorp/aws\"]",
      "instances": [
        {
          "schema_version": 0,
          "attributes": {
            "description": "US East (N. Virginia)",
            "endpoint": "ec2.us-east-1.amazonaws.com",
            "id": "us-east-1",
            "name": "us-east-1"
          },
          "sensitive_attributes": []
        }
      ]
    },
    {
      "module": "module.s3_bucket",
      "mode": "managed",
      "type": "aws_s3_bucket",
      "name": "this",
      "provider": "provider[\"registry.terraform.io/hashicorp/aws\"]",
      "instances": [
        {
          "index_key": 0,
          "schema_version": 0,
          "attributes": {
            "acceleration_status": "",
            "acl": null,
            "arn": "arn:aws:s3:::webapp-project-1e4e529b712a",
            "bucket": "webapp-project-1e4e529b712a",
            "bucket_domain_name": "webapp-project-1e4e529b712a.s3.amazonaws.com",
            "bucket_prefix": "",
            "bucket_regional_domain_name": "webapp-project-1e4e529b712a.s3.us-east-1.amazonaws.com",
            "cors_rule": [],
            "force_destroy": false,
            "grant": [
              {
                "id": "6d4fd10fcff6c0c5c7eee298904ed793ec58cabeb914750d887cdcaab99ded5c",
                "permissions": [
                  "FULL_CONTROL"
                ],
                "type": "CanonicalUser",
                "uri": ""
              }
            ],
            "hosted_zone_id": "Z3AQBSTGFYJSTF",
            "id": "webapp-project-1e4e529b712a",
            "lifecycle_rule": [],
            "logging": [],
            "object_lock_configuration": [],
            "object_lock_enabled": false,
            "policy": "",
            "region": "us-east-1",
            "replication_configuration": [],
            "request_payer": "BucketOwner",
            "server_side_encryption_configuration": [
              {
                "rule": [
                  {
                    "apply_server_side_encryption_by_default": [
                      {
                        "kms_master_key_id": "",
                        "sse_algorithm": "AES256"
                      }
                    ],
                    "bucket_key_enabled": false
                  }
                ]
              }
            ],
            "tags": {},
            "tags_all": {},
            "timeouts": null,
            "versioning": [
              {
                "enabled": false,
                "mfa_delete": false
              }
            ],
            "website": [],
            "website_domain": null,
            "website_endpoint": null
          },
          "sensitive_attributes": [],
          "private": "eyJlMmJmYjczMC1lY2FhLTExZTYtOGY4OC0zNDM2M2JjN2M0YzAiOnsiY3JlYXRlIjoxMjAwMDAwMDAwMDAwLCJkZWxldGUiOjM2MDAwMDAwMDAwMDAsInJlYWQiOjEyMDAwMDAwMDAwMDAsInVwZGF0ZSI6MTIwMDAwMDAwMDAwMH19",
          "dependencies": [
            "random_id.s3-bucket-id"
          ],
          "create_before_destroy": true
        }
      ]
    },
    {
      "module": "module.s3_bucket",
      "mode": "managed",
      "type": "aws_s3_bucket_acl",
      "name": "this",
      "provider": "provider[\"registry.terraform.io/hashicorp/aws\"]",
      "instances": [
        {
          "index_key": 0,
          "schema_version": 0,
          "attributes": {
            "access_control_policy": [
              {
                "grant": [
                  {
                    "grantee": [
                      {
                        "display_name": "david.vegaleon10",
                        "email_address": "",
                        "id": "6d4fd10fcff6c0c5c7eee298904ed793ec58cabeb914750d887cdcaab99ded5c",
                        "type": "CanonicalUser",
                        "uri": ""
                      }
                    ],
                    "permission": "FULL_CONTROL"
                  }
                ],
                "owner": [
                  {
                    "display_name": "david.vegaleon10",
                    "id": "6d4fd10fcff6c0c5c7eee298904ed793ec58cabeb914750d887cdcaab99ded5c"
                  }
                ]
              }
            ],
            "acl": "private",
            "bucket": "webapp-project-1e4e529b712a",
            "expected_bucket_owner": "",
            "id": "webapp-project-1e4e529b712a,private"
          },
          "sensitive_attributes": [],
          "private": "bnVsbA==",
          "dependencies": [
            "module.s3_bucket.aws_s3_bucket.this",
            "module.s3_bucket.aws_s3_bucket_ownership_controls.this",
            "module.s3_bucket.aws_s3_bucket_policy.this",
            "module.s3_bucket.aws_s3_bucket_public_access_block.this",
            "module.s3_bucket.data.aws_caller_identity.current",
            "module.s3_bucket.data.aws_canonical_user_id.this",
            "module.s3_bucket.data.aws_iam_policy_document.access_log_delivery",
            "module.s3_bucket.data.aws_iam_policy_document.combined",
            "module.s3_bucket.data.aws_iam_policy_document.deny_incorrect_encryption_headers",
            "module.s3_bucket.data.aws_iam_policy_document.deny_incorrect_kms_key_sse",
            "module.s3_bucket.data.aws_iam_policy_document.deny_insecure_transport",
            "module.s3_bucket.data.aws_iam_policy_document.deny_unencrypted_object_uploads",
            "module.s3_bucket.data.aws_iam_policy_document.elb_log_delivery",
            "module.s3_bucket.data.aws_iam_policy_document.inventory_and_analytics_destination_policy",
            "module.s3_bucket.data.aws_iam_policy_document.lb_log_delivery",
            "module.s3_bucket.data.aws_iam_policy_document.require_latest_tls",
            "module.s3_bucket.data.aws_partition.current",
            "module.s3_bucket.data.aws_region.current",
            "random_id.s3-bucket-id"
          ]
        }
      ]
    },
    {
      "module": "module.s3_bucket",
      "mode": "managed",
      "type": "aws_s3_bucket_ownership_controls",
      "name": "this",
      "provider": "provider[\"registry.terraform.io/hashicorp/aws\"]",
      "instances": [
        {
          "index_key": 0,
          "schema_version": 0,
          "attributes": {
            "bucket": "webapp-project-1e4e529b712a",
            "id": "webapp-project-1e4e529b712a",
            "rule": [
              {
                "object_ownership": "ObjectWriter"
              }
            ]
          },
          "sensitive_attributes": [],
          "private": "bnVsbA==",
          "dependencies": [
            "module.s3_bucket.aws_s3_bucket.this",
            "module.s3_bucket.aws_s3_bucket_policy.this",
            "module.s3_bucket.aws_s3_bucket_public_access_block.this",
            "module.s3_bucket.data.aws_caller_identity.current",
            "module.s3_bucket.data.aws_iam_policy_document.access_log_delivery",
            "module.s3_bucket.data.aws_iam_policy_document.combined",
            "module.s3_bucket.data.aws_iam_policy_document.deny_incorrect_encryption_headers",
            "module.s3_bucket.data.aws_iam_policy_document.deny_incorrect_kms_key_sse",
            "module.s3_bucket.data.aws_iam_policy_document.deny_insecure_transport",
            "module.s3_bucket.data.aws_iam_policy_document.deny_unencrypted_object_uploads",
            "module.s3_bucket.data.aws_iam_policy_document.elb_log_delivery",
            "module.s3_bucket.data.aws_iam_policy_document.inventory_and_analytics_destination_policy",
            "module.s3_bucket.data.aws_iam_policy_document.lb_log_delivery",
            "module.s3_bucket.data.aws_iam_policy_document.require_latest_tls",
            "module.s3_bucket.data.aws_partition.current",
            "module.s3_bucket.data.aws_region.current",
            "random_id.s3-bucket-id"
          ]
        }
      ]
    },
    {
      "module": "module.s3_bucket",
      "mode": "managed",
      "type": "aws_s3_bucket_public_access_block",
      "name": "this",
      "provider": "provider[\"registry.terraform.io/hashicorp/aws\"]",
      "instances": [
        {
          "index_key": 0,
          "schema_version": 0,
          "attributes": {
            "block_public_acls": true,
            "block_public_policy": true,
            "bucket": "webapp-project-1e4e529b712a",
            "id": "webapp-project-1e4e529b712a",
            "ignore_public_acls": true,
            "restrict_public_buckets": true
          },
          "sensitive_attributes": [],
          "private": "bnVsbA==",
          "dependencies": [
            "module.s3_bucket.aws_s3_bucket.this",
            "random_id.s3-bucket-id"
          ],
          "create_before_destroy": true
        }
      ]
    },
    {
      "module": "module.security-group",
      "mode": "managed",
      "type": "aws_security_group",
      "name": "db_sg",
      "provider": "provider[\"registry.terraform.io/hashicorp/aws\"]",
      "instances": [
        {
          "schema_version": 1,
          "attributes": {
            "arn": "arn:aws:ec2:us-east-1:526753475890:security-group/sg-009874d7980594958",
            "description": "data bases tier security group",
            "egress": [
              {
                "cidr_blocks": [
                  "0.0.0.0/0"
                ],
                "description": "Allow all ip and ports outbound",
                "from_port": 0,
                "ipv6_cidr_blocks": [],
                "prefix_list_ids": [],
                "protocol": "-1",
                "security_groups": [],
                "self": false,
                "to_port": 0
              }
            ],
            "id": "sg-009874d7980594958",
            "ingress": [
              {
                "cidr_blocks": [],
                "description": "",
                "from_port": 3306,
                "ipv6_cidr_blocks": [],
                "prefix_list_ids": [],
                "protocol": "tcp",
                "security_groups": [
                  "sg-0247ffdcee2949fb4"
                ],
                "self": false,
                "to_port": 3306
              }
            ],
            "name": "db_sg",
            "name_prefix": "",
            "owner_id": "526753475890",
            "revoke_rules_on_delete": false,
            "tags": {},
            "tags_all": {},
            "timeouts": null,
            "vpc_id": "vpc-08572bb8af31b1c5f"
          },
          "sensitive_attributes": [],
          "private": "eyJlMmJmYjczMC1lY2FhLTExZTYtOGY4OC0zNDM2M2JjN2M0YzAiOnsiY3JlYXRlIjo2MDAwMDAwMDAwMDAsImRlbGV0ZSI6OTAwMDAwMDAwMDAwfSwic2NoZW1hX3ZlcnNpb24iOiIxIn0=",
          "dependencies": [
            "module.security-group.aws_security_group.private_alb_sg",
            "module.security-group.aws_security_group.private_servers_sg",
            "module.security-group.aws_security_group.public_alb_sg",
            "module.security-group.aws_security_group.webtier_servers_sg",
            "module.vpc.aws_vpc.vpc"
          ]
        }
      ]
    },
    {
      "module": "module.security-group",
      "mode": "managed",
      "type": "aws_security_group",
      "name": "private_alb_sg",
      "provider": "provider[\"registry.terraform.io/hashicorp/aws\"]",
      "instances": [
        {
          "schema_version": 1,
          "attributes": {
            "arn": "arn:aws:ec2:us-east-1:526753475890:security-group/sg-0d1c8e1fc79b5bf46",
            "description": "Private load balancer security group",
            "egress": [
              {
                "cidr_blocks": [
                  "0.0.0.0/0"
                ],
                "description": "Allow all ip and ports outbound",
                "from_port": 0,
                "ipv6_cidr_blocks": [],
                "prefix_list_ids": [],
                "protocol": "-1",
                "security_groups": [],
                "self": false,
                "to_port": 0
              }
            ],
            "id": "sg-0d1c8e1fc79b5bf46",
            "ingress": [
              {
                "cidr_blocks": [],
                "description": "",
                "from_port": 80,
                "ipv6_cidr_blocks": [],
                "prefix_list_ids": [],
                "protocol": "tcp",
                "security_groups": [
                  "sg-0d8f75cc1ed500cd7"
                ],
                "self": false,
                "to_port": 80
              }
            ],
            "name": "private_alb_sg",
            "name_prefix": "",
            "owner_id": "526753475890",
            "revoke_rules_on_delete": false,
            "tags": {},
            "tags_all": {},
            "timeouts": null,
            "vpc_id": "vpc-08572bb8af31b1c5f"
          },
          "sensitive_attributes": [],
          "private": "eyJlMmJmYjczMC1lY2FhLTExZTYtOGY4OC0zNDM2M2JjN2M0YzAiOnsiY3JlYXRlIjo2MDAwMDAwMDAwMDAsImRlbGV0ZSI6OTAwMDAwMDAwMDAwfSwic2NoZW1hX3ZlcnNpb24iOiIxIn0=",
          "dependencies": [
            "module.security-group.aws_security_group.public_alb_sg",
            "module.security-group.aws_security_group.webtier_servers_sg",
            "module.vpc.aws_vpc.vpc"
          ],
          "create_before_destroy": true
        }
      ]
    },
    {
      "module": "module.security-group",
      "mode": "managed",
      "type": "aws_security_group",
      "name": "private_servers_sg",
      "provider": "provider[\"registry.terraform.io/hashicorp/aws\"]",
      "instances": [
        {
          "schema_version": 1,
          "attributes": {
            "arn": "arn:aws:ec2:us-east-1:526753475890:security-group/sg-0247ffdcee2949fb4",
            "description": "Private App Tier EC2 instances security group",
            "egress": [
              {
                "cidr_blocks": [
                  "0.0.0.0/0"
                ],
                "description": "Allow all ip and ports outbound",
                "from_port": 0,
                "ipv6_cidr_blocks": [],
                "prefix_list_ids": [],
                "protocol": "-1",
                "security_groups": [],
                "self": false,
                "to_port": 0
              }
            ],
            "id": "sg-0247ffdcee2949fb4",
            "ingress": [
              {
                "cidr_blocks": [],
                "description": "",
                "from_port": 4000,
                "ipv6_cidr_blocks": [],
                "prefix_list_ids": [],
                "protocol": "tcp",
                "security_groups": [
                  "sg-0d1c8e1fc79b5bf46"
                ],
                "self": false,
                "to_port": 4000
              }
            ],
            "name": "private_servers_sg",
            "name_prefix": "",
            "owner_id": "526753475890",
            "revoke_rules_on_delete": false,
            "tags": {},
            "tags_all": {},
            "timeouts": null,
            "vpc_id": "vpc-08572bb8af31b1c5f"
          },
          "sensitive_attributes": [],
          "private": "eyJlMmJmYjczMC1lY2FhLTExZTYtOGY4OC0zNDM2M2JjN2M0YzAiOnsiY3JlYXRlIjo2MDAwMDAwMDAwMDAsImRlbGV0ZSI6OTAwMDAwMDAwMDAwfSwic2NoZW1hX3ZlcnNpb24iOiIxIn0=",
          "dependencies": [
            "module.security-group.aws_security_group.private_alb_sg",
            "module.security-group.aws_security_group.public_alb_sg",
            "module.security-group.aws_security_group.webtier_servers_sg",
            "module.vpc.aws_vpc.vpc"
          ],
          "create_before_destroy": true
        }
      ]
    },
    {
      "module": "module.security-group",
      "mode": "managed",
      "type": "aws_security_group",
      "name": "public_alb_sg",
      "provider": "provider[\"registry.terraform.io/hashicorp/aws\"]",
      "instances": [
        {
          "schema_version": 1,
          "attributes": {
            "arn": "arn:aws:ec2:us-east-1:526753475890:security-group/sg-04feaba31ddfc13c6",
            "description": "Public load balancer security group",
            "egress": [
              {
                "cidr_blocks": [
                  "0.0.0.0/0"
                ],
                "description": "Allow all ip and ports outbound",
                "from_port": 0,
                "ipv6_cidr_blocks": [],
                "prefix_list_ids": [],
                "protocol": "-1",
                "security_groups": [],
                "self": false,
                "to_port": 0
              }
            ],
            "id": "sg-04feaba31ddfc13c6",
            "ingress": [
              {
                "cidr_blocks": [
                  "0.0.0.0/0"
                ],
                "description": "",
                "from_port": 80,
                "ipv6_cidr_blocks": [],
                "prefix_list_ids": [],
                "protocol": "tcp",
                "security_groups": [],
                "self": false,
                "to_port": 80
              }
            ],
            "name": "public_alb_sg",
            "name_prefix": "",
            "owner_id": "526753475890",
            "revoke_rules_on_delete": false,
            "tags": {},
            "tags_all": {},
            "timeouts": null,
            "vpc_id": "vpc-08572bb8af31b1c5f"
          },
          "sensitive_attributes": [],
          "private": "eyJlMmJmYjczMC1lY2FhLTExZTYtOGY4OC0zNDM2M2JjN2M0YzAiOnsiY3JlYXRlIjo2MDAwMDAwMDAwMDAsImRlbGV0ZSI6OTAwMDAwMDAwMDAwfSwic2NoZW1hX3ZlcnNpb24iOiIxIn0=",
          "dependencies": [
            "module.vpc.aws_vpc.vpc"
          ],
          "create_before_destroy": true
        }
      ]
    },
    {
      "module": "module.security-group",
      "mode": "managed",
      "type": "aws_security_group",
      "name": "ssh_access_sg",
      "provider": "provider[\"registry.terraform.io/hashicorp/aws\"]",
      "instances": [
        {
          "schema_version": 1,
          "attributes": {
            "arn": "arn:aws:ec2:us-east-1:526753475890:security-group/sg-092bdfe37d69bca00",
            "description": "SSH security group",
            "egress": [
              {
                "cidr_blocks": [
                  "0.0.0.0/0"
                ],
                "description": "Allow all ip and ports outbound",
                "from_port": 0,
                "ipv6_cidr_blocks": [],
                "prefix_list_ids": [],
                "protocol": "-1",
                "security_groups": [],
                "self": false,
                "to_port": 0
              }
            ],
            "id": "sg-092bdfe37d69bca00",
            "ingress": [
              {
                "cidr_blocks": [
                  "0.0.0.0/0"
                ],
                "description": "",
                "from_port": 22,
                "ipv6_cidr_blocks": [],
                "prefix_list_ids": [],
                "protocol": "tcp",
                "security_groups": [],
                "self": false,
                "to_port": 22
              }
            ],
            "name": "ssh_sg",
            "name_prefix": "",
            "owner_id": "526753475890",
            "revoke_rules_on_delete": false,
            "tags": {},
            "tags_all": {},
            "timeouts": null,
            "vpc_id": "vpc-08572bb8af31b1c5f"
          },
          "sensitive_attributes": [],
          "private": "eyJlMmJmYjczMC1lY2FhLTExZTYtOGY4OC0zNDM2M2JjN2M0YzAiOnsiY3JlYXRlIjo2MDAwMDAwMDAwMDAsImRlbGV0ZSI6OTAwMDAwMDAwMDAwfSwic2NoZW1hX3ZlcnNpb24iOiIxIn0=",
          "dependencies": [
            "module.vpc.aws_vpc.vpc"
          ],
          "create_before_destroy": true
        }
      ]
    },
    {
      "module": "module.security-group",
      "mode": "managed",
      "type": "aws_security_group",
      "name": "webtier_servers_sg",
      "provider": "provider[\"registry.terraform.io/hashicorp/aws\"]",
      "instances": [
        {
          "schema_version": 1,
          "attributes": {
            "arn": "arn:aws:ec2:us-east-1:526753475890:security-group/sg-0d8f75cc1ed500cd7",
            "description": "Public web tier EC2 instances security group",
            "egress": [
              {
                "cidr_blocks": [
                  "0.0.0.0/0"
                ],
                "description": "Allow all ip and ports outbound",
                "from_port": 0,
                "ipv6_cidr_blocks": [],
                "prefix_list_ids": [],
                "protocol": "-1",
                "security_groups": [],
                "self": false,
                "to_port": 0
              }
            ],
            "id": "sg-0d8f75cc1ed500cd7",
            "ingress": [
              {
                "cidr_blocks": [],
                "description": "",
                "from_port": 80,
                "ipv6_cidr_blocks": [],
                "prefix_list_ids": [],
                "protocol": "tcp",
                "security_groups": [
                  "sg-04feaba31ddfc13c6"
                ],
                "self": false,
                "to_port": 80
              }
            ],
            "name": "webtier_servers_sg",
            "name_prefix": "",
            "owner_id": "526753475890",
            "revoke_rules_on_delete": false,
            "tags": {},
            "tags_all": {},
            "timeouts": null,
            "vpc_id": "vpc-08572bb8af31b1c5f"
          },
          "sensitive_attributes": [],
          "private": "eyJlMmJmYjczMC1lY2FhLTExZTYtOGY4OC0zNDM2M2JjN2M0YzAiOnsiY3JlYXRlIjo2MDAwMDAwMDAwMDAsImRlbGV0ZSI6OTAwMDAwMDAwMDAwfSwic2NoZW1hX3ZlcnNpb24iOiIxIn0=",
          "dependencies": [
            "module.security-group.aws_security_group.public_alb_sg",
            "module.vpc.aws_vpc.vpc"
          ],
          "create_before_destroy": true
        }
      ]
    },
    {
      "module": "module.vpc",
      "mode": "data",
      "type": "aws_availability_zones",
      "name": "available",
      "provider": "provider[\"registry.terraform.io/hashicorp/aws\"]",
      "instances": [
        {
          "schema_version": 0,
          "attributes": {
            "all_availability_zones": null,
            "exclude_names": null,
            "exclude_zone_ids": null,
            "filter": null,
            "group_names": [
              "us-east-1"
            ],
            "id": "us-east-1",
            "names": [
              "us-east-1a",
              "us-east-1b",
              "us-east-1c",
              "us-east-1d",
              "us-east-1e",
              "us-east-1f"
            ],
            "state": null,
            "timeouts": null,
            "zone_ids": [
              "use1-az1",
              "use1-az2",
              "use1-az4",
              "use1-az6",
              "use1-az3",
              "use1-az5"
            ]
          },
          "sensitive_attributes": []
        }
      ]
    },
    {
      "module": "module.vpc",
      "mode": "managed",
      "type": "aws_eip",
      "name": "nat_gateway_eip",
      "provider": "provider[\"registry.terraform.io/hashicorp/aws\"]",
      "instances": [
        {
          "index_key": 0,
          "schema_version": 0,
          "attributes": {
            "address": null,
            "allocation_id": "eipalloc-00966c463f314e084",
            "associate_with_private_ip": null,
            "association_id": "eipassoc-078b54ee96573db5a",
            "carrier_ip": "",
            "customer_owned_ip": "",
            "customer_owned_ipv4_pool": "",
            "domain": "vpc",
            "id": "eipalloc-00966c463f314e084",
            "instance": "",
            "network_border_group": "us-east-1",
            "network_interface": "eni-00622ce42f50596df",
            "private_dns": "ip-10-0-100-92.ec2.internal",
            "private_ip": "10.0.100.92",
            "public_dns": "ec2-44-219-150-74.compute-1.amazonaws.com",
            "public_ip": "44.219.150.74",
            "public_ipv4_pool": "amazon",
            "tags": {
              "Name": "nat_gateway_eip_1"
            },
            "tags_all": {
              "Name": "nat_gateway_eip_1"
            },
            "timeouts": null,
            "vpc": true
          },
          "sensitive_attributes": [],
          "private": "eyJlMmJmYjczMC1lY2FhLTExZTYtOGY4OC0zNDM2M2JjN2M0YzAiOnsiZGVsZXRlIjoxODAwMDAwMDAwMDAsInJlYWQiOjkwMDAwMDAwMDAwMCwidXBkYXRlIjozMDAwMDAwMDAwMDB9fQ==",
          "dependencies": [
            "module.vpc.aws_internet_gateway.internet_gateway",
            "module.vpc.aws_subnet.public_subnets",
            "module.vpc.aws_vpc.vpc",
            "module.vpc.data.aws_availability_zones.available"
          ]
        },
        {
          "index_key": 1,
          "schema_version": 0,
          "attributes": {
            "address": null,
            "allocation_id": "eipalloc-0ad9ddd1ab77f091b",
            "associate_with_private_ip": null,
            "association_id": "eipassoc-0395ef231ce96c1fa",
            "carrier_ip": "",
            "customer_owned_ip": "",
            "customer_owned_ipv4_pool": "",
            "domain": "vpc",
            "id": "eipalloc-0ad9ddd1ab77f091b",
            "instance": "",
            "network_border_group": "us-east-1",
            "network_interface": "eni-03db741326c32709a",
            "private_dns": "ip-10-0-101-205.ec2.internal",
            "private_ip": "10.0.101.205",
            "public_dns": "ec2-52-2-96-222.compute-1.amazonaws.com",
            "public_ip": "52.2.96.222",
            "public_ipv4_pool": "amazon",
            "tags": {
              "Name": "nat_gateway_eip_2"
            },
            "tags_all": {
              "Name": "nat_gateway_eip_2"
            },
            "timeouts": null,
            "vpc": true
          },
          "sensitive_attributes": [],
          "private": "eyJlMmJmYjczMC1lY2FhLTExZTYtOGY4OC0zNDM2M2JjN2M0YzAiOnsiZGVsZXRlIjoxODAwMDAwMDAwMDAsInJlYWQiOjkwMDAwMDAwMDAwMCwidXBkYXRlIjozMDAwMDAwMDAwMDB9fQ==",
          "dependencies": [
            "module.vpc.aws_internet_gateway.internet_gateway",
            "module.vpc.aws_subnet.public_subnets",
            "module.vpc.aws_vpc.vpc",
            "module.vpc.data.aws_availability_zones.available"
          ]
        }
      ]
    },
    {
      "module": "module.vpc",
      "mode": "managed",
      "type": "aws_internet_gateway",
      "name": "internet_gateway",
      "provider": "provider[\"registry.terraform.io/hashicorp/aws\"]",
      "instances": [
        {
          "schema_version": 0,
          "attributes": {
            "arn": "arn:aws:ec2:us-east-1:526753475890:internet-gateway/igw-036adecb066e5827b",
            "id": "igw-036adecb066e5827b",
            "owner_id": "526753475890",
            "tags": {
              "Name": "vpc_webapp_project_igw"
            },
            "tags_all": {
              "Name": "vpc_webapp_project_igw"
            },
            "timeouts": null,
            "vpc_id": "vpc-08572bb8af31b1c5f"
          },
          "sensitive_attributes": [],
          "private": "eyJlMmJmYjczMC1lY2FhLTExZTYtOGY4OC0zNDM2M2JjN2M0YzAiOnsiY3JlYXRlIjoxMjAwMDAwMDAwMDAwLCJkZWxldGUiOjEyMDAwMDAwMDAwMDAsInVwZGF0ZSI6MTIwMDAwMDAwMDAwMH19",
          "dependencies": [
            "module.vpc.aws_vpc.vpc"
          ]
        }
      ]
    },
    {
      "module": "module.vpc",
      "mode": "managed",
      "type": "aws_nat_gateway",
      "name": "nat_gateway",
      "provider": "provider[\"registry.terraform.io/hashicorp/aws\"]",
      "instances": [
        {
          "index_key": 0,
          "schema_version": 0,
          "attributes": {
            "allocation_id": "eipalloc-00966c463f314e084",
            "association_id": "eipassoc-078b54ee96573db5a",
            "connectivity_type": "public",
            "id": "nat-0d5275a21c76cfe3f",
            "network_interface_id": "eni-00622ce42f50596df",
            "private_ip": "10.0.100.92",
            "public_ip": "44.219.150.74",
            "secondary_allocation_ids": [],
            "secondary_private_ip_address_count": 0,
            "secondary_private_ip_addresses": [],
            "subnet_id": "subnet-090f16b20123ef73e",
            "tags": {
              "Name": "nat_gateway_us-east-1a"
            },
            "tags_all": {
              "Name": "nat_gateway_us-east-1a"
            },
            "timeouts": null
          },
          "sensitive_attributes": [],
          "private": "eyJlMmJmYjczMC1lY2FhLTExZTYtOGY4OC0zNDM2M2JjN2M0YzAiOnsiY3JlYXRlIjo2MDAwMDAwMDAwMDAsImRlbGV0ZSI6MTgwMDAwMDAwMDAwMCwidXBkYXRlIjo2MDAwMDAwMDAwMDB9fQ==",
          "dependencies": [
            "module.vpc.aws_eip.nat_gateway_eip",
            "module.vpc.aws_internet_gateway.internet_gateway",
            "module.vpc.aws_subnet.public_subnets",
            "module.vpc.aws_vpc.vpc",
            "module.vpc.data.aws_availability_zones.available"
          ]
        },
        {
          "index_key": 1,
          "schema_version": 0,
          "attributes": {
            "allocation_id": "eipalloc-0ad9ddd1ab77f091b",
            "association_id": "eipassoc-0395ef231ce96c1fa",
            "connectivity_type": "public",
            "id": "nat-07a661a9038318775",
            "network_interface_id": "eni-03db741326c32709a",
            "private_ip": "10.0.101.205",
            "public_ip": "52.2.96.222",
            "secondary_allocation_ids": [],
            "secondary_private_ip_address_count": 0,
            "secondary_private_ip_addresses": [],
            "subnet_id": "subnet-0768130152ed599d3",
            "tags": {
              "Name": "nat_gateway_us-east-1b"
            },
            "tags_all": {
              "Name": "nat_gateway_us-east-1b"
            },
            "timeouts": null
          },
          "sensitive_attributes": [],
          "private": "eyJlMmJmYjczMC1lY2FhLTExZTYtOGY4OC0zNDM2M2JjN2M0YzAiOnsiY3JlYXRlIjo2MDAwMDAwMDAwMDAsImRlbGV0ZSI6MTgwMDAwMDAwMDAwMCwidXBkYXRlIjo2MDAwMDAwMDAwMDB9fQ==",
          "dependencies": [
            "module.vpc.aws_eip.nat_gateway_eip",
            "module.vpc.aws_internet_gateway.internet_gateway",
            "module.vpc.aws_subnet.public_subnets",
            "module.vpc.aws_vpc.vpc",
            "module.vpc.data.aws_availability_zones.available"
          ]
        }
      ]
    },
    {
      "module": "module.vpc",
      "mode": "managed",
      "type": "aws_route_table",
      "name": "private_route_table",
      "provider": "provider[\"registry.terraform.io/hashicorp/aws\"]",
      "instances": [
        {
          "index_key": 0,
          "schema_version": 0,
          "attributes": {
            "arn": "arn:aws:ec2:us-east-1:526753475890:route-table/rtb-0b356cb65d87d5404",
            "id": "rtb-0b356cb65d87d5404",
            "owner_id": "526753475890",
            "propagating_vgws": [],
            "route": [
              {
                "carrier_gateway_id": "",
                "cidr_block": "0.0.0.0/0",
                "core_network_arn": "",
                "destination_prefix_list_id": "",
                "egress_only_gateway_id": "",
                "gateway_id": "",
                "ipv6_cidr_block": "",
                "local_gateway_id": "",
                "nat_gateway_id": "nat-0d5275a21c76cfe3f",
                "network_interface_id": "",
                "transit_gateway_id": "",
                "vpc_endpoint_id": "",
                "vpc_peering_connection_id": ""
              }
            ],
            "tags": {
              "Name": "private_rtb_us-east-1a"
            },
            "tags_all": {
              "Name": "private_rtb_us-east-1a"
            },
            "timeouts": null,
            "vpc_id": "vpc-08572bb8af31b1c5f"
          },
          "sensitive_attributes": [],
          "private": "eyJlMmJmYjczMC1lY2FhLTExZTYtOGY4OC0zNDM2M2JjN2M0YzAiOnsiY3JlYXRlIjozMDAwMDAwMDAwMDAsImRlbGV0ZSI6MzAwMDAwMDAwMDAwLCJ1cGRhdGUiOjEyMDAwMDAwMDAwMH19",
          "dependencies": [
            "module.vpc.aws_eip.nat_gateway_eip",
            "module.vpc.aws_internet_gateway.internet_gateway",
            "module.vpc.aws_nat_gateway.nat_gateway",
            "module.vpc.aws_subnet.private_subnets",
            "module.vpc.aws_subnet.public_subnets",
            "module.vpc.aws_vpc.vpc",
            "module.vpc.data.aws_availability_zones.available"
          ]
        },
        {
          "index_key": 1,
          "schema_version": 0,
          "attributes": {
            "arn": "arn:aws:ec2:us-east-1:526753475890:route-table/rtb-0caeb0a62484f0f67",
            "id": "rtb-0caeb0a62484f0f67",
            "owner_id": "526753475890",
            "propagating_vgws": [],
            "route": [
              {
                "carrier_gateway_id": "",
                "cidr_block": "0.0.0.0/0",
                "core_network_arn": "",
                "destination_prefix_list_id": "",
                "egress_only_gateway_id": "",
                "gateway_id": "",
                "ipv6_cidr_block": "",
                "local_gateway_id": "",
                "nat_gateway_id": "nat-07a661a9038318775",
                "network_interface_id": "",
                "transit_gateway_id": "",
                "vpc_endpoint_id": "",
                "vpc_peering_connection_id": ""
              }
            ],
            "tags": {
              "Name": "private_rtb_us-east-1b"
            },
            "tags_all": {
              "Name": "private_rtb_us-east-1b"
            },
            "timeouts": null,
            "vpc_id": "vpc-08572bb8af31b1c5f"
          },
          "sensitive_attributes": [],
          "private": "eyJlMmJmYjczMC1lY2FhLTExZTYtOGY4OC0zNDM2M2JjN2M0YzAiOnsiY3JlYXRlIjozMDAwMDAwMDAwMDAsImRlbGV0ZSI6MzAwMDAwMDAwMDAwLCJ1cGRhdGUiOjEyMDAwMDAwMDAwMH19",
          "dependencies": [
            "module.vpc.aws_eip.nat_gateway_eip",
            "module.vpc.aws_internet_gateway.internet_gateway",
            "module.vpc.aws_nat_gateway.nat_gateway",
            "module.vpc.aws_subnet.private_subnets",
            "module.vpc.aws_subnet.public_subnets",
            "module.vpc.aws_vpc.vpc",
            "module.vpc.data.aws_availability_zones.available"
          ]
        }
      ]
    },
    {
      "module": "module.vpc",
      "mode": "managed",
      "type": "aws_route_table",
      "name": "public_route_table",
      "provider": "provider[\"registry.terraform.io/hashicorp/aws\"]",
      "instances": [
        {
          "schema_version": 0,
          "attributes": {
            "arn": "arn:aws:ec2:us-east-1:526753475890:route-table/rtb-04943feff88694e9b",
            "id": "rtb-04943feff88694e9b",
            "owner_id": "526753475890",
            "propagating_vgws": [],
            "route": [
              {
                "carrier_gateway_id": "",
                "cidr_block": "0.0.0.0/0",
                "core_network_arn": "",
                "destination_prefix_list_id": "",
                "egress_only_gateway_id": "",
                "gateway_id": "igw-036adecb066e5827b",
                "ipv6_cidr_block": "",
                "local_gateway_id": "",
                "nat_gateway_id": "",
                "network_interface_id": "",
                "transit_gateway_id": "",
                "vpc_endpoint_id": "",
                "vpc_peering_connection_id": ""
              }
            ],
            "tags": {
              "Name": "public_rtb"
            },
            "tags_all": {
              "Name": "public_rtb"
            },
            "timeouts": null,
            "vpc_id": "vpc-08572bb8af31b1c5f"
          },
          "sensitive_attributes": [],
          "private": "eyJlMmJmYjczMC1lY2FhLTExZTYtOGY4OC0zNDM2M2JjN2M0YzAiOnsiY3JlYXRlIjozMDAwMDAwMDAwMDAsImRlbGV0ZSI6MzAwMDAwMDAwMDAwLCJ1cGRhdGUiOjEyMDAwMDAwMDAwMH19",
          "dependencies": [
            "module.vpc.aws_internet_gateway.internet_gateway",
            "module.vpc.aws_vpc.vpc"
          ]
        }
      ]
    },
    {
      "module": "module.vpc",
      "mode": "managed",
      "type": "aws_route_table_association",
      "name": "private",
      "provider": "provider[\"registry.terraform.io/hashicorp/aws\"]",
      "instances": [
        {
          "index_key": 0,
          "schema_version": 0,
          "attributes": {
            "gateway_id": "",
            "id": "rtbassoc-0394f704af48c5a20",
            "route_table_id": "rtb-0b356cb65d87d5404",
            "subnet_id": "subnet-072bc70cf406a83ea",
            "timeouts": null
          },
          "sensitive_attributes": [],
          "private": "eyJlMmJmYjczMC1lY2FhLTExZTYtOGY4OC0zNDM2M2JjN2M0YzAiOnsiY3JlYXRlIjozMDAwMDAwMDAwMDAsImRlbGV0ZSI6MzAwMDAwMDAwMDAwLCJ1cGRhdGUiOjEyMDAwMDAwMDAwMH19",
          "dependencies": [
            "module.vpc.aws_eip.nat_gateway_eip",
            "module.vpc.aws_internet_gateway.internet_gateway",
            "module.vpc.aws_nat_gateway.nat_gateway",
            "module.vpc.aws_route_table.private_route_table",
            "module.vpc.aws_subnet.private_subnets",
            "module.vpc.aws_subnet.public_subnets",
            "module.vpc.aws_vpc.vpc",
            "module.vpc.data.aws_availability_zones.available"
          ]
        },
        {
          "index_key": 1,
          "schema_version": 0,
          "attributes": {
            "gateway_id": "",
            "id": "rtbassoc-01b70c48e93d25093",
            "route_table_id": "rtb-0caeb0a62484f0f67",
            "subnet_id": "subnet-04f519a5b4dc96364",
            "timeouts": null
          },
          "sensitive_attributes": [],
          "private": "eyJlMmJmYjczMC1lY2FhLTExZTYtOGY4OC0zNDM2M2JjN2M0YzAiOnsiY3JlYXRlIjozMDAwMDAwMDAwMDAsImRlbGV0ZSI6MzAwMDAwMDAwMDAwLCJ1cGRhdGUiOjEyMDAwMDAwMDAwMH19",
          "dependencies": [
            "module.vpc.aws_eip.nat_gateway_eip",
            "module.vpc.aws_internet_gateway.internet_gateway",
            "module.vpc.aws_nat_gateway.nat_gateway",
            "module.vpc.aws_route_table.private_route_table",
            "module.vpc.aws_subnet.private_subnets",
            "module.vpc.aws_subnet.public_subnets",
            "module.vpc.aws_vpc.vpc",
            "module.vpc.data.aws_availability_zones.available"
          ]
        }
      ]
    },
    {
      "module": "module.vpc",
      "mode": "managed",
      "type": "aws_route_table_association",
      "name": "public",
      "provider": "provider[\"registry.terraform.io/hashicorp/aws\"]",
      "instances": [
        {
          "index_key": 0,
          "schema_version": 0,
          "attributes": {
            "gateway_id": "",
            "id": "rtbassoc-073edb1a2e6c58c82",
            "route_table_id": "rtb-04943feff88694e9b",
            "subnet_id": "subnet-090f16b20123ef73e",
            "timeouts": null
          },
          "sensitive_attributes": [],
          "private": "eyJlMmJmYjczMC1lY2FhLTExZTYtOGY4OC0zNDM2M2JjN2M0YzAiOnsiY3JlYXRlIjozMDAwMDAwMDAwMDAsImRlbGV0ZSI6MzAwMDAwMDAwMDAwLCJ1cGRhdGUiOjEyMDAwMDAwMDAwMH19",
          "dependencies": [
            "module.vpc.aws_internet_gateway.internet_gateway",
            "module.vpc.aws_route_table.public_route_table",
            "module.vpc.aws_subnet.public_subnets",
            "module.vpc.aws_vpc.vpc",
            "module.vpc.data.aws_availability_zones.available"
          ]
        },
        {
          "index_key": 1,
          "schema_version": 0,
          "attributes": {
            "gateway_id": "",
            "id": "rtbassoc-04660ce4748fa6478",
            "route_table_id": "rtb-04943feff88694e9b",
            "subnet_id": "subnet-0768130152ed599d3",
            "timeouts": null
          },
          "sensitive_attributes": [],
          "private": "eyJlMmJmYjczMC1lY2FhLTExZTYtOGY4OC0zNDM2M2JjN2M0YzAiOnsiY3JlYXRlIjozMDAwMDAwMDAwMDAsImRlbGV0ZSI6MzAwMDAwMDAwMDAwLCJ1cGRhdGUiOjEyMDAwMDAwMDAwMH19",
          "dependencies": [
            "module.vpc.aws_internet_gateway.internet_gateway",
            "module.vpc.aws_route_table.public_route_table",
            "module.vpc.aws_subnet.public_subnets",
            "module.vpc.aws_vpc.vpc",
            "module.vpc.data.aws_availability_zones.available"
          ]
        }
      ]
    },
    {
      "module": "module.vpc",
      "mode": "managed",
      "type": "aws_subnet",
      "name": "private_subnets",
      "provider": "provider[\"registry.terraform.io/hashicorp/aws\"]",
      "instances": [
        {
          "index_key": 0,
          "schema_version": 1,
          "attributes": {
            "arn": "arn:aws:ec2:us-east-1:526753475890:subnet/subnet-072bc70cf406a83ea",
            "assign_ipv6_address_on_creation": false,
            "availability_zone": "us-east-1a",
            "availability_zone_id": "use1-az1",
            "cidr_block": "10.0.0.0/24",
            "customer_owned_ipv4_pool": "",
            "enable_dns64": false,
            "enable_lni_at_device_index": 0,
            "enable_resource_name_dns_a_record_on_launch": false,
            "enable_resource_name_dns_aaaa_record_on_launch": false,
            "id": "subnet-072bc70cf406a83ea",
            "ipv6_cidr_block": "",
            "ipv6_cidr_block_association_id": "",
            "ipv6_native": false,
            "map_customer_owned_ip_on_launch": false,
            "map_public_ip_on_launch": false,
            "outpost_arn": "",
            "owner_id": "526753475890",
            "private_dns_hostname_type_on_launch": "ip-name",
            "tags": {
              "Name": "private_subnet_us-east-1a"
            },
            "tags_all": {
              "Name": "private_subnet_us-east-1a"
            },
            "timeouts": null,
            "vpc_id": "vpc-08572bb8af31b1c5f"
          },
          "sensitive_attributes": [],
          "private": "eyJlMmJmYjczMC1lY2FhLTExZTYtOGY4OC0zNDM2M2JjN2M0YzAiOnsiY3JlYXRlIjo2MDAwMDAwMDAwMDAsImRlbGV0ZSI6MTIwMDAwMDAwMDAwMH0sInNjaGVtYV92ZXJzaW9uIjoiMSJ9",
          "dependencies": [
            "module.vpc.aws_vpc.vpc",
            "module.vpc.data.aws_availability_zones.available"
          ],
          "create_before_destroy": true
        },
        {
          "index_key": 1,
          "schema_version": 1,
          "attributes": {
            "arn": "arn:aws:ec2:us-east-1:526753475890:subnet/subnet-04f519a5b4dc96364",
            "assign_ipv6_address_on_creation": false,
            "availability_zone": "us-east-1b",
            "availability_zone_id": "use1-az2",
            "cidr_block": "10.0.1.0/24",
            "customer_owned_ipv4_pool": "",
            "enable_dns64": false,
            "enable_lni_at_device_index": 0,
            "enable_resource_name_dns_a_record_on_launch": false,
            "enable_resource_name_dns_aaaa_record_on_launch": false,
            "id": "subnet-04f519a5b4dc96364",
            "ipv6_cidr_block": "",
            "ipv6_cidr_block_association_id": "",
            "ipv6_native": false,
            "map_customer_owned_ip_on_launch": false,
            "map_public_ip_on_launch": false,
            "outpost_arn": "",
            "owner_id": "526753475890",
            "private_dns_hostname_type_on_launch": "ip-name",
            "tags": {
              "Name": "private_subnet_us-east-1b"
            },
            "tags_all": {
              "Name": "private_subnet_us-east-1b"
            },
            "timeouts": null,
            "vpc_id": "vpc-08572bb8af31b1c5f"
          },
          "sensitive_attributes": [],
          "private": "eyJlMmJmYjczMC1lY2FhLTExZTYtOGY4OC0zNDM2M2JjN2M0YzAiOnsiY3JlYXRlIjo2MDAwMDAwMDAwMDAsImRlbGV0ZSI6MTIwMDAwMDAwMDAwMH0sInNjaGVtYV92ZXJzaW9uIjoiMSJ9",
          "dependencies": [
            "module.vpc.aws_vpc.vpc",
            "module.vpc.data.aws_availability_zones.available"
          ],
          "create_before_destroy": true
        }
      ]
    },
    {
      "module": "module.vpc",
      "mode": "managed",
      "type": "aws_subnet",
      "name": "private_subnets_db",
      "provider": "provider[\"registry.terraform.io/hashicorp/aws\"]",
      "instances": [
        {
          "index_key": 0,
          "schema_version": 1,
          "attributes": {
            "arn": "arn:aws:ec2:us-east-1:526753475890:subnet/subnet-0bfe9f78f27b09d8e",
            "assign_ipv6_address_on_creation": false,
            "availability_zone": "us-east-1a",
            "availability_zone_id": "use1-az1",
            "cidr_block": "10.0.10.0/24",
            "customer_owned_ipv4_pool": "",
            "enable_dns64": false,
            "enable_lni_at_device_index": 0,
            "enable_resource_name_dns_a_record_on_launch": false,
            "enable_resource_name_dns_aaaa_record_on_launch": false,
            "id": "subnet-0bfe9f78f27b09d8e",
            "ipv6_cidr_block": "",
            "ipv6_cidr_block_association_id": "",
            "ipv6_native": false,
            "map_customer_owned_ip_on_launch": false,
            "map_public_ip_on_launch": false,
            "outpost_arn": "",
            "owner_id": "526753475890",
            "private_dns_hostname_type_on_launch": "ip-name",
            "tags": {
              "Name": "private_subnet_db_us-east-1a"
            },
            "tags_all": {
              "Name": "private_subnet_db_us-east-1a"
            },
            "timeouts": null,
            "vpc_id": "vpc-08572bb8af31b1c5f"
          },
          "sensitive_attributes": [],
          "private": "eyJlMmJmYjczMC1lY2FhLTExZTYtOGY4OC0zNDM2M2JjN2M0YzAiOnsiY3JlYXRlIjo2MDAwMDAwMDAwMDAsImRlbGV0ZSI6MTIwMDAwMDAwMDAwMH0sInNjaGVtYV92ZXJzaW9uIjoiMSJ9",
          "dependencies": [
            "module.vpc.aws_vpc.vpc",
            "module.vpc.data.aws_availability_zones.available"
          ]
        },
        {
          "index_key": 1,
          "schema_version": 1,
          "attributes": {
            "arn": "arn:aws:ec2:us-east-1:526753475890:subnet/subnet-09dbec4fe04cde632",
            "assign_ipv6_address_on_creation": false,
            "availability_zone": "us-east-1b",
            "availability_zone_id": "use1-az2",
            "cidr_block": "10.0.11.0/24",
            "customer_owned_ipv4_pool": "",
            "enable_dns64": false,
            "enable_lni_at_device_index": 0,
            "enable_resource_name_dns_a_record_on_launch": false,
            "enable_resource_name_dns_aaaa_record_on_launch": false,
            "id": "subnet-09dbec4fe04cde632",
            "ipv6_cidr_block": "",
            "ipv6_cidr_block_association_id": "",
            "ipv6_native": false,
            "map_customer_owned_ip_on_launch": false,
            "map_public_ip_on_launch": false,
            "outpost_arn": "",
            "owner_id": "526753475890",
            "private_dns_hostname_type_on_launch": "ip-name",
            "tags": {
              "Name": "private_subnet_db_us-east-1b"
            },
            "tags_all": {
              "Name": "private_subnet_db_us-east-1b"
            },
            "timeouts": null,
            "vpc_id": "vpc-08572bb8af31b1c5f"
          },
          "sensitive_attributes": [],
          "private": "eyJlMmJmYjczMC1lY2FhLTExZTYtOGY4OC0zNDM2M2JjN2M0YzAiOnsiY3JlYXRlIjo2MDAwMDAwMDAwMDAsImRlbGV0ZSI6MTIwMDAwMDAwMDAwMH0sInNjaGVtYV92ZXJzaW9uIjoiMSJ9",
          "dependencies": [
            "module.vpc.aws_vpc.vpc",
            "module.vpc.data.aws_availability_zones.available"
          ]
        }
      ]
    },
    {
      "module": "module.vpc",
      "mode": "managed",
      "type": "aws_subnet",
      "name": "public_subnets",
      "provider": "provider[\"registry.terraform.io/hashicorp/aws\"]",
      "instances": [
        {
          "index_key": 0,
          "schema_version": 1,
          "attributes": {
            "arn": "arn:aws:ec2:us-east-1:526753475890:subnet/subnet-090f16b20123ef73e",
            "assign_ipv6_address_on_creation": false,
            "availability_zone": "us-east-1a",
            "availability_zone_id": "use1-az1",
            "cidr_block": "10.0.100.0/24",
            "customer_owned_ipv4_pool": "",
            "enable_dns64": false,
            "enable_lni_at_device_index": 0,
            "enable_resource_name_dns_a_record_on_launch": false,
            "enable_resource_name_dns_aaaa_record_on_launch": false,
            "id": "subnet-090f16b20123ef73e",
            "ipv6_cidr_block": "",
            "ipv6_cidr_block_association_id": "",
            "ipv6_native": false,
            "map_customer_owned_ip_on_launch": false,
            "map_public_ip_on_launch": true,
            "outpost_arn": "",
            "owner_id": "526753475890",
            "private_dns_hostname_type_on_launch": "ip-name",
            "tags": {
              "Name": "public_subnet_us-east-1a"
            },
            "tags_all": {
              "Name": "public_subnet_us-east-1a"
            },
            "timeouts": null,
            "vpc_id": "vpc-08572bb8af31b1c5f"
          },
          "sensitive_attributes": [],
          "private": "eyJlMmJmYjczMC1lY2FhLTExZTYtOGY4OC0zNDM2M2JjN2M0YzAiOnsiY3JlYXRlIjo2MDAwMDAwMDAwMDAsImRlbGV0ZSI6MTIwMDAwMDAwMDAwMH0sInNjaGVtYV92ZXJzaW9uIjoiMSJ9",
          "dependencies": [
            "module.vpc.aws_vpc.vpc",
            "module.vpc.data.aws_availability_zones.available"
          ],
          "create_before_destroy": true
        },
        {
          "index_key": 1,
          "schema_version": 1,
          "attributes": {
            "arn": "arn:aws:ec2:us-east-1:526753475890:subnet/subnet-0768130152ed599d3",
            "assign_ipv6_address_on_creation": false,
            "availability_zone": "us-east-1b",
            "availability_zone_id": "use1-az2",
            "cidr_block": "10.0.101.0/24",
            "customer_owned_ipv4_pool": "",
            "enable_dns64": false,
            "enable_lni_at_device_index": 0,
            "enable_resource_name_dns_a_record_on_launch": false,
            "enable_resource_name_dns_aaaa_record_on_launch": false,
            "id": "subnet-0768130152ed599d3",
            "ipv6_cidr_block": "",
            "ipv6_cidr_block_association_id": "",
            "ipv6_native": false,
            "map_customer_owned_ip_on_launch": false,
            "map_public_ip_on_launch": true,
            "outpost_arn": "",
            "owner_id": "526753475890",
            "private_dns_hostname_type_on_launch": "ip-name",
            "tags": {
              "Name": "public_subnet_us-east-1b"
            },
            "tags_all": {
              "Name": "public_subnet_us-east-1b"
            },
            "timeouts": null,
            "vpc_id": "vpc-08572bb8af31b1c5f"
          },
          "sensitive_attributes": [],
          "private": "eyJlMmJmYjczMC1lY2FhLTExZTYtOGY4OC0zNDM2M2JjN2M0YzAiOnsiY3JlYXRlIjo2MDAwMDAwMDAwMDAsImRlbGV0ZSI6MTIwMDAwMDAwMDAwMH0sInNjaGVtYV92ZXJzaW9uIjoiMSJ9",
          "dependencies": [
            "module.vpc.aws_vpc.vpc",
            "module.vpc.data.aws_availability_zones.available"
          ],
          "create_before_destroy": true
        }
      ]
    },
    {
      "module": "module.vpc",
      "mode": "managed",
      "type": "aws_vpc",
      "name": "vpc",
      "provider": "provider[\"registry.terraform.io/hashicorp/aws\"]",
      "instances": [
        {
          "schema_version": 1,
          "attributes": {
            "arn": "arn:aws:ec2:us-east-1:526753475890:vpc/vpc-08572bb8af31b1c5f",
            "assign_generated_ipv6_cidr_block": false,
            "cidr_block": "10.0.0.0/16",
            "default_network_acl_id": "acl-0b9301c34a5bf4a64",
            "default_route_table_id": "rtb-09afa24706c434bf9",
            "default_security_group_id": "sg-09ae0e7b4dc672b2d",
            "dhcp_options_id": "dopt-06e584d5e50550765",
            "enable_dns_hostnames": false,
            "enable_dns_support": true,
            "enable_network_address_usage_metrics": false,
            "id": "vpc-08572bb8af31b1c5f",
            "instance_tenancy": "default",
            "ipv4_ipam_pool_id": null,
            "ipv4_netmask_length": null,
            "ipv6_association_id": "",
            "ipv6_cidr_block": "",
            "ipv6_cidr_block_network_border_group": "",
            "ipv6_ipam_pool_id": "",
            "ipv6_netmask_length": 0,
            "main_route_table_id": "rtb-09afa24706c434bf9",
            "owner_id": "526753475890",
            "tags": {
              "Name": "vpc_webapp_project"
            },
            "tags_all": {
              "Name": "vpc_webapp_project"
            }
          },
          "sensitive_attributes": [],
          "private": "eyJzY2hlbWFfdmVyc2lvbiI6IjEifQ==",
          "create_before_destroy": true
        }
      ]
    }
  ],
  "check_results": null
}
